
Microsoft Visual Studio Solution File, Format Version 12.00
# Visual Studio Version 17
VisualStudioVersion = 17.11.35303.130
MinimumVisualStudioVersion = 10.0.40219.1
Project("{FAE04EC0-301F-11D3-BF4B-00C04F79EFBC}") = "PiotrrKubas.Calculator", "PiotrrKubas.Calculator.csproj", "{0844D7F5-3B25-468B-9F6F-FC7C122E4D1A}"
EndProject
Global
	GlobalSection(SolutionConfigurationPlatforms) = preSolution
		Debug|Any CPU = Debug|Any CPU
		Release|Any CPU = Release|Any CPU
	EndGlobalSection
	GlobalSection(ProjectConfigurationPlatforms) = postSolution
		{0844D7F5-3B25-468B-9F6F-FC7C122E4D1A}.Debug|Any CPU.ActiveCfg = Debug|Any CPU
		{0844D7F5-3B25-468B-9F6F-FC7C122E4D1A}.Debug|Any CPU.Build.0 = Debug|Any CPU
		{0844D7F5-3B25-468B-9F6F-FC7C122E4D1A}.Release|Any CPU.ActiveCfg = Release|Any CPU
		{0844D7F5-3B25-468B-9F6F-FC7C122E4D1A}.Release|Any CPU.Build.0 = Release|Any CPU
	EndGlobalSection
	GlobalSection(SolutionProperties) = preSolution
		HideSolutionNode = FALSE
	EndGlobalSection
	GlobalSection(ExtensibilityGlobals) = postSolution
		SolutionGuid = {4B1BE204-4C84-448A-A89D-AF82E5AD68F5}
	EndGlobalSection
EndGlobal
