
Microsoft Visual Studio Solution File, Format Version 12.00
# Visual Studio Version 17
VisualStudioVersion = 17.11.35303.130
MinimumVisualStudioVersion = 10.0.40219.1
Project("{9A19103F-16F7-4668-BE54-9A1E7A4F7556}") = "PiotrrKubas.CalculatorProgram", "PiotrrKubas.CalculatorProgram.csproj", "{0844D7F5-3B25-468B-9F6F-FC7C122E4D1A}"
EndProject
Project("{FAE04EC0-301F-11D3-BF4B-00C04F79EFBC}") = "CalculatorLibrary", "..\CalculatorLibrary\CalculatorLibrary.csproj", "{E4A65CE0-D445-49BE-B4D4-4970C4A16CA5}"
EndProject
Global
	GlobalSection(SolutionConfigurationPlatforms) = preSolution
		Debug|Any CPU = Debug|Any CPU
		Release|Any CPU = Release|Any CPU
	EndGlobalSection
	GlobalSection(ProjectConfigurationPlatforms) = postSolution
		{0844D7F5-3B25-468B-9F6F-FC7C122E4D1A}.Debug|Any CPU.ActiveCfg = Debug|Any CPU
		{0844D7F5-3B25-468B-9F6F-FC7C122E4D1A}.Debug|Any CPU.Build.0 = Debug|Any CPU
		{0844D7F5-3B25-468B-9F6F-FC7C122E4D1A}.Release|Any CPU.ActiveCfg = Release|Any CPU
		{0844D7F5-3B25-468B-9F6F-FC7C122E4D1A}.Release|Any CPU.Build.0 = Release|Any CPU
		{E4A65CE0-D445-49BE-B4D4-4970C4A16CA5}.Debug|Any CPU.ActiveCfg = Debug|Any CPU
		{E4A65CE0-D445-49BE-B4D4-4970C4A16CA5}.Debug|Any CPU.Build.0 = Debug|Any CPU
		{E4A65CE0-D445-49BE-B4D4-4970C4A16CA5}.Release|Any CPU.ActiveCfg = Release|Any CPU
		{E4A65CE0-D445-49BE-B4D4-4970C4A16CA5}.Release|Any CPU.Build.0 = Release|Any CPU
	EndGlobalSection
	GlobalSection(SolutionProperties) = preSolution
		HideSolutionNode = FALSE
	EndGlobalSection
	GlobalSection(ExtensibilityGlobals) = postSolution
		SolutionGuid = {4B1BE204-4C84-448A-A89D-AF82E5AD68F5}
	EndGlobalSection
EndGlobal
