
Microsoft Visual Studio Solution File, Format Version 12.00
Project("{FAE04EC0-301F-11D3-BF4B-00C04F79EFBC}") = "Calculator", "Calculator\Calculator.csproj", "{73009572-50A1-4C0B-AE3F-8B09466688FF}"
EndProject
Project("{FAE04EC0-301F-11D3-BF4B-00C04F79EFBC}") = "CalculatorLibrary", "CalculatorLibrary\CalculatorLibrary.csproj", "{9F2646DC-A2C7-43C2-80EC-780E825D9589}"
EndProject
Global
	GlobalSection(SolutionConfigurationPlatforms) = preSolution
		Debug|Any CPU = Debug|Any CPU
		Release|Any CPU = Release|Any CPU
	EndGlobalSection
	GlobalSection(ProjectConfigurationPlatforms) = postSolution
		{73009572-50A1-4C0B-AE3F-8B09466688FF}.Debug|Any CPU.ActiveCfg = Debug|Any CPU
		{73009572-50A1-4C0B-AE3F-8B09466688FF}.Debug|Any CPU.Build.0 = Debug|Any CPU
		{73009572-50A1-4C0B-AE3F-8B09466688FF}.Release|Any CPU.ActiveCfg = Release|Any CPU
		{73009572-50A1-4C0B-AE3F-8B09466688FF}.Release|Any CPU.Build.0 = Release|Any CPU
		{9F2646DC-A2C7-43C2-80EC-780E825D9589}.Debug|Any CPU.ActiveCfg = Debug|Any CPU
		{9F2646DC-A2C7-43C2-80EC-780E825D9589}.Debug|Any CPU.Build.0 = Debug|Any CPU
		{9F2646DC-A2C7-43C2-80EC-780E825D9589}.Release|Any CPU.ActiveCfg = Release|Any CPU
		{9F2646DC-A2C7-43C2-80EC-780E825D9589}.Release|Any CPU.Build.0 = Release|Any CPU
	EndGlobalSection
EndGlobal
