
Microsoft Visual Studio Solution File, Format Version 12.00
# Visual Studio Version 17
VisualStudioVersion = 17.8.34511.84
MinimumVisualStudioVersion = 10.0.40219.1
Project("{9A19103F-16F7-4668-BE54-9A1E7A4F7556}") = "Calculator", "Calculator\Calculator.csproj", "{5B7216EF-991D-4869-8619-DA30B7352CC1}"
EndProject
Project("{FAE04EC0-301F-11D3-BF4B-00C04F79EFBC}") = "CalculatorLibrary", "CalculatorLibrary\CalculatorLibrary.csproj", "{D0F9B906-E430-40E1-A301-6E30BE8CC539}"
EndProject
Global
	GlobalSection(SolutionConfigurationPlatforms) = preSolution
		Debug|Any CPU = Debug|Any CPU
		Release|Any CPU = Release|Any CPU
	EndGlobalSection
	GlobalSection(ProjectConfigurationPlatforms) = postSolution
		{5B7216EF-991D-4869-8619-DA30B7352CC1}.Debug|Any CPU.ActiveCfg = Debug|Any CPU
		{5B7216EF-991D-4869-8619-DA30B7352CC1}.Debug|Any CPU.Build.0 = Debug|Any CPU
		{5B7216EF-991D-4869-8619-DA30B7352CC1}.Release|Any CPU.ActiveCfg = Release|Any CPU
		{5B7216EF-991D-4869-8619-DA30B7352CC1}.Release|Any CPU.Build.0 = Release|Any CPU
		{D0F9B906-E430-40E1-A301-6E30BE8CC539}.Debug|Any CPU.ActiveCfg = Debug|Any CPU
		{D0F9B906-E430-40E1-A301-6E30BE8CC539}.Debug|Any CPU.Build.0 = Debug|Any CPU
		{D0F9B906-E430-40E1-A301-6E30BE8CC539}.Release|Any CPU.ActiveCfg = Release|Any CPU
		{D0F9B906-E430-40E1-A301-6E30BE8CC539}.Release|Any CPU.Build.0 = Release|Any CPU
	EndGlobalSection
	GlobalSection(SolutionProperties) = preSolution
		HideSolutionNode = FALSE
	EndGlobalSection
	GlobalSection(ExtensibilityGlobals) = postSolution
		SolutionGuid = {EEA1063F-1BD0-42E4-9C79-23306B73F049}
	EndGlobalSection
EndGlobal
