
Microsoft Visual Studio Solution File, Format Version 12.00
# Visual Studio Version 17
VisualStudioVersion = 17.10.35004.147
MinimumVisualStudioVersion = 10.0.40219.1
Project("{FAE04EC0-301F-11D3-BF4B-00C04F79EFBC}") = "Calculator", "Calculator.csproj", "{7395A3C9-0101-4B79-BD6B-119BBE922918}"
EndProject
Project("{FAE04EC0-301F-11D3-BF4B-00C04F79EFBC}") = "CalculatorLibrary", "..\CalculatorLibrary\CalculatorLibrary.csproj", "{88AF4D20-6DF2-429B-BB35-4A4D6ED84484}"
EndProject
Global
	GlobalSection(SolutionConfigurationPlatforms) = preSolution
		Debug|Any CPU = Debug|Any CPU
		Release|Any CPU = Release|Any CPU
	EndGlobalSection
	GlobalSection(ProjectConfigurationPlatforms) = postSolution
		{7395A3C9-0101-4B79-BD6B-119BBE922918}.Debug|Any CPU.ActiveCfg = Debug|Any CPU
		{7395A3C9-0101-4B79-BD6B-119BBE922918}.Debug|Any CPU.Build.0 = Debug|Any CPU
		{7395A3C9-0101-4B79-BD6B-119BBE922918}.Release|Any CPU.ActiveCfg = Release|Any CPU
		{7395A3C9-0101-4B79-BD6B-119BBE922918}.Release|Any CPU.Build.0 = Release|Any CPU
		{88AF4D20-6DF2-429B-BB35-4A4D6ED84484}.Debug|Any CPU.ActiveCfg = Debug|Any CPU
		{88AF4D20-6DF2-429B-BB35-4A4D6ED84484}.Debug|Any CPU.Build.0 = Debug|Any CPU
		{88AF4D20-6DF2-429B-BB35-4A4D6ED84484}.Release|Any CPU.ActiveCfg = Release|Any CPU
		{88AF4D20-6DF2-429B-BB35-4A4D6ED84484}.Release|Any CPU.Build.0 = Release|Any CPU
	EndGlobalSection
	GlobalSection(SolutionProperties) = preSolution
		HideSolutionNode = FALSE
	EndGlobalSection
	GlobalSection(ExtensibilityGlobals) = postSolution
		SolutionGuid = {E405EF1F-83CA-40AA-B728-B99B70F168CC}
	EndGlobalSection
EndGlobal
