
Microsoft Visual Studio Solution File, Format Version 12.00
Project("{FAE04EC0-301F-11D3-BF4B-00C04F79EFBC}") = "CSharpAcademy_Calculator", "CSharpAcademy_Calculator\CSharpAcademy_Calculator.csproj", "{B3B65527-C839-4080-A0BC-D9AD8A3A51F8}"
EndProject
Project("{FAE04EC0-301F-11D3-BF4B-00C04F79EFBC}") = "Calculator Library", "Calculator Library\Calculator Library.csproj", "{C02B6476-F612-46D9-B70F-14A096F7A602}"
EndProject
Global
	GlobalSection(SolutionConfigurationPlatforms) = preSolution
		Debug|Any CPU = Debug|Any CPU
		Release|Any CPU = Release|Any CPU
	EndGlobalSection
	GlobalSection(ProjectConfigurationPlatforms) = postSolution
		{B3B65527-C839-4080-A0BC-D9AD8A3A51F8}.Debug|Any CPU.ActiveCfg = Debug|Any CPU
		{B3B65527-C839-4080-A0BC-D9AD8A3A51F8}.Debug|Any CPU.Build.0 = Debug|Any CPU
		{B3B65527-C839-4080-A0BC-D9AD8A3A51F8}.Release|Any CPU.ActiveCfg = Release|Any CPU
		{B3B65527-C839-4080-A0BC-D9AD8A3A51F8}.Release|Any CPU.Build.0 = Release|Any CPU
		{C02B6476-F612-46D9-B70F-14A096F7A602}.Debug|Any CPU.ActiveCfg = Debug|Any CPU
		{C02B6476-F612-46D9-B70F-14A096F7A602}.Debug|Any CPU.Build.0 = Debug|Any CPU
		{C02B6476-F612-46D9-B70F-14A096F7A602}.Release|Any CPU.ActiveCfg = Release|Any CPU
		{C02B6476-F612-46D9-B70F-14A096F7A602}.Release|Any CPU.Build.0 = Release|Any CPU
	EndGlobalSection
EndGlobal
