
Microsoft Visual Studio Solution File, Format Version 12.00
# Visual Studio Version 17
VisualStudioVersion = 17.11.35208.52
MinimumVisualStudioVersion = 10.0.40219.1
Project("{9A19103F-16F7-4668-BE54-9A1E7A4F7556}") = "Calculator.YukiUchima", "Calculator.YukiUchima\Calculator.YukiUchima.csproj", "{351B111B-35E9-4A0D-A77D-F791A1047A30}"
EndProject
Project("{FAE04EC0-301F-11D3-BF4B-00C04F79EFBC}") = "CalculatorLibrary", "CalculatorLibrary\CalculatorLibrary.csproj", "{E8A5D4DC-A103-49E6-BDFF-93867233996A}"
EndProject
Global
	GlobalSection(SolutionConfigurationPlatforms) = preSolution
		Debug|Any CPU = Debug|Any CPU
		Release|Any CPU = Release|Any CPU
	EndGlobalSection
	GlobalSection(ProjectConfigurationPlatforms) = postSolution
		{351B111B-35E9-4A0D-A77D-F791A1047A30}.Debug|Any CPU.ActiveCfg = Debug|Any CPU
		{351B111B-35E9-4A0D-A77D-F791A1047A30}.Debug|Any CPU.Build.0 = Debug|Any CPU
		{351B111B-35E9-4A0D-A77D-F791A1047A30}.Release|Any CPU.ActiveCfg = Release|Any CPU
		{351B111B-35E9-4A0D-A77D-F791A1047A30}.Release|Any CPU.Build.0 = Release|Any CPU
		{E8A5D4DC-A103-49E6-BDFF-93867233996A}.Debug|Any CPU.ActiveCfg = Debug|Any CPU
		{E8A5D4DC-A103-49E6-BDFF-93867233996A}.Debug|Any CPU.Build.0 = Debug|Any CPU
		{E8A5D4DC-A103-49E6-BDFF-93867233996A}.Release|Any CPU.ActiveCfg = Release|Any CPU
		{E8A5D4DC-A103-49E6-BDFF-93867233996A}.Release|Any CPU.Build.0 = Release|Any CPU
	EndGlobalSection
	GlobalSection(SolutionProperties) = preSolution
		HideSolutionNode = FALSE
	EndGlobalSection
	GlobalSection(ExtensibilityGlobals) = postSolution
		SolutionGuid = {DD48D0F4-AFED-412E-9E73-B1A72298D386}
	EndGlobalSection
EndGlobal
