
Microsoft Visual Studio Solution File, Format Version 12.00
# Visual Studio Version 17
VisualStudioVersion = 17.10.35013.160
MinimumVisualStudioVersion = 10.0.40219.1
Project("{9A19103F-16F7-4668-BE54-9A1E7A4F7556}") = "Calculator", "Calculator\Calculator.csproj", "{C84878E1-48D7-4C7D-A783-6DE801DE3034}"
EndProject
Project("{FAE04EC0-301F-11D3-BF4B-00C04F79EFBC}") = "CalculatorLibrary", "CalculatorLibrary\CalculatorLibrary.csproj", "{391B8339-3C58-4424-A1ED-FD86861215B4}"
EndProject
Global
	GlobalSection(SolutionConfigurationPlatforms) = preSolution
		Debug|Any CPU = Debug|Any CPU
		Release|Any CPU = Release|Any CPU
	EndGlobalSection
	GlobalSection(ProjectConfigurationPlatforms) = postSolution
		{C84878E1-48D7-4C7D-A783-6DE801DE3034}.Debug|Any CPU.ActiveCfg = Debug|Any CPU
		{C84878E1-48D7-4C7D-A783-6DE801DE3034}.Debug|Any CPU.Build.0 = Debug|Any CPU
		{C84878E1-48D7-4C7D-A783-6DE801DE3034}.Release|Any CPU.ActiveCfg = Release|Any CPU
		{C84878E1-48D7-4C7D-A783-6DE801DE3034}.Release|Any CPU.Build.0 = Release|Any CPU
		{391B8339-3C58-4424-A1ED-FD86861215B4}.Debug|Any CPU.ActiveCfg = Debug|Any CPU
		{391B8339-3C58-4424-A1ED-FD86861215B4}.Debug|Any CPU.Build.0 = Debug|Any CPU
		{391B8339-3C58-4424-A1ED-FD86861215B4}.Release|Any CPU.ActiveCfg = Release|Any CPU
		{391B8339-3C58-4424-A1ED-FD86861215B4}.Release|Any CPU.Build.0 = Release|Any CPU
	EndGlobalSection
	GlobalSection(SolutionProperties) = preSolution
		HideSolutionNode = FALSE
	EndGlobalSection
	GlobalSection(ExtensibilityGlobals) = postSolution
		SolutionGuid = {F124AF4A-E08D-4BE3-A153-DB93D07E12D2}
	EndGlobalSection
EndGlobal
