
Microsoft Visual Studio Solution File, Format Version 12.00
# Visual Studio Version 17
VisualStudioVersion = 17.11.35222.181
MinimumVisualStudioVersion = 10.0.40219.1
Project("{9A19103F-16F7-4668-BE54-9A1E7A4F7556}") = "Calculator", "Calculator.csproj", "{109262B1-B501-42F6-9F60-49F4FFC3DAA5}"
EndProject
Project("{FAE04EC0-301F-11D3-BF4B-00C04F79EFBC}") = "CalculatorLibrary", "..\CalculatorLibrary\CalculatorLibrary.csproj", "{298875EC-4731-4587-BDE7-67B43B510941}"
EndProject
Global
	GlobalSection(SolutionConfigurationPlatforms) = preSolution
		Debug|Any CPU = Debug|Any CPU
		Release|Any CPU = Release|Any CPU
	EndGlobalSection
	GlobalSection(ProjectConfigurationPlatforms) = postSolution
		{109262B1-B501-42F6-9F60-49F4FFC3DAA5}.Debug|Any CPU.ActiveCfg = Debug|Any CPU
		{109262B1-B501-42F6-9F60-49F4FFC3DAA5}.Debug|Any CPU.Build.0 = Debug|Any CPU
		{109262B1-B501-42F6-9F60-49F4FFC3DAA5}.Release|Any CPU.ActiveCfg = Release|Any CPU
		{109262B1-B501-42F6-9F60-49F4FFC3DAA5}.Release|Any CPU.Build.0 = Release|Any CPU
		{298875EC-4731-4587-BDE7-67B43B510941}.Debug|Any CPU.ActiveCfg = Debug|Any CPU
		{298875EC-4731-4587-BDE7-67B43B510941}.Debug|Any CPU.Build.0 = Debug|Any CPU
		{298875EC-4731-4587-BDE7-67B43B510941}.Release|Any CPU.ActiveCfg = Release|Any CPU
		{298875EC-4731-4587-BDE7-67B43B510941}.Release|Any CPU.Build.0 = Release|Any CPU
	EndGlobalSection
	GlobalSection(SolutionProperties) = preSolution
		HideSolutionNode = FALSE
	EndGlobalSection
	GlobalSection(ExtensibilityGlobals) = postSolution
		SolutionGuid = {B951862A-9772-406A-80BF-38AFA4CEA7EF}
	EndGlobalSection
EndGlobal
