
Microsoft Visual Studio Solution File, Format Version 12.00
# Visual Studio Version 17
VisualStudioVersion = 17.11.35222.181
MinimumVisualStudioVersion = 10.0.40219.1
Project("{FAE04EC0-301F-11D3-BF4B-00C04F79EFBC}") = "calculator.jakubmikolajewski", "calculator.jakubmikolajewski\calculator.jakubmikolajewski.csproj", "{866C8212-4F81-4747-AED5-A8D7672DC160}"
EndProject
Project("{FAE04EC0-301F-11D3-BF4B-00C04F79EFBC}") = "calculatorlibrary.jakubmikolajewski", "calculatorlibrary.jakubmikolajewski\calculatorlibrary.jakubmikolajewski.csproj", "{701E4FAB-37EA-474D-B981-6C04BD8CB8B5}"
EndProject
Global
	GlobalSection(SolutionConfigurationPlatforms) = preSolution
		Debug|Any CPU = Debug|Any CPU
		Release|Any CPU = Release|Any CPU
	EndGlobalSection
	GlobalSection(ProjectConfigurationPlatforms) = postSolution
		{866C8212-4F81-4747-AED5-A8D7672DC160}.Debug|Any CPU.ActiveCfg = Debug|Any CPU
		{866C8212-4F81-4747-AED5-A8D7672DC160}.Debug|Any CPU.Build.0 = Debug|Any CPU
		{866C8212-4F81-4747-AED5-A8D7672DC160}.Release|Any CPU.ActiveCfg = Release|Any CPU
		{866C8212-4F81-4747-AED5-A8D7672DC160}.Release|Any CPU.Build.0 = Release|Any CPU
		{701E4FAB-37EA-474D-B981-6C04BD8CB8B5}.Debug|Any CPU.ActiveCfg = Debug|Any CPU
		{701E4FAB-37EA-474D-B981-6C04BD8CB8B5}.Debug|Any CPU.Build.0 = Debug|Any CPU
		{701E4FAB-37EA-474D-B981-6C04BD8CB8B5}.Release|Any CPU.ActiveCfg = Release|Any CPU
		{701E4FAB-37EA-474D-B981-6C04BD8CB8B5}.Release|Any CPU.Build.0 = Release|Any CPU
	EndGlobalSection
	GlobalSection(SolutionProperties) = preSolution
		HideSolutionNode = FALSE
	EndGlobalSection
	GlobalSection(ExtensibilityGlobals) = postSolution
		SolutionGuid = {9CB5A256-260E-4BF5-B5CD-13A152799C75}
	EndGlobalSection
EndGlobal
