
Microsoft Visual Studio Solution File, Format Version 12.00
# Visual Studio Version 17
VisualStudioVersion = 17.9.34723.18
MinimumVisualStudioVersion = 10.0.40219.1
Project("{FAE04EC0-301F-11D3-BF4B-00C04F79EFBC}") = "CalculatorProgram", "Calculator\CalculatorProgram.csproj", "{8D193C32-44BD-4FA8-ADBD-450D907B17BA}"
EndProject
Project("{FAE04EC0-301F-11D3-BF4B-00C04F79EFBC}") = "CalculatorLibrary", "CalculatorLibrary\CalculatorLibrary.csproj", "{D6691464-35D4-4E64-B75E-F4BF879295CD}"
EndProject
Global
	GlobalSection(SolutionConfigurationPlatforms) = preSolution
		Debug|Any CPU = Debug|Any CPU
		Release|Any CPU = Release|Any CPU
	EndGlobalSection
	GlobalSection(ProjectConfigurationPlatforms) = postSolution
		{8D193C32-44BD-4FA8-ADBD-450D907B17BA}.Debug|Any CPU.ActiveCfg = Debug|Any CPU
		{8D193C32-44BD-4FA8-ADBD-450D907B17BA}.Debug|Any CPU.Build.0 = Debug|Any CPU
		{8D193C32-44BD-4FA8-ADBD-450D907B17BA}.Release|Any CPU.ActiveCfg = Release|Any CPU
		{8D193C32-44BD-4FA8-ADBD-450D907B17BA}.Release|Any CPU.Build.0 = Release|Any CPU
		{D6691464-35D4-4E64-B75E-F4BF879295CD}.Debug|Any CPU.ActiveCfg = Debug|Any CPU
		{D6691464-35D4-4E64-B75E-F4BF879295CD}.Debug|Any CPU.Build.0 = Debug|Any CPU
		{D6691464-35D4-4E64-B75E-F4BF879295CD}.Release|Any CPU.ActiveCfg = Release|Any CPU
		{D6691464-35D4-4E64-B75E-F4BF879295CD}.Release|Any CPU.Build.0 = Release|Any CPU
	EndGlobalSection
	GlobalSection(SolutionProperties) = preSolution
		HideSolutionNode = FALSE
	EndGlobalSection
	GlobalSection(ExtensibilityGlobals) = postSolution
		SolutionGuid = {E0098968-F8DC-41B8-9C11-50354F68E91E}
	EndGlobalSection
EndGlobal
