
Microsoft Visual Studio Solution File, Format Version 12.00
# Visual Studio Version 16
VisualStudioVersion = 25.0.1706.3
MinimumVisualStudioVersion = 10.0.40219.1
Project("{FAE04EC0-301F-11D3-BF4B-00C04F79EFBC}") = "Calculator.James-Makela", "Calculator.James-Makela.csproj", "{5E8E2DD6-CCCC-4BE9-A739-1369346858E8}"
EndProject
Project("{FAE04EC0-301F-11D3-BF4B-00C04F79EFBC}") = "CalculatorLibrary", "..\CalculatorLibrary\CalculatorLibrary.csproj", "{FD67591E-19C8-4232-BB97-48B784F66149}"
EndProject
Global
	GlobalSection(SolutionConfigurationPlatforms) = preSolution
		Debug|Any CPU = Debug|Any CPU
		Release|Any CPU = Release|Any CPU
	EndGlobalSection
	GlobalSection(ProjectConfigurationPlatforms) = postSolution
		{5E8E2DD6-CCCC-4BE9-A739-1369346858E8}.Debug|Any CPU.ActiveCfg = Debug|Any CPU
		{5E8E2DD6-CCCC-4BE9-A739-1369346858E8}.Debug|Any CPU.Build.0 = Debug|Any CPU
		{5E8E2DD6-CCCC-4BE9-A739-1369346858E8}.Release|Any CPU.ActiveCfg = Release|Any CPU
		{5E8E2DD6-CCCC-4BE9-A739-1369346858E8}.Release|Any CPU.Build.0 = Release|Any CPU
		{FD67591E-19C8-4232-BB97-48B784F66149}.Debug|Any CPU.ActiveCfg = Debug|Any CPU
		{FD67591E-19C8-4232-BB97-48B784F66149}.Debug|Any CPU.Build.0 = Debug|Any CPU
		{FD67591E-19C8-4232-BB97-48B784F66149}.Release|Any CPU.ActiveCfg = Release|Any CPU
		{FD67591E-19C8-4232-BB97-48B784F66149}.Release|Any CPU.Build.0 = Release|Any CPU
	EndGlobalSection
	GlobalSection(SolutionProperties) = preSolution
		HideSolutionNode = FALSE
	EndGlobalSection
	GlobalSection(ExtensibilityGlobals) = postSolution
		SolutionGuid = {31D202A0-D931-4D9E-A718-FC17B953A506}
	EndGlobalSection
EndGlobal
