
Microsoft Visual Studio Solution File, Format Version 12.00
Project("{FAE04EC0-301F-11D3-BF4B-00C04F79EFBC}") = "Calculator.mekasu0124", "Calculator.mekasu0124\Calculator.mekasu0124.csproj", "{EC30DCD3-AD89-4B1E-9125-9F3EDB79ABE7}"
EndProject
Project("{FAE04EC0-301F-11D3-BF4B-00C04F79EFBC}") = "ClassLibrary", "ClassLibrary\ClassLibrary.csproj", "{E7C2BBA2-B81B-4A15-BDA6-A00ED02F73F1}"
EndProject
Global
	GlobalSection(SolutionConfigurationPlatforms) = preSolution
		Debug|Any CPU = Debug|Any CPU
		Release|Any CPU = Release|Any CPU
	EndGlobalSection
	GlobalSection(ProjectConfigurationPlatforms) = postSolution
		{EC30DCD3-AD89-4B1E-9125-9F3EDB79ABE7}.Debug|Any CPU.ActiveCfg = Debug|Any CPU
		{EC30DCD3-AD89-4B1E-9125-9F3EDB79ABE7}.Debug|Any CPU.Build.0 = Debug|Any CPU
		{EC30DCD3-AD89-4B1E-9125-9F3EDB79ABE7}.Release|Any CPU.ActiveCfg = Release|Any CPU
		{EC30DCD3-AD89-4B1E-9125-9F3EDB79ABE7}.Release|Any CPU.Build.0 = Release|Any CPU
		{E7C2BBA2-B81B-4A15-BDA6-A00ED02F73F1}.Debug|Any CPU.ActiveCfg = Debug|Any CPU
		{E7C2BBA2-B81B-4A15-BDA6-A00ED02F73F1}.Debug|Any CPU.Build.0 = Debug|Any CPU
		{E7C2BBA2-B81B-4A15-BDA6-A00ED02F73F1}.Release|Any CPU.ActiveCfg = Release|Any CPU
		{E7C2BBA2-B81B-4A15-BDA6-A00ED02F73F1}.Release|Any CPU.Build.0 = Release|Any CPU
	EndGlobalSection
EndGlobal
