
Microsoft Visual Studio Solution File, Format Version 12.00
# Visual Studio Version 17
VisualStudioVersion = 17.13.35818.85
MinimumVisualStudioVersion = 10.0.40219.1
Project("{FAE04EC0-301F-11D3-BF4B-00C04F79EFBC}") = "C# AcademyCalculator", "C# AcademyCalculator\C# AcademyCalculator.csproj", "{45A5B572-4048-44E7-A56E-C0938D4F5709}"
EndProject
Project("{FAE04EC0-301F-11D3-BF4B-00C04F79EFBC}") = "CalculatorLibrary", "CalculatorLibrary\CalculatorLibrary.csproj", "{0B569896-6289-4EA5-9406-29E7A77A7BE9}"
EndProject
Global
	GlobalSection(SolutionConfigurationPlatforms) = preSolution
		Debug|Any CPU = Debug|Any CPU
		Release|Any CPU = Release|Any CPU
	EndGlobalSection
	GlobalSection(ProjectConfigurationPlatforms) = postSolution
		{45A5B572-4048-44E7-A56E-C0938D4F5709}.Debug|Any CPU.ActiveCfg = Debug|Any CPU
		{45A5B572-4048-44E7-A56E-C0938D4F5709}.Debug|Any CPU.Build.0 = Debug|Any CPU
		{45A5B572-4048-44E7-A56E-C0938D4F5709}.Release|Any CPU.ActiveCfg = Release|Any CPU
		{45A5B572-4048-44E7-A56E-C0938D4F5709}.Release|Any CPU.Build.0 = Release|Any CPU
		{0B569896-6289-4EA5-9406-29E7A77A7BE9}.Debug|Any CPU.ActiveCfg = Debug|Any CPU
		{0B569896-6289-4EA5-9406-29E7A77A7BE9}.Debug|Any CPU.Build.0 = Debug|Any CPU
		{0B569896-6289-4EA5-9406-29E7A77A7BE9}.Release|Any CPU.ActiveCfg = Release|Any CPU
		{0B569896-6289-4EA5-9406-29E7A77A7BE9}.Release|Any CPU.Build.0 = Release|Any CPU
	EndGlobalSection
	GlobalSection(SolutionProperties) = preSolution
		HideSolutionNode = FALSE
	EndGlobalSection
	GlobalSection(ExtensibilityGlobals) = postSolution
		SolutionGuid = {FBC20C43-7C5A-466F-A36A-518FCBFB2AFA}
	EndGlobalSection
EndGlobal
