
Microsoft Visual Studio Solution File, Format Version 12.00
# Visual Studio Version 17
VisualStudioVersion = 17.8.34330.188
MinimumVisualStudioVersion = 10.0.40219.1
Project("{9A19103F-16F7-4668-BE54-9A1E7A4F7556}") = "Calculator.StevenClausson", "Calculator.StevenClausson\Calculator.StevenClausson.csproj", "{7D983863-7A7A-465F-A3DA-746CE1B83781}"
EndProject
Project("{FAE04EC0-301F-11D3-BF4B-00C04F79EFBC}") = "CalculatorLibrary", "CalculatorLibrary\CalculatorLibrary.csproj", "{0196C9FA-FE3C-40A9-B2FB-E2A28A53E460}"
EndProject
Global
	GlobalSection(SolutionConfigurationPlatforms) = preSolution
		Debug|Any CPU = Debug|Any CPU
		Release|Any CPU = Release|Any CPU
	EndGlobalSection
	GlobalSection(ProjectConfigurationPlatforms) = postSolution
		{7D983863-7A7A-465F-A3DA-746CE1B83781}.Debug|Any CPU.ActiveCfg = Debug|Any CPU
		{7D983863-7A7A-465F-A3DA-746CE1B83781}.Debug|Any CPU.Build.0 = Debug|Any CPU
		{7D983863-7A7A-465F-A3DA-746CE1B83781}.Release|Any CPU.ActiveCfg = Release|Any CPU
		{7D983863-7A7A-465F-A3DA-746CE1B83781}.Release|Any CPU.Build.0 = Release|Any CPU
		{0196C9FA-FE3C-40A9-B2FB-E2A28A53E460}.Debug|Any CPU.ActiveCfg = Debug|Any CPU
		{0196C9FA-FE3C-40A9-B2FB-E2A28A53E460}.Debug|Any CPU.Build.0 = Debug|Any CPU
		{0196C9FA-FE3C-40A9-B2FB-E2A28A53E460}.Release|Any CPU.ActiveCfg = Release|Any CPU
		{0196C9FA-FE3C-40A9-B2FB-E2A28A53E460}.Release|Any CPU.Build.0 = Release|Any CPU
	EndGlobalSection
	GlobalSection(SolutionProperties) = preSolution
		HideSolutionNode = FALSE
	EndGlobalSection
	GlobalSection(ExtensibilityGlobals) = postSolution
		SolutionGuid = {B3A64167-60A6-4560-9C45-69245C743675}
	EndGlobalSection
EndGlobal
