
Microsoft Visual Studio Solution File, Format Version 12.00
# Visual Studio Version 17
VisualStudioVersion = 17.13.35806.99 d17.13
MinimumVisualStudioVersion = 10.0.40219.1
Project("{FAE04EC0-301F-11D3-BF4B-00C04F79EFBC}") = "Calculator.S1m0n32002", "Calculator.S1m0n32002\Calculator.S1m0n32002.csproj", "{F953C708-742C-4103-CAC4-468DA28FA25F}"
EndProject
Project("{FAE04EC0-301F-11D3-BF4B-00C04F79EFBC}") = "CalculatorLibrary", "CalculatorLibrary\CalculatorLibrary.csproj", "{4B5F8B4C-8107-488E-AD38-B771DA5FA37C}"
EndProject
Global
	GlobalSection(SolutionConfigurationPlatforms) = preSolution
		Debug|Any CPU = Debug|Any CPU
		Release|Any CPU = Release|Any CPU
	EndGlobalSection
	GlobalSection(ProjectConfigurationPlatforms) = postSolution
		{F953C708-742C-4103-CAC4-468DA28FA25F}.Debug|Any CPU.ActiveCfg = Debug|Any CPU
		{F953C708-742C-4103-CAC4-468DA28FA25F}.Debug|Any CPU.Build.0 = Debug|Any CPU
		{F953C708-742C-4103-CAC4-468DA28FA25F}.Release|Any CPU.ActiveCfg = Release|Any CPU
		{F953C708-742C-4103-CAC4-468DA28FA25F}.Release|Any CPU.Build.0 = Release|Any CPU
		{4B5F8B4C-8107-488E-AD38-B771DA5FA37C}.Debug|Any CPU.ActiveCfg = Debug|Any CPU
		{4B5F8B4C-8107-488E-AD38-B771DA5FA37C}.Debug|Any CPU.Build.0 = Debug|Any CPU
		{4B5F8B4C-8107-488E-AD38-B771DA5FA37C}.Release|Any CPU.ActiveCfg = Release|Any CPU
		{4B5F8B4C-8107-488E-AD38-B771DA5FA37C}.Release|Any CPU.Build.0 = Release|Any CPU
	EndGlobalSection
	GlobalSection(SolutionProperties) = preSolution
		HideSolutionNode = FALSE
	EndGlobalSection
	GlobalSection(ExtensibilityGlobals) = postSolution
		SolutionGuid = {66C1D5DD-3FC7-4810-84E0-283A5346A088}
	EndGlobalSection
EndGlobal
