
Microsoft Visual Studio Solution File, Format Version 12.00
# Visual Studio Version 17
VisualStudioVersion = 17.8.34309.116
MinimumVisualStudioVersion = 10.0.40219.1
Project("{9A19103F-16F7-4668-BE54-9A1E7A4F7556}") = "CalculatorProgram", "Calculator\CalculatorProgram.csproj", "{B17EB192-3141-4F8E-987B-27874487CC1D}"
EndProject
Project("{9A19103F-16F7-4668-BE54-9A1E7A4F7556}") = "CalculatorLibrary", "CalculatorLibrary\CalculatorLibrary.csproj", "{6162EF4A-BE3B-4269-86C7-780849FFE136}"
EndProject
Global
	GlobalSection(SolutionConfigurationPlatforms) = preSolution
		Debug|Any CPU = Debug|Any CPU
		Release|Any CPU = Release|Any CPU
	EndGlobalSection
	GlobalSection(ProjectConfigurationPlatforms) = postSolution
		{B17EB192-3141-4F8E-987B-27874487CC1D}.Debug|Any CPU.ActiveCfg = Debug|Any CPU
		{B17EB192-3141-4F8E-987B-27874487CC1D}.Debug|Any CPU.Build.0 = Debug|Any CPU
		{B17EB192-3141-4F8E-987B-27874487CC1D}.Release|Any CPU.ActiveCfg = Release|Any CPU
		{B17EB192-3141-4F8E-987B-27874487CC1D}.Release|Any CPU.Build.0 = Release|Any CPU
		{6162EF4A-BE3B-4269-86C7-780849FFE136}.Debug|Any CPU.ActiveCfg = Debug|Any CPU
		{6162EF4A-BE3B-4269-86C7-780849FFE136}.Debug|Any CPU.Build.0 = Debug|Any CPU
		{6162EF4A-BE3B-4269-86C7-780849FFE136}.Release|Any CPU.ActiveCfg = Release|Any CPU
		{6162EF4A-BE3B-4269-86C7-780849FFE136}.Release|Any CPU.Build.0 = Release|Any CPU
	EndGlobalSection
	GlobalSection(SolutionProperties) = preSolution
		HideSolutionNode = FALSE
	EndGlobalSection
	GlobalSection(ExtensibilityGlobals) = postSolution
		SolutionGuid = {899C802D-C14C-4330-8EE4-FAA1F5448D8F}
	EndGlobalSection
EndGlobal
