
Microsoft Visual Studio Solution File, Format Version 12.00
# Visual Studio Version 17
VisualStudioVersion = 17.5.002.0
MinimumVisualStudioVersion = 10.0.40219.1
Project("{9A19103F-16F7-4668-BE54-9A1E7A4F7556}") = "Calculator1", "Calculator1.csproj", "{219664CD-92E4-4AA2-9982-381122AD281F}"
EndProject
Global
	GlobalSection(SolutionConfigurationPlatforms) = preSolution
		Debug|Any CPU = Debug|Any CPU
		Release|Any CPU = Release|Any CPU
	EndGlobalSection
	GlobalSection(ProjectConfigurationPlatforms) = postSolution
		{219664CD-92E4-4AA2-9982-381122AD281F}.Debug|Any CPU.ActiveCfg = Debug|Any CPU
		{219664CD-92E4-4AA2-9982-381122AD281F}.Debug|Any CPU.Build.0 = Debug|Any CPU
		{219664CD-92E4-4AA2-9982-381122AD281F}.Release|Any CPU.ActiveCfg = Release|Any CPU
		{219664CD-92E4-4AA2-9982-381122AD281F}.Release|Any CPU.Build.0 = Release|Any CPU
	EndGlobalSection
	GlobalSection(SolutionProperties) = preSolution
		HideSolutionNode = FALSE
	EndGlobalSection
	GlobalSection(ExtensibilityGlobals) = postSolution
		SolutionGuid = {2C83AB02-FC1D-4E21-8C00-F45AB3BAF328}
	EndGlobalSection
EndGlobal
