
Microsoft Visual Studio Solution File, Format Version 12.00
# Visual Studio Version 17
VisualStudioVersion = 17.5.002.0
MinimumVisualStudioVersion = 10.0.40219.1
Project("{9A19103F-16F7-4668-BE54-9A1E7A4F7556}") = "Calculator", "Calculator\Calculator.csproj", "{5A0B004A-20A4-4218-B49F-F4FC86A44725}"
EndProject
Project("{FAE04EC0-301F-11D3-BF4B-00C04F79EFBC}") = "CalculatorLibrary", "CalculatorLibrary\CalculatorLibrary.csproj", "{B6CA64CF-A603-484A-85F4-B22C17C4606F}"
EndProject
Global
	GlobalSection(SolutionConfigurationPlatforms) = preSolution
		Debug|Any CPU = Debug|Any CPU
		Release|Any CPU = Release|Any CPU
	EndGlobalSection
	GlobalSection(ProjectConfigurationPlatforms) = postSolution
		{5A0B004A-20A4-4218-B49F-F4FC86A44725}.Debug|Any CPU.ActiveCfg = Debug|Any CPU
		{5A0B004A-20A4-4218-B49F-F4FC86A44725}.Debug|Any CPU.Build.0 = Debug|Any CPU
		{5A0B004A-20A4-4218-B49F-F4FC86A44725}.Release|Any CPU.ActiveCfg = Release|Any CPU
		{5A0B004A-20A4-4218-B49F-F4FC86A44725}.Release|Any CPU.Build.0 = Release|Any CPU
		{B6CA64CF-A603-484A-85F4-B22C17C4606F}.Debug|Any CPU.ActiveCfg = Debug|Any CPU
		{B6CA64CF-A603-484A-85F4-B22C17C4606F}.Debug|Any CPU.Build.0 = Debug|Any CPU
		{B6CA64CF-A603-484A-85F4-B22C17C4606F}.Release|Any CPU.ActiveCfg = Release|Any CPU
		{B6CA64CF-A603-484A-85F4-B22C17C4606F}.Release|Any CPU.Build.0 = Release|Any CPU
	EndGlobalSection
	GlobalSection(SolutionProperties) = preSolution
		HideSolutionNode = FALSE
	EndGlobalSection
	GlobalSection(ExtensibilityGlobals) = postSolution
		SolutionGuid = {C058CDC4-B97D-4080-8D50-3D767A380C6E}
	EndGlobalSection
EndGlobal
