
Microsoft Visual Studio Solution File, Format Version 12.00
# Visual Studio Version 17
VisualStudioVersion = 17.0.31903.59
MinimumVisualStudioVersion = 10.0.40219.1
Project("{FAE04EC0-301F-11D3-BF4B-00C04F79EFBC}") = "CodeReviews.Console.Calculator", "CodeReviews.Console.Calculator\CodeReviews.Console.Calculator.csproj", "{EED47161-88E5-4642-8AA9-5397DB755DDD}"
EndProject
Project("{FAE04EC0-301F-11D3-BF4B-00C04F79EFBC}") = "CodeReviews.Console.Calculator.Library", "CodeReviews.Console.Calculator.Library\CodeReviews.Console.Calculator.Library.csproj", "{BD593EE1-D95B-4832-977B-923E264AB6BC}"
EndProject
Global
	GlobalSection(SolutionConfigurationPlatforms) = preSolution
		Debug|Any CPU = Debug|Any CPU
		Release|Any CPU = Release|Any CPU
	EndGlobalSection
	GlobalSection(SolutionProperties) = preSolution
		HideSolutionNode = FALSE
	EndGlobalSection
	GlobalSection(ProjectConfigurationPlatforms) = postSolution
		{EED47161-88E5-4642-8AA9-5397DB755DDD}.Debug|Any CPU.ActiveCfg = Debug|Any CPU
		{EED47161-88E5-4642-8AA9-5397DB755DDD}.Debug|Any CPU.Build.0 = Debug|Any CPU
		{EED47161-88E5-4642-8AA9-5397DB755DDD}.Release|Any CPU.ActiveCfg = Release|Any CPU
		{EED47161-88E5-4642-8AA9-5397DB755DDD}.Release|Any CPU.Build.0 = Release|Any CPU
		{BD593EE1-D95B-4832-977B-923E264AB6BC}.Debug|Any CPU.ActiveCfg = Debug|Any CPU
		{BD593EE1-D95B-4832-977B-923E264AB6BC}.Debug|Any CPU.Build.0 = Debug|Any CPU
		{BD593EE1-D95B-4832-977B-923E264AB6BC}.Release|Any CPU.ActiveCfg = Release|Any CPU
		{BD593EE1-D95B-4832-977B-923E264AB6BC}.Release|Any CPU.Build.0 = Release|Any CPU
	EndGlobalSection
EndGlobal
