
Microsoft Visual Studio Solution File, Format Version 12.00
# Visual Studio Version 17
VisualStudioVersion = 17.13.35828.75
MinimumVisualStudioVersion = 10.0.40219.1
Project("{FAE04EC0-301F-11D3-BF4B-00C04F79EFBC}") = "CSharpAcademy.Calculator", "CSharpAcademy.Calculator.csproj", "{34EC6184-14BE-450A-B596-7A60EBA27744}"
EndProject
Project("{FAE04EC0-301F-11D3-BF4B-00C04F79EFBC}") = "CalculatorLibrary", "..\CalculatorLibrary\CalculatorLibrary.csproj", "{E3323CF0-63C0-45B8-A636-9B7AFE58172B}"
EndProject
Global
	GlobalSection(SolutionConfigurationPlatforms) = preSolution
		Debug|Any CPU = Debug|Any CPU
		Release|Any CPU = Release|Any CPU
	EndGlobalSection
	GlobalSection(ProjectConfigurationPlatforms) = postSolution
		{34EC6184-14BE-450A-B596-7A60EBA27744}.Debug|Any CPU.ActiveCfg = Debug|Any CPU
		{34EC6184-14BE-450A-B596-7A60EBA27744}.Debug|Any CPU.Build.0 = Debug|Any CPU
		{34EC6184-14BE-450A-B596-7A60EBA27744}.Release|Any CPU.ActiveCfg = Release|Any CPU
		{34EC6184-14BE-450A-B596-7A60EBA27744}.Release|Any CPU.Build.0 = Release|Any CPU
		{E3323CF0-63C0-45B8-A636-9B7AFE58172B}.Debug|Any CPU.ActiveCfg = Debug|Any CPU
		{E3323CF0-63C0-45B8-A636-9B7AFE58172B}.Debug|Any CPU.Build.0 = Debug|Any CPU
		{E3323CF0-63C0-45B8-A636-9B7AFE58172B}.Release|Any CPU.ActiveCfg = Release|Any CPU
		{E3323CF0-63C0-45B8-A636-9B7AFE58172B}.Release|Any CPU.Build.0 = Release|Any CPU
	EndGlobalSection
	GlobalSection(SolutionProperties) = preSolution
		HideSolutionNode = FALSE
	EndGlobalSection
	GlobalSection(ExtensibilityGlobals) = postSolution
		SolutionGuid = {CC7132C1-D8C2-4850-88E1-63B2A28E9D19}
	EndGlobalSection
EndGlobal
