
Microsoft Visual Studio Solution File, Format Version 12.00
# Visual Studio Version 17
VisualStudioVersion = 17.5.002.0
MinimumVisualStudioVersion = 10.0.40219.1
Project("{9A19103F-16F7-4668-BE54-9A1E7A4F7556}") = "CalculatorLibrary", "CalculatorLibrary\CalculatorLibrary.csproj", "{59C68295-69BB-4DCF-81A0-BF90646AC03E}"
EndProject
Project("{9A19103F-16F7-4668-BE54-9A1E7A4F7556}") = "Console.Calculator", "Console.Calculator\Console.Calculator.csproj", "{01879D87-ACCD-44F5-8DC4-47745490E845}"
EndProject
Global
	GlobalSection(SolutionConfigurationPlatforms) = preSolution
		Debug|Any CPU = Debug|Any CPU
		Release|Any CPU = Release|Any CPU
	EndGlobalSection
	GlobalSection(ProjectConfigurationPlatforms) = postSolution
		{59C68295-69BB-4DCF-81A0-BF90646AC03E}.Debug|Any CPU.ActiveCfg = Debug|Any CPU
		{59C68295-69BB-4DCF-81A0-BF90646AC03E}.Debug|Any CPU.Build.0 = Debug|Any CPU
		{59C68295-69BB-4DCF-81A0-BF90646AC03E}.Release|Any CPU.ActiveCfg = Release|Any CPU
		{59C68295-69BB-4DCF-81A0-BF90646AC03E}.Release|Any CPU.Build.0 = Release|Any CPU
		{01879D87-ACCD-44F5-8DC4-47745490E845}.Debug|Any CPU.ActiveCfg = Debug|Any CPU
		{01879D87-ACCD-44F5-8DC4-47745490E845}.Debug|Any CPU.Build.0 = Debug|Any CPU
		{01879D87-ACCD-44F5-8DC4-47745490E845}.Release|Any CPU.ActiveCfg = Release|Any CPU
		{01879D87-ACCD-44F5-8DC4-47745490E845}.Release|Any CPU.Build.0 = Release|Any CPU
	EndGlobalSection
	GlobalSection(SolutionProperties) = preSolution
		HideSolutionNode = FALSE
	EndGlobalSection
	GlobalSection(ExtensibilityGlobals) = postSolution
		SolutionGuid = {54207D6C-475A-475C-9666-066382EDDB9D}
	EndGlobalSection
EndGlobal
