
Microsoft Visual Studio Solution File, Format Version 12.00
# Visual Studio Version 17
VisualStudioVersion = 17.5.002.0
MinimumVisualStudioVersion = 10.0.40219.1
Project("{9A19103F-16F7-4668-BE54-9A1E7A4F7556}") = "Calculator.N-Endy", "Calculator.N-Endy.csproj", "{005770FB-8BA5-493B-AC7C-E908ED30D864}"
EndProject
Project("{FAE04EC0-301F-11D3-BF4B-00C04F79EFBC}") = "CalculatorLibrary", "CalculatorLibrary\CalculatorLibrary.csproj", "{3E86D55C-CC34-4E85-BEE1-6CA822EDF658}"
EndProject
Global
	GlobalSection(SolutionConfigurationPlatforms) = preSolution
		Debug|Any CPU = Debug|Any CPU
		Release|Any CPU = Release|Any CPU
	EndGlobalSection
	GlobalSection(ProjectConfigurationPlatforms) = postSolution
		{005770FB-8BA5-493B-AC7C-E908ED30D864}.Debug|Any CPU.ActiveCfg = Debug|Any CPU
		{005770FB-8BA5-493B-AC7C-E908ED30D864}.Debug|Any CPU.Build.0 = Debug|Any CPU
		{005770FB-8BA5-493B-AC7C-E908ED30D864}.Release|Any CPU.ActiveCfg = Release|Any CPU
		{005770FB-8BA5-493B-AC7C-E908ED30D864}.Release|Any CPU.Build.0 = Release|Any CPU
		{3E86D55C-CC34-4E85-BEE1-6CA822EDF658}.Debug|Any CPU.ActiveCfg = Debug|Any CPU
		{3E86D55C-CC34-4E85-BEE1-6CA822EDF658}.Debug|Any CPU.Build.0 = Debug|Any CPU
		{3E86D55C-CC34-4E85-BEE1-6CA822EDF658}.Release|Any CPU.ActiveCfg = Release|Any CPU
		{3E86D55C-CC34-4E85-BEE1-6CA822EDF658}.Release|Any CPU.Build.0 = Release|Any CPU
	EndGlobalSection
	GlobalSection(SolutionProperties) = preSolution
		HideSolutionNode = FALSE
	EndGlobalSection
	GlobalSection(ExtensibilityGlobals) = postSolution
		SolutionGuid = {63ACFE69-ADEA-4E67-88FE-D398F239DADE}
	EndGlobalSection
EndGlobal
