
Microsoft Visual Studio Solution File, Format Version 12.00
# Visual Studio Version 17
VisualStudioVersion = 17.13.35825.156 d17.13
MinimumVisualStudioVersion = 10.0.40219.1
Project("{FAE04EC0-301F-11D3-BF4B-00C04F79EFBC}") = "nishant-nez.Calculator", "nishant-nez.Calculator\nishant-nez.Calculator.csproj", "{9158F08B-C516-4BBD-80DB-A59FA4FC0900}"
EndProject
Project("{FAE04EC0-301F-11D3-BF4B-00C04F79EFBC}") = "CalculatorLibrary", "CalculatorLibrary\CalculatorLibrary.csproj", "{9DA874DA-0D44-4697-A0B4-EF916DDF2F17}"
EndProject
Global
	GlobalSection(SolutionConfigurationPlatforms) = preSolution
		Debug|Any CPU = Debug|Any CPU
		Release|Any CPU = Release|Any CPU
	EndGlobalSection
	GlobalSection(ProjectConfigurationPlatforms) = postSolution
		{9158F08B-C516-4BBD-80DB-A59FA4FC0900}.Debug|Any CPU.ActiveCfg = Debug|Any CPU
		{9158F08B-C516-4BBD-80DB-A59FA4FC0900}.Debug|Any CPU.Build.0 = Debug|Any CPU
		{9158F08B-C516-4BBD-80DB-A59FA4FC0900}.Release|Any CPU.ActiveCfg = Release|Any CPU
		{9158F08B-C516-4BBD-80DB-A59FA4FC0900}.Release|Any CPU.Build.0 = Release|Any CPU
		{9DA874DA-0D44-4697-A0B4-EF916DDF2F17}.Debug|Any CPU.ActiveCfg = Debug|Any CPU
		{9DA874DA-0D44-4697-A0B4-EF916DDF2F17}.Debug|Any CPU.Build.0 = Debug|Any CPU
		{9DA874DA-0D44-4697-A0B4-EF916DDF2F17}.Release|Any CPU.ActiveCfg = Release|Any CPU
		{9DA874DA-0D44-4697-A0B4-EF916DDF2F17}.Release|Any CPU.Build.0 = Release|Any CPU
	EndGlobalSection
	GlobalSection(SolutionProperties) = preSolution
		HideSolutionNode = FALSE
	EndGlobalSection
	GlobalSection(ExtensibilityGlobals) = postSolution
		SolutionGuid = {0DE567BB-E869-463D-9AA6-E500ED5975BD}
	EndGlobalSection
EndGlobal
