
Microsoft Visual Studio Solution File, Format Version 12.00
# Visual Studio Version 17
VisualStudioVersion = 17.12.35506.116 d17.12
MinimumVisualStudioVersion = 10.0.40219.1
Project("{FAE04EC0-301F-11D3-BF4B-00C04F79EFBC}") = "Calculator.ricardosidavids", "Calculator.ricardosidavids\Calculator.ricardosidavids.csproj", "{2BF7C796-724A-4877-BCAB-3C970DA5D4C3}"
EndProject
Project("{FAE04EC0-301F-11D3-BF4B-00C04F79EFBC}") = "CalculatorLibrary", "CalculatorLibrary\CalculatorLibrary.csproj", "{877A34DA-F75A-4B0B-A670-4E796BF87115}"
EndProject
Global
	GlobalSection(SolutionConfigurationPlatforms) = preSolution
		Debug|Any CPU = Debug|Any CPU
		Release|Any CPU = Release|Any CPU
	EndGlobalSection
	GlobalSection(ProjectConfigurationPlatforms) = postSolution
		{2BF7C796-724A-4877-BCAB-3C970DA5D4C3}.Debug|Any CPU.ActiveCfg = Debug|Any CPU
		{2BF7C796-724A-4877-BCAB-3C970DA5D4C3}.Debug|Any CPU.Build.0 = Debug|Any CPU
		{2BF7C796-724A-4877-BCAB-3C970DA5D4C3}.Release|Any CPU.ActiveCfg = Release|Any CPU
		{2BF7C796-724A-4877-BCAB-3C970DA5D4C3}.Release|Any CPU.Build.0 = Release|Any CPU
		{877A34DA-F75A-4B0B-A670-4E796BF87115}.Debug|Any CPU.ActiveCfg = Debug|Any CPU
		{877A34DA-F75A-4B0B-A670-4E796BF87115}.Debug|Any CPU.Build.0 = Debug|Any CPU
		{877A34DA-F75A-4B0B-A670-4E796BF87115}.Release|Any CPU.ActiveCfg = Release|Any CPU
		{877A34DA-F75A-4B0B-A670-4E796BF87115}.Release|Any CPU.Build.0 = Release|Any CPU
	EndGlobalSection
	GlobalSection(SolutionProperties) = preSolution
		HideSolutionNode = FALSE
	EndGlobalSection
EndGlobal
