
Microsoft Visual Studio Solution File, Format Version 12.00
# Visual Studio Version 17
VisualStudioVersion = 17.12.35527.113
MinimumVisualStudioVersion = 10.0.40219.1
Project("{FAE04EC0-301F-11D3-BF4B-00C04F79EFBC}") = "Calculator.robertgabriel1", "Calculator.robertgabriel1\Calculator.robertgabriel1.csproj", "{97909863-2F95-41A9-902D-02A16722E7BC}"
EndProject
Project("{FAE04EC0-301F-11D3-BF4B-00C04F79EFBC}") = "CalculatorLibrary", "CalculatorLibrary\CalculatorLibrary.csproj", "{484D106A-F87D-49F6-82A3-AEDD6717216C}"
EndProject
Global
	GlobalSection(SolutionConfigurationPlatforms) = preSolution
		Debug|Any CPU = Debug|Any CPU
		Release|Any CPU = Release|Any CPU
	EndGlobalSection
	GlobalSection(ProjectConfigurationPlatforms) = postSolution
		{97909863-2F95-41A9-902D-02A16722E7BC}.Debug|Any CPU.ActiveCfg = Debug|Any CPU
		{97909863-2F95-41A9-902D-02A16722E7BC}.Debug|Any CPU.Build.0 = Debug|Any CPU
		{97909863-2F95-41A9-902D-02A16722E7BC}.Release|Any CPU.ActiveCfg = Release|Any CPU
		{97909863-2F95-41A9-902D-02A16722E7BC}.Release|Any CPU.Build.0 = Release|Any CPU
		{484D106A-F87D-49F6-82A3-AEDD6717216C}.Debug|Any CPU.ActiveCfg = Debug|Any CPU
		{484D106A-F87D-49F6-82A3-AEDD6717216C}.Debug|Any CPU.Build.0 = Debug|Any CPU
		{484D106A-F87D-49F6-82A3-AEDD6717216C}.Release|Any CPU.ActiveCfg = Release|Any CPU
		{484D106A-F87D-49F6-82A3-AEDD6717216C}.Release|Any CPU.Build.0 = Release|Any CPU
	EndGlobalSection
	GlobalSection(SolutionProperties) = preSolution
		HideSolutionNode = FALSE
	EndGlobalSection
EndGlobal
