
Microsoft Visual Studio Solution File, Format Version 12.00
Project("{FAE04EC0-301F-11D3-BF4B-00C04F79EFBC}") = "Calculator.SadePauw", "Calculator.SadePauw\Calculator.SadePauw.csproj", "{92392B28-C65F-4C38-A159-47D43289028E}"
EndProject
Project("{FAE04EC0-301F-11D3-BF4B-00C04F79EFBC}") = "CalculatorLibrary", "CalculatorLibrary\CalculatorLibrary.csproj", "{A555A14C-F9F4-4FA9-9CD7-E45B1E9A89F0}"
EndProject
Global
	GlobalSection(SolutionConfigurationPlatforms) = preSolution
		Debug|Any CPU = Debug|Any CPU
		Release|Any CPU = Release|Any CPU
	EndGlobalSection
	GlobalSection(ProjectConfigurationPlatforms) = postSolution
		{92392B28-C65F-4C38-A159-47D43289028E}.Debug|Any CPU.ActiveCfg = Debug|Any CPU
		{92392B28-C65F-4C38-A159-47D43289028E}.Debug|Any CPU.Build.0 = Debug|Any CPU
		{92392B28-C65F-4C38-A159-47D43289028E}.Release|Any CPU.ActiveCfg = Release|Any CPU
		{92392B28-C65F-4C38-A159-47D43289028E}.Release|Any CPU.Build.0 = Release|Any CPU
		{A555A14C-F9F4-4FA9-9CD7-E45B1E9A89F0}.Debug|Any CPU.ActiveCfg = Debug|Any CPU
		{A555A14C-F9F4-4FA9-9CD7-E45B1E9A89F0}.Debug|Any CPU.Build.0 = Debug|Any CPU
		{A555A14C-F9F4-4FA9-9CD7-E45B1E9A89F0}.Release|Any CPU.ActiveCfg = Release|Any CPU
		{A555A14C-F9F4-4FA9-9CD7-E45B1E9A89F0}.Release|Any CPU.Build.0 = Release|Any CPU
	EndGlobalSection
EndGlobal
