
Microsoft Visual Studio Solution File, Format Version 12.00
Project("{FAE04EC0-301F-11D3-BF4B-00C04F79EFBC}") = "Calculator.SadePauw", "Calculator.SadePauw.csproj", "{C22E98F9-E541-4D7B-B4BD-53C88773375D}"
EndProject
Global
	GlobalSection(SolutionConfigurationPlatforms) = preSolution
		Debug|Any CPU = Debug|Any CPU
		Release|Any CPU = Release|Any CPU
	EndGlobalSection
	GlobalSection(ProjectConfigurationPlatforms) = postSolution
		{C22E98F9-E541-4D7B-B4BD-53C88773375D}.Debug|Any CPU.ActiveCfg = Debug|Any CPU
		{C22E98F9-E541-4D7B-B4BD-53C88773375D}.Debug|Any CPU.Build.0 = Debug|Any CPU
		{C22E98F9-E541-4D7B-B4BD-53C88773375D}.Release|Any CPU.ActiveCfg = Release|Any CPU
		{C22E98F9-E541-4D7B-B4BD-53C88773375D}.Release|Any CPU.Build.0 = Release|Any CPU
	EndGlobalSection
EndGlobal
