
Microsoft Visual Studio Solution File, Format Version 12.00
# Visual Studio Version 17
VisualStudioVersion = 17.4.33205.214
MinimumVisualStudioVersion = 10.0.40219.1
Project("{FAE04EC0-301F-11D3-BF4B-00C04F79EFBC}") = "ThePortugueseMan.Calculator", "ThePortugueseMan.Calculator\ThePortugueseMan.Calculator.csproj", "{9EFDE81C-E00C-47C0-ABAC-EA867E278ED0}"
EndProject
Project("{FAE04EC0-301F-11D3-BF4B-00C04F79EFBC}") = "CalculatorLibrary", "CalculatorLibrary\CalculatorLibrary.csproj", "{265B4244-2F95-48D6-BBCF-6FA581953256}"
EndProject
Global
	GlobalSection(SolutionConfigurationPlatforms) = preSolution
		Debug|Any CPU = Debug|Any CPU
		Release|Any CPU = Release|Any CPU
	EndGlobalSection
	GlobalSection(ProjectConfigurationPlatforms) = postSolution
		{9EFDE81C-E00C-47C0-ABAC-EA867E278ED0}.Debug|Any CPU.ActiveCfg = Debug|Any CPU
		{9EFDE81C-E00C-47C0-ABAC-EA867E278ED0}.Debug|Any CPU.Build.0 = Debug|Any CPU
		{9EFDE81C-E00C-47C0-ABAC-EA867E278ED0}.Release|Any CPU.ActiveCfg = Release|Any CPU
		{9EFDE81C-E00C-47C0-ABAC-EA867E278ED0}.Release|Any CPU.Build.0 = Release|Any CPU
		{265B4244-2F95-48D6-BBCF-6FA581953256}.Debug|Any CPU.ActiveCfg = Debug|Any CPU
		{265B4244-2F95-48D6-BBCF-6FA581953256}.Debug|Any CPU.Build.0 = Debug|Any CPU
		{265B4244-2F95-48D6-BBCF-6FA581953256}.Release|Any CPU.ActiveCfg = Release|Any CPU
		{265B4244-2F95-48D6-BBCF-6FA581953256}.Release|Any CPU.Build.0 = Release|Any CPU
	EndGlobalSection
	GlobalSection(SolutionProperties) = preSolution
		HideSolutionNode = FALSE
	EndGlobalSection
	GlobalSection(ExtensibilityGlobals) = postSolution
		SolutionGuid = {0583EF5A-8B91-4B12-ABB1-C89D59527709}
	EndGlobalSection
EndGlobal
