
Microsoft Visual Studio Solution File, Format Version 12.00
# Visual Studio Version 17
VisualStudioVersion = 17.7.34024.191
MinimumVisualStudioVersion = 10.0.40219.1
Project("{9A19103F-16F7-4668-BE54-9A1E7A4F7556}") = "CalculatorProgram", "Calculator\CalculatorProgram.csproj", "{145A7024-377F-4988-B331-C110FEE1C18E}"
EndProject
Project("{9A19103F-16F7-4668-BE54-9A1E7A4F7556}") = "CalculatorLibrary", "CalculatorLibrary\CalculatorLibrary.csproj", "{52AA8F26-5ADC-474E-8473-7ED33D0232F9}"
EndProject
Global
	GlobalSection(SolutionConfigurationPlatforms) = preSolution
		Debug|Any CPU = Debug|Any CPU
		Release|Any CPU = Release|Any CPU
	EndGlobalSection
	GlobalSection(ProjectConfigurationPlatforms) = postSolution
		{145A7024-377F-4988-B331-C110FEE1C18E}.Debug|Any CPU.ActiveCfg = Debug|Any CPU
		{145A7024-377F-4988-B331-C110FEE1C18E}.Debug|Any CPU.Build.0 = Debug|Any CPU
		{145A7024-377F-4988-B331-C110FEE1C18E}.Release|Any CPU.ActiveCfg = Release|Any CPU
		{145A7024-377F-4988-B331-C110FEE1C18E}.Release|Any CPU.Build.0 = Release|Any CPU
		{52AA8F26-5ADC-474E-8473-7ED33D0232F9}.Debug|Any CPU.ActiveCfg = Debug|Any CPU
		{52AA8F26-5ADC-474E-8473-7ED33D0232F9}.Debug|Any CPU.Build.0 = Debug|Any CPU
		{52AA8F26-5ADC-474E-8473-7ED33D0232F9}.Release|Any CPU.ActiveCfg = Release|Any CPU
		{52AA8F26-5ADC-474E-8473-7ED33D0232F9}.Release|Any CPU.Build.0 = Release|Any CPU
	EndGlobalSection
	GlobalSection(SolutionProperties) = preSolution
		HideSolutionNode = FALSE
	EndGlobalSection
	GlobalSection(ExtensibilityGlobals) = postSolution
		SolutionGuid = {7DC776AF-0B90-4A42-979B-8A4439CAA0EE}
	EndGlobalSection
EndGlobal
