
Microsoft Visual Studio Solution File, Format Version 12.00
# Visual Studio Version 17
VisualStudioVersion = 17.5.33627.172
MinimumVisualStudioVersion = 10.0.40219.1
Project("{FAE04EC0-301F-11D3-BF4B-00C04F79EFBC}") = "Calculator.saroua", "Calculator.saroua\Calculator.saroua.csproj", "{67F14946-442E-4F2D-89CA-6CA245A7C7B5}"
EndProject
Global
	GlobalSection(SolutionConfigurationPlatforms) = preSolution
		Debug|Any CPU = Debug|Any CPU
		Release|Any CPU = Release|Any CPU
	EndGlobalSection
	GlobalSection(ProjectConfigurationPlatforms) = postSolution
		{67F14946-442E-4F2D-89CA-6CA245A7C7B5}.Debug|Any CPU.ActiveCfg = Debug|Any CPU
		{67F14946-442E-4F2D-89CA-6CA245A7C7B5}.Debug|Any CPU.Build.0 = Debug|Any CPU
		{67F14946-442E-4F2D-89CA-6CA245A7C7B5}.Release|Any CPU.ActiveCfg = Release|Any CPU
		{67F14946-442E-4F2D-89CA-6CA245A7C7B5}.Release|Any CPU.Build.0 = Release|Any CPU
	EndGlobalSection
	GlobalSection(SolutionProperties) = preSolution
		HideSolutionNode = FALSE
	EndGlobalSection
	GlobalSection(ExtensibilityGlobals) = postSolution
		SolutionGuid = {9551251E-688C-4A90-A798-D3E81A19168E}
	EndGlobalSection
EndGlobal
