
Microsoft Visual Studio Solution File, Format Version 12.00
# Visual Studio Version 17
VisualStudioVersion = 17.6.33723.286
MinimumVisualStudioVersion = 10.0.40219.1
Project("{FAE04EC0-301F-11D3-BF4B-00C04F79EFBC}") = "meksCalculator.mekasu0124", "meksCalculator.mekasu0124.csproj", "{7FDFAA84-105A-4770-8C4D-125FC05374D0}"
EndProject
Global
	GlobalSection(SolutionConfigurationPlatforms) = preSolution
		Debug|Any CPU = Debug|Any CPU
		Release|Any CPU = Release|Any CPU
	EndGlobalSection
	GlobalSection(ProjectConfigurationPlatforms) = postSolution
		{7FDFAA84-105A-4770-8C4D-125FC05374D0}.Debug|Any CPU.ActiveCfg = Debug|Any CPU
		{7FDFAA84-105A-4770-8C4D-125FC05374D0}.Debug|Any CPU.Build.0 = Debug|Any CPU
		{7FDFAA84-105A-4770-8C4D-125FC05374D0}.Release|Any CPU.ActiveCfg = Release|Any CPU
		{7FDFAA84-105A-4770-8C4D-125FC05374D0}.Release|Any CPU.Build.0 = Release|Any CPU
	EndGlobalSection
	GlobalSection(SolutionProperties) = preSolution
		HideSolutionNode = FALSE
	EndGlobalSection
	GlobalSection(ExtensibilityGlobals) = postSolution
		SolutionGuid = {38E94589-FFF9-4DC5-BB11-3B45D523E2E0}
	EndGlobalSection
EndGlobal
