
Microsoft Visual Studio Solution File, Format Version 12.00
# Visual Studio Version 17
VisualStudioVersion = 17.5.002.0
MinimumVisualStudioVersion = 10.0.40219.1
Project("{9A19103F-16F7-4668-BE54-9A1E7A4F7556}") = "CalculatorProgram", "CalculatorProgram\CalculatorProgram.csproj", "{9BBF2D2F-DD47-4F18-8D17-38E43A4864B3}"
EndProject
Project("{FAE04EC0-301F-11D3-BF4B-00C04F79EFBC}") = "CalculatorLibrary", "CalculatorLibrary\CalculatorLibrary.csproj", "{2489C634-8400-4BE3-A7F5-4055C39F8287}"
EndProject
Global
	GlobalSection(SolutionConfigurationPlatforms) = preSolution
		Debug|Any CPU = Debug|Any CPU
		Release|Any CPU = Release|Any CPU
	EndGlobalSection
	GlobalSection(ProjectConfigurationPlatforms) = postSolution
		{9BBF2D2F-DD47-4F18-8D17-38E43A4864B3}.Debug|Any CPU.ActiveCfg = Debug|Any CPU
		{9BBF2D2F-DD47-4F18-8D17-38E43A4864B3}.Debug|Any CPU.Build.0 = Debug|Any CPU
		{9BBF2D2F-DD47-4F18-8D17-38E43A4864B3}.Release|Any CPU.ActiveCfg = Release|Any CPU
		{9BBF2D2F-DD47-4F18-8D17-38E43A4864B3}.Release|Any CPU.Build.0 = Release|Any CPU
		{2489C634-8400-4BE3-A7F5-4055C39F8287}.Debug|Any CPU.ActiveCfg = Debug|Any CPU
		{2489C634-8400-4BE3-A7F5-4055C39F8287}.Debug|Any CPU.Build.0 = Debug|Any CPU
		{2489C634-8400-4BE3-A7F5-4055C39F8287}.Release|Any CPU.ActiveCfg = Release|Any CPU
		{2489C634-8400-4BE3-A7F5-4055C39F8287}.Release|Any CPU.Build.0 = Release|Any CPU
	EndGlobalSection
	GlobalSection(SolutionProperties) = preSolution
		HideSolutionNode = FALSE
	EndGlobalSection
	GlobalSection(ExtensibilityGlobals) = postSolution
		SolutionGuid = {38243CED-04E4-4C0A-9EC4-DDCCB6805FC6}
	EndGlobalSection
EndGlobal
