
Microsoft Visual Studio Solution File, Format Version 12.00
# Visual Studio Version 17
VisualStudioVersion = 17.11.35222.181
MinimumVisualStudioVersion = 10.0.40219.1
Project("{FAE04EC0-301F-11D3-BF4B-00C04F79EFBC}") = "Calculator", "Calculator\Calculator.csproj", "{AE01C6EF-87C2-4FFE-AC00-AA98207550ED}"
EndProject
Project("{FAE04EC0-301F-11D3-BF4B-00C04F79EFBC}") = "CalculatorLibrary", "CalculatorLibrary\CalculatorLibrary.csproj", "{28F4C2E2-E8CF-418A-9D02-96AFD538FEDF}"
EndProject
Global
	GlobalSection(SolutionConfigurationPlatforms) = preSolution
		Debug|Any CPU = Debug|Any CPU
		Release|Any CPU = Release|Any CPU
	EndGlobalSection
	GlobalSection(ProjectConfigurationPlatforms) = postSolution
		{AE01C6EF-87C2-4FFE-AC00-AA98207550ED}.Debug|Any CPU.ActiveCfg = Debug|Any CPU
		{AE01C6EF-87C2-4FFE-AC00-AA98207550ED}.Debug|Any CPU.Build.0 = Debug|Any CPU
		{AE01C6EF-87C2-4FFE-AC00-AA98207550ED}.Release|Any CPU.ActiveCfg = Release|Any CPU
		{AE01C6EF-87C2-4FFE-AC00-AA98207550ED}.Release|Any CPU.Build.0 = Release|Any CPU
		{28F4C2E2-E8CF-418A-9D02-96AFD538FEDF}.Debug|Any CPU.ActiveCfg = Debug|Any CPU
		{28F4C2E2-E8CF-418A-9D02-96AFD538FEDF}.Debug|Any CPU.Build.0 = Debug|Any CPU
		{28F4C2E2-E8CF-418A-9D02-96AFD538FEDF}.Release|Any CPU.ActiveCfg = Release|Any CPU
		{28F4C2E2-E8CF-418A-9D02-96AFD538FEDF}.Release|Any CPU.Build.0 = Release|Any CPU
	EndGlobalSection
	GlobalSection(SolutionProperties) = preSolution
		HideSolutionNode = FALSE
	EndGlobalSection
	GlobalSection(ExtensibilityGlobals) = postSolution
		SolutionGuid = {ABF9671C-FF2B-4238-A711-34A13001FB7D}
	EndGlobalSection
EndGlobal
