
Microsoft Visual Studio Solution File, Format Version 12.00
# Visual Studio Version 17
VisualStudioVersion = 17.5.002.0
MinimumVisualStudioVersion = 10.0.40219.1
Project("{9A19103F-16F7-4668-BE54-9A1E7A4F7556}") = "Calculator", "Calculator.csproj", "{DB6F075B-D3EF-4984-8B88-BA8D142CA580}"
EndProject
Global
	GlobalSection(SolutionConfigurationPlatforms) = preSolution
		Debug|Any CPU = Debug|Any CPU
		Release|Any CPU = Release|Any CPU
	EndGlobalSection
	GlobalSection(ProjectConfigurationPlatforms) = postSolution
		{DB6F075B-D3EF-4984-8B88-BA8D142CA580}.Debug|Any CPU.ActiveCfg = Debug|Any CPU
		{DB6F075B-D3EF-4984-8B88-BA8D142CA580}.Debug|Any CPU.Build.0 = Debug|Any CPU
		{DB6F075B-D3EF-4984-8B88-BA8D142CA580}.Release|Any CPU.ActiveCfg = Release|Any CPU
		{DB6F075B-D3EF-4984-8B88-BA8D142CA580}.Release|Any CPU.Build.0 = Release|Any CPU
	EndGlobalSection
	GlobalSection(SolutionProperties) = preSolution
		HideSolutionNode = FALSE
	EndGlobalSection
	GlobalSection(ExtensibilityGlobals) = postSolution
		SolutionGuid = {2EF9B75D-629D-48BB-94F2-CA026344CD49}
	EndGlobalSection
EndGlobal
