
Microsoft Visual Studio Solution File, Format Version 12.00
# Visual Studio Version 17
VisualStudioVersion = 17.9.34622.214
MinimumVisualStudioVersion = 10.0.40219.1
Project("{FAE04EC0-301F-11D3-BF4B-00C04F79EFBC}") = "Patryk-MM.Console.Calculator", "Patryk-MM.Console.Calculator\Patryk-MM.Console.Calculator.csproj", "{3C575982-7173-4710-AE3D-82B883B6C0CF}"
EndProject
Global
	GlobalSection(SolutionConfigurationPlatforms) = preSolution
		Debug|Any CPU = Debug|Any CPU
		Release|Any CPU = Release|Any CPU
	EndGlobalSection
	GlobalSection(ProjectConfigurationPlatforms) = postSolution
		{3C575982-7173-4710-AE3D-82B883B6C0CF}.Debug|Any CPU.ActiveCfg = Debug|Any CPU
		{3C575982-7173-4710-AE3D-82B883B6C0CF}.Debug|Any CPU.Build.0 = Debug|Any CPU
		{3C575982-7173-4710-AE3D-82B883B6C0CF}.Release|Any CPU.ActiveCfg = Release|Any CPU
		{3C575982-7173-4710-AE3D-82B883B6C0CF}.Release|Any CPU.Build.0 = Release|Any CPU
	EndGlobalSection
	GlobalSection(SolutionProperties) = preSolution
		HideSolutionNode = FALSE
	EndGlobalSection
	GlobalSection(ExtensibilityGlobals) = postSolution
		SolutionGuid = {61E47EE4-F183-49F9-A9A6-8F6CDE22F0DA}
	EndGlobalSection
EndGlobal
