
Microsoft Visual Studio Solution File, Format Version 12.00
# Visual Studio Version 17
VisualStudioVersion = 17.9.34728.123
MinimumVisualStudioVersion = 10.0.40219.1
Project("{9A19103F-16F7-4668-BE54-9A1E7A4F7556}") = "Calculator", "Calculator\Calculator.csproj", "{2A994F68-EE55-4EFA-BF06-FE43A84B191A}"
EndProject
Project("{FAE04EC0-301F-11D3-BF4B-00C04F79EFBC}") = "CalculatorLibrary", "CalculatorLibrary\CalculatorLibrary.csproj", "{9BBA1B5D-8FA1-4418-AE13-1C838C15DD16}"
EndProject
Global
	GlobalSection(SolutionConfigurationPlatforms) = preSolution
		Debug|Any CPU = Debug|Any CPU
		Release|Any CPU = Release|Any CPU
	EndGlobalSection
	GlobalSection(ProjectConfigurationPlatforms) = postSolution
		{2A994F68-EE55-4EFA-BF06-FE43A84B191A}.Debug|Any CPU.ActiveCfg = Debug|Any CPU
		{2A994F68-EE55-4EFA-BF06-FE43A84B191A}.Debug|Any CPU.Build.0 = Debug|Any CPU
		{2A994F68-EE55-4EFA-BF06-FE43A84B191A}.Release|Any CPU.ActiveCfg = Release|Any CPU
		{2A994F68-EE55-4EFA-BF06-FE43A84B191A}.Release|Any CPU.Build.0 = Release|Any CPU
		{9BBA1B5D-8FA1-4418-AE13-1C838C15DD16}.Debug|Any CPU.ActiveCfg = Debug|Any CPU
		{9BBA1B5D-8FA1-4418-AE13-1C838C15DD16}.Debug|Any CPU.Build.0 = Debug|Any CPU
		{9BBA1B5D-8FA1-4418-AE13-1C838C15DD16}.Release|Any CPU.ActiveCfg = Release|Any CPU
		{9BBA1B5D-8FA1-4418-AE13-1C838C15DD16}.Release|Any CPU.Build.0 = Release|Any CPU
	EndGlobalSection
	GlobalSection(SolutionProperties) = preSolution
		HideSolutionNode = FALSE
	EndGlobalSection
	GlobalSection(ExtensibilityGlobals) = postSolution
		SolutionGuid = {9C610575-8BA2-4E48-A62E-092DC72430AD}
	EndGlobalSection
EndGlobal
