
Microsoft Visual Studio Solution File, Format Version 12.00
# Visual Studio Version 17
VisualStudioVersion = 17.4.33205.214
MinimumVisualStudioVersion = 10.0.40219.1
Project("{FAE04EC0-301F-11D3-BF4B-00C04F79EFBC}") = "CalculatorConsoleApp.AlainNshimirimana", "CalculatorConsoleApp.AlainNshimirimana.csproj", "{D60A4956-BE8E-4209-A108-1E00EB9D43A6}"
EndProject
Global
	GlobalSection(SolutionConfigurationPlatforms) = preSolution
		Debug|Any CPU = Debug|Any CPU
		Release|Any CPU = Release|Any CPU
	EndGlobalSection
	GlobalSection(ProjectConfigurationPlatforms) = postSolution
		{D60A4956-BE8E-4209-A108-1E00EB9D43A6}.Debug|Any CPU.ActiveCfg = Debug|Any CPU
		{D60A4956-BE8E-4209-A108-1E00EB9D43A6}.Debug|Any CPU.Build.0 = Debug|Any CPU
		{D60A4956-BE8E-4209-A108-1E00EB9D43A6}.Release|Any CPU.ActiveCfg = Release|Any CPU
		{D60A4956-BE8E-4209-A108-1E00EB9D43A6}.Release|Any CPU.Build.0 = Release|Any CPU
	EndGlobalSection
	GlobalSection(SolutionProperties) = preSolution
		HideSolutionNode = FALSE
	EndGlobalSection
	GlobalSection(ExtensibilityGlobals) = postSolution
		SolutionGuid = {315CCED0-85AB-4B4A-9572-DC239D7E1B15}
	EndGlobalSection
EndGlobal
