
Microsoft Visual Studio Solution File, Format Version 12.00
# Visual Studio Version 17
VisualStudioVersion = 17.4.33213.308
MinimumVisualStudioVersion = 10.0.40219.1
Project("{FAE04EC0-301F-11D3-BF4B-00C04F79EFBC}") = "danielforkner.Calculator", "danielforkner.Calculator\danielforkner.Calculator.csproj", "{F3788534-049A-4F72-A799-704A66FDE561}"
EndProject
Project("{FAE04EC0-301F-11D3-BF4B-00C04F79EFBC}") = "CalculatorLibrary", "CalculatorLibrary\CalculatorLibrary.csproj", "{26AE1719-4646-48DE-BB8C-D2ACE2A98034}"
EndProject
Global
	GlobalSection(SolutionConfigurationPlatforms) = preSolution
		Debug|Any CPU = Debug|Any CPU
		Release|Any CPU = Release|Any CPU
	EndGlobalSection
	GlobalSection(ProjectConfigurationPlatforms) = postSolution
		{F3788534-049A-4F72-A799-704A66FDE561}.Debug|Any CPU.ActiveCfg = Debug|Any CPU
		{F3788534-049A-4F72-A799-704A66FDE561}.Debug|Any CPU.Build.0 = Debug|Any CPU
		{F3788534-049A-4F72-A799-704A66FDE561}.Release|Any CPU.ActiveCfg = Release|Any CPU
		{F3788534-049A-4F72-A799-704A66FDE561}.Release|Any CPU.Build.0 = Release|Any CPU
		{26AE1719-4646-48DE-BB8C-D2ACE2A98034}.Debug|Any CPU.ActiveCfg = Debug|Any CPU
		{26AE1719-4646-48DE-BB8C-D2ACE2A98034}.Debug|Any CPU.Build.0 = Debug|Any CPU
		{26AE1719-4646-48DE-BB8C-D2ACE2A98034}.Release|Any CPU.ActiveCfg = Release|Any CPU
		{26AE1719-4646-48DE-BB8C-D2ACE2A98034}.Release|Any CPU.Build.0 = Release|Any CPU
	EndGlobalSection
	GlobalSection(SolutionProperties) = preSolution
		HideSolutionNode = FALSE
	EndGlobalSection
	GlobalSection(ExtensibilityGlobals) = postSolution
		SolutionGuid = {CFAE1123-1CB6-4C3C-A321-1444BE3EE30B}
	EndGlobalSection
EndGlobal
