
Microsoft Visual Studio Solution File, Format Version 12.00
# Visual Studio Version 17
VisualStudioVersion = 17.4.33213.308
MinimumVisualStudioVersion = 10.0.40219.1
Project("{9A19103F-16F7-4668-BE54-9A1E7A4F7556}") = "ConsoleCalculator.kraven88", "ConsoleCalculator.kraven88.csproj", "{9317E282-BAF2-4827-B004-5D3D76C855E7}"
EndProject
Project("{FAE04EC0-301F-11D3-BF4B-00C04F79EFBC}") = "CalculatorLibrary", "..\CalculatorLibrary\CalculatorLibrary.csproj", "{757BF760-A0A5-4819-8841-BD1CD5599170}"
EndProject
Global
	GlobalSection(SolutionConfigurationPlatforms) = preSolution
		Debug|Any CPU = Debug|Any CPU
		Release|Any CPU = Release|Any CPU
	EndGlobalSection
	GlobalSection(ProjectConfigurationPlatforms) = postSolution
		{9317E282-BAF2-4827-B004-5D3D76C855E7}.Debug|Any CPU.ActiveCfg = Debug|Any CPU
		{9317E282-BAF2-4827-B004-5D3D76C855E7}.Debug|Any CPU.Build.0 = Debug|Any CPU
		{9317E282-BAF2-4827-B004-5D3D76C855E7}.Release|Any CPU.ActiveCfg = Release|Any CPU
		{9317E282-BAF2-4827-B004-5D3D76C855E7}.Release|Any CPU.Build.0 = Release|Any CPU
		{757BF760-A0A5-4819-8841-BD1CD5599170}.Debug|Any CPU.ActiveCfg = Debug|Any CPU
		{757BF760-A0A5-4819-8841-BD1CD5599170}.Debug|Any CPU.Build.0 = Debug|Any CPU
		{757BF760-A0A5-4819-8841-BD1CD5599170}.Release|Any CPU.ActiveCfg = Release|Any CPU
		{757BF760-A0A5-4819-8841-BD1CD5599170}.Release|Any CPU.Build.0 = Release|Any CPU
	EndGlobalSection
	GlobalSection(SolutionProperties) = preSolution
		HideSolutionNode = FALSE
	EndGlobalSection
	GlobalSection(ExtensibilityGlobals) = postSolution
		SolutionGuid = {CEB9FDB6-ED35-4364-A074-A44BD927FCAA}
	EndGlobalSection
EndGlobal
