
Microsoft Visual Studio Solution File, Format Version 12.00
# Visual Studio Version 17
VisualStudioVersion = 17.9.34701.34
MinimumVisualStudioVersion = 10.0.40219.1
Project("{FAE04EC0-301F-11D3-BF4B-00C04F79EFBC}") = "Calculator.gkemeza", "Calculator.gkemeza\Calculator.gkemeza.csproj", "{24745C26-9421-41E8-8931-5F7760845234}"
EndProject
Project("{FAE04EC0-301F-11D3-BF4B-00C04F79EFBC}") = "CalculatorLibrary", "CalculatorLibrary\CalculatorLibrary.csproj", "{2A71E561-03C1-4E80-961B-F64098BC2E32}"
EndProject
Global
	GlobalSection(SolutionConfigurationPlatforms) = preSolution
		Debug|Any CPU = Debug|Any CPU
		Release|Any CPU = Release|Any CPU
	EndGlobalSection
	GlobalSection(ProjectConfigurationPlatforms) = postSolution
		{24745C26-9421-41E8-8931-5F7760845234}.Debug|Any CPU.ActiveCfg = Debug|Any CPU
		{24745C26-9421-41E8-8931-5F7760845234}.Debug|Any CPU.Build.0 = Debug|Any CPU
		{24745C26-9421-41E8-8931-5F7760845234}.Release|Any CPU.ActiveCfg = Release|Any CPU
		{24745C26-9421-41E8-8931-5F7760845234}.Release|Any CPU.Build.0 = Release|Any CPU
		{2A71E561-03C1-4E80-961B-F64098BC2E32}.Debug|Any CPU.ActiveCfg = Debug|Any CPU
		{2A71E561-03C1-4E80-961B-F64098BC2E32}.Debug|Any CPU.Build.0 = Debug|Any CPU
		{2A71E561-03C1-4E80-961B-F64098BC2E32}.Release|Any CPU.ActiveCfg = Release|Any CPU
		{2A71E561-03C1-4E80-961B-F64098BC2E32}.Release|Any CPU.Build.0 = Release|Any CPU
	EndGlobalSection
	GlobalSection(SolutionProperties) = preSolution
		HideSolutionNode = FALSE
	EndGlobalSection
	GlobalSection(ExtensibilityGlobals) = postSolution
		SolutionGuid = {9C246E62-D61B-40E1-87E2-A350E2DA9CCC}
	EndGlobalSection
EndGlobal
