
Microsoft Visual Studio Solution File, Format Version 12.00
# Visual Studio Version 17
VisualStudioVersion = 17.11.35327.3
MinimumVisualStudioVersion = 10.0.40219.1
Project("{9A19103F-16F7-4668-BE54-9A1E7A4F7556}") = "Calculator.BNAndras.CalculatorProgram", "Calculator.BNAndras.CalculatorProgram.csproj", "{00E44F09-C25B-4EDB-B700-00F4E8ECC64C}"
EndProject
Project("{9A19103F-16F7-4668-BE54-9A1E7A4F7556}") = "Calculator.BNAndras.CalculatorLibrary", "..\Calculator.BNAndras.Library\Calculator.BNAndras.CalculatorLibrary.csproj", "{D01BEB6F-3FC8-4599-9AA7-39DBD6E6851F}"
EndProject
Global
	GlobalSection(SolutionConfigurationPlatforms) = preSolution
		Debug|Any CPU = Debug|Any CPU
		Release|Any CPU = Release|Any CPU
	EndGlobalSection
	GlobalSection(ProjectConfigurationPlatforms) = postSolution
		{00E44F09-C25B-4EDB-B700-00F4E8ECC64C}.Debug|Any CPU.ActiveCfg = Debug|Any CPU
		{00E44F09-C25B-4EDB-B700-00F4E8ECC64C}.Debug|Any CPU.Build.0 = Debug|Any CPU
		{00E44F09-C25B-4EDB-B700-00F4E8ECC64C}.Release|Any CPU.ActiveCfg = Release|Any CPU
		{00E44F09-C25B-4EDB-B700-00F4E8ECC64C}.Release|Any CPU.Build.0 = Release|Any CPU
		{D01BEB6F-3FC8-4599-9AA7-39DBD6E6851F}.Debug|Any CPU.ActiveCfg = Debug|Any CPU
		{D01BEB6F-3FC8-4599-9AA7-39DBD6E6851F}.Debug|Any CPU.Build.0 = Debug|Any CPU
		{D01BEB6F-3FC8-4599-9AA7-39DBD6E6851F}.Release|Any CPU.ActiveCfg = Release|Any CPU
		{D01BEB6F-3FC8-4599-9AA7-39DBD6E6851F}.Release|Any CPU.Build.0 = Release|Any CPU
	EndGlobalSection
	GlobalSection(SolutionProperties) = preSolution
		HideSolutionNode = FALSE
	EndGlobalSection
	GlobalSection(ExtensibilityGlobals) = postSolution
		SolutionGuid = {BE5D5AB0-64F9-4D8C-9E7A-75F865F10B6F}
	EndGlobalSection
EndGlobal
