
Microsoft Visual Studio Solution File, Format Version 12.00
# Visual Studio Version 17
VisualStudioVersion = 17.8.34330.188
MinimumVisualStudioVersion = 10.0.40219.1
Project("{FAE04EC0-301F-11D3-BF4B-00C04F79EFBC}") = "Calculator.Doc415", "Calculator.Doc415.csproj", "{982EE2FE-8058-415B-9D80-FC32194F4C2F}"
EndProject
Project("{FAE04EC0-301F-11D3-BF4B-00C04F79EFBC}") = "CalculatorLibrary", "..\CalculatorLibrary\CalculatorLibrary.csproj", "{0865BF0D-4DA1-478B-AD8E-1BE3B5B097B5}"
EndProject
Project("{FAE04EC0-301F-11D3-BF4B-00C04F79EFBC}") = "AppStartCounter", "..\AppStartCounter\AppStartCounter.csproj", "{ECC0AE79-EEAC-49CA-B2F7-078D7B2DC454}"
EndProject
Global
	GlobalSection(SolutionConfigurationPlatforms) = preSolution
		Debug|Any CPU = Debug|Any CPU
		Release|Any CPU = Release|Any CPU
	EndGlobalSection
	GlobalSection(ProjectConfigurationPlatforms) = postSolution
		{982EE2FE-8058-415B-9D80-FC32194F4C2F}.Debug|Any CPU.ActiveCfg = Debug|Any CPU
		{982EE2FE-8058-415B-9D80-FC32194F4C2F}.Debug|Any CPU.Build.0 = Debug|Any CPU
		{982EE2FE-8058-415B-9D80-FC32194F4C2F}.Release|Any CPU.ActiveCfg = Release|Any CPU
		{982EE2FE-8058-415B-9D80-FC32194F4C2F}.Release|Any CPU.Build.0 = Release|Any CPU
		{0865BF0D-4DA1-478B-AD8E-1BE3B5B097B5}.Debug|Any CPU.ActiveCfg = Debug|Any CPU
		{0865BF0D-4DA1-478B-AD8E-1BE3B5B097B5}.Debug|Any CPU.Build.0 = Debug|Any CPU
		{0865BF0D-4DA1-478B-AD8E-1BE3B5B097B5}.Release|Any CPU.ActiveCfg = Release|Any CPU
		{0865BF0D-4DA1-478B-AD8E-1BE3B5B097B5}.Release|Any CPU.Build.0 = Release|Any CPU
		{ECC0AE79-EEAC-49CA-B2F7-078D7B2DC454}.Debug|Any CPU.ActiveCfg = Debug|Any CPU
		{ECC0AE79-EEAC-49CA-B2F7-078D7B2DC454}.Debug|Any CPU.Build.0 = Debug|Any CPU
		{ECC0AE79-EEAC-49CA-B2F7-078D7B2DC454}.Release|Any CPU.ActiveCfg = Release|Any CPU
		{ECC0AE79-EEAC-49CA-B2F7-078D7B2DC454}.Release|Any CPU.Build.0 = Release|Any CPU
	EndGlobalSection
	GlobalSection(SolutionProperties) = preSolution
		HideSolutionNode = FALSE
	EndGlobalSection
	GlobalSection(ExtensibilityGlobals) = postSolution
		SolutionGuid = {F215C49A-DBA0-44BB-9895-176AF81E66CA}
	EndGlobalSection
EndGlobal
