
Microsoft Visual Studio Solution File, Format Version 12.00
# Visual Studio Version 17
VisualStudioVersion = 17.11.35312.102
MinimumVisualStudioVersion = 10.0.40219.1
Project("{9A19103F-16F7-4668-BE54-9A1E7A4F7556}") = "Calculator", "Calculator\Calculator.csproj", "{DF51F01B-0A1B-4D4B-A058-C1644E65E438}"
EndProject
Project("{FAE04EC0-301F-11D3-BF4B-00C04F79EFBC}") = "CalculatorLibrary", "CalculatorLibrary\CalculatorLibrary.csproj", "{902A4493-46C5-497A-84EB-FE9A839DEB0A}"
EndProject
Global
	GlobalSection(SolutionConfigurationPlatforms) = preSolution
		Debug|Any CPU = Debug|Any CPU
		Release|Any CPU = Release|Any CPU
	EndGlobalSection
	GlobalSection(ProjectConfigurationPlatforms) = postSolution
		{DF51F01B-0A1B-4D4B-A058-C1644E65E438}.Debug|Any CPU.ActiveCfg = Debug|Any CPU
		{DF51F01B-0A1B-4D4B-A058-C1644E65E438}.Debug|Any CPU.Build.0 = Debug|Any CPU
		{DF51F01B-0A1B-4D4B-A058-C1644E65E438}.Release|Any CPU.ActiveCfg = Release|Any CPU
		{DF51F01B-0A1B-4D4B-A058-C1644E65E438}.Release|Any CPU.Build.0 = Release|Any CPU
		{902A4493-46C5-497A-84EB-FE9A839DEB0A}.Debug|Any CPU.ActiveCfg = Debug|Any CPU
		{902A4493-46C5-497A-84EB-FE9A839DEB0A}.Debug|Any CPU.Build.0 = Debug|Any CPU
		{902A4493-46C5-497A-84EB-FE9A839DEB0A}.Release|Any CPU.ActiveCfg = Release|Any CPU
		{902A4493-46C5-497A-84EB-FE9A839DEB0A}.Release|Any CPU.Build.0 = Release|Any CPU
	EndGlobalSection
	GlobalSection(SolutionProperties) = preSolution
		HideSolutionNode = FALSE
	EndGlobalSection
	GlobalSection(ExtensibilityGlobals) = postSolution
		SolutionGuid = {DDFC084C-E3D8-4455-9D0B-0E1C9DE77055}
	EndGlobalSection
EndGlobal
