
Microsoft Visual Studio Solution File, Format Version 12.00
# Visual Studio Version 17
VisualStudioVersion = 17.4.33213.308
MinimumVisualStudioVersion = 10.0.40219.1
Project("{FAE04EC0-301F-11D3-BF4B-00C04F79EFBC}") = "S-Smans.Calculator", "S-Smans.Calculator\S-Smans.Calculator.csproj", "{8E9468ED-9B94-49BB-9859-803A853F1860}"
EndProject
Global
	GlobalSection(SolutionConfigurationPlatforms) = preSolution
		Debug|Any CPU = Debug|Any CPU
		Release|Any CPU = Release|Any CPU
	EndGlobalSection
	GlobalSection(ProjectConfigurationPlatforms) = postSolution
		{8E9468ED-9B94-49BB-9859-803A853F1860}.Debug|Any CPU.ActiveCfg = Debug|Any CPU
		{8E9468ED-9B94-49BB-9859-803A853F1860}.Debug|Any CPU.Build.0 = Debug|Any CPU
		{8E9468ED-9B94-49BB-9859-803A853F1860}.Release|Any CPU.ActiveCfg = Release|Any CPU
		{8E9468ED-9B94-49BB-9859-803A853F1860}.Release|Any CPU.Build.0 = Release|Any CPU
	EndGlobalSection
	GlobalSection(SolutionProperties) = preSolution
		HideSolutionNode = FALSE
	EndGlobalSection
	GlobalSection(ExtensibilityGlobals) = postSolution
		SolutionGuid = {2DF8F971-7D59-413A-ACF4-1A77EB8AFE05}
	EndGlobalSection
EndGlobal
