
Microsoft Visual Studio Solution File, Format Version 12.00
# Visual Studio Version 17
VisualStudioVersion = 17.10.35027.167
MinimumVisualStudioVersion = 10.0.40219.1
Project("{FAE04EC0-301F-11D3-BF4B-00C04F79EFBC}") = "Lee2150.Calculator", "Lee2150.Calculator.csproj", "{1911F284-7F04-4A3F-9C9C-2C2D77AAAE0E}"
EndProject
Project("{FAE04EC0-301F-11D3-BF4B-00C04F79EFBC}") = "Lee2150.CalculatorLibrary", "..\CalculatorLibrary\Lee2150.CalculatorLibrary.csproj", "{C8E5AFF6-310E-428C-8967-A7237486B492}"
EndProject
Global
	GlobalSection(SolutionConfigurationPlatforms) = preSolution
		Debug|Any CPU = Debug|Any CPU
		Release|Any CPU = Release|Any CPU
	EndGlobalSection
	GlobalSection(ProjectConfigurationPlatforms) = postSolution
		{1911F284-7F04-4A3F-9C9C-2C2D77AAAE0E}.Debug|Any CPU.ActiveCfg = Debug|Any CPU
		{1911F284-7F04-4A3F-9C9C-2C2D77AAAE0E}.Debug|Any CPU.Build.0 = Debug|Any CPU
		{1911F284-7F04-4A3F-9C9C-2C2D77AAAE0E}.Release|Any CPU.ActiveCfg = Release|Any CPU
		{1911F284-7F04-4A3F-9C9C-2C2D77AAAE0E}.Release|Any CPU.Build.0 = Release|Any CPU
		{C8E5AFF6-310E-428C-8967-A7237486B492}.Debug|Any CPU.ActiveCfg = Debug|Any CPU
		{C8E5AFF6-310E-428C-8967-A7237486B492}.Debug|Any CPU.Build.0 = Debug|Any CPU
		{C8E5AFF6-310E-428C-8967-A7237486B492}.Release|Any CPU.ActiveCfg = Release|Any CPU
		{C8E5AFF6-310E-428C-8967-A7237486B492}.Release|Any CPU.Build.0 = Release|Any CPU
	EndGlobalSection
	GlobalSection(SolutionProperties) = preSolution
		HideSolutionNode = FALSE
	EndGlobalSection
	GlobalSection(ExtensibilityGlobals) = postSolution
		SolutionGuid = {65ECD2B6-E0D9-41C9-B275-90D7BAFFBFB4}
	EndGlobalSection
EndGlobal
