
Microsoft Visual Studio Solution File, Format Version 12.00
# Visual Studio Version 17
VisualStudioVersion = 17.8.34511.84
MinimumVisualStudioVersion = 10.0.40219.1
Project("{FAE04EC0-301F-11D3-BF4B-00C04F79EFBC}") = "Calculator1", "Calculator1\Calculator1.csproj", "{03018434-90C3-40E9-91B8-3C01F8F1019C}"
EndProject
Project("{FAE04EC0-301F-11D3-BF4B-00C04F79EFBC}") = "CalculatorLib", "CalculatorLib\CalculatorLib.csproj", "{D4F65972-3FA5-4503-B234-1E6C12628A62}"
EndProject
Global
	GlobalSection(SolutionConfigurationPlatforms) = preSolution
		Debug|Any CPU = Debug|Any CPU
		Release|Any CPU = Release|Any CPU
	EndGlobalSection
	GlobalSection(ProjectConfigurationPlatforms) = postSolution
		{03018434-90C3-40E9-91B8-3C01F8F1019C}.Debug|Any CPU.ActiveCfg = Debug|Any CPU
		{03018434-90C3-40E9-91B8-3C01F8F1019C}.Debug|Any CPU.Build.0 = Debug|Any CPU
		{03018434-90C3-40E9-91B8-3C01F8F1019C}.Release|Any CPU.ActiveCfg = Release|Any CPU
		{03018434-90C3-40E9-91B8-3C01F8F1019C}.Release|Any CPU.Build.0 = Release|Any CPU
		{D4F65972-3FA5-4503-B234-1E6C12628A62}.Debug|Any CPU.ActiveCfg = Debug|Any CPU
		{D4F65972-3FA5-4503-B234-1E6C12628A62}.Debug|Any CPU.Build.0 = Debug|Any CPU
		{D4F65972-3FA5-4503-B234-1E6C12628A62}.Release|Any CPU.ActiveCfg = Release|Any CPU
		{D4F65972-3FA5-4503-B234-1E6C12628A62}.Release|Any CPU.Build.0 = Release|Any CPU
	EndGlobalSection
	GlobalSection(SolutionProperties) = preSolution
		HideSolutionNode = FALSE
	EndGlobalSection
	GlobalSection(ExtensibilityGlobals) = postSolution
		SolutionGuid = {90AD81D8-6058-491F-A818-66F3AFCD243F}
	EndGlobalSection
EndGlobal
