
Microsoft Visual Studio Solution File, Format Version 12.00
# Visual Studio Version 17
VisualStudioVersion = 17.11.35303.130
MinimumVisualStudioVersion = 10.0.40219.1
Project("{FAE04EC0-301F-11D3-BF4B-00C04F79EFBC}") = "Calculator", "Calculator\Calculator.csproj", "{C2A0AFEE-9AB6-4443-95F6-9E1DD0F1359E}"
EndProject
Project("{FAE04EC0-301F-11D3-BF4B-00C04F79EFBC}") = "CalculatorLibrary", "CalculatorLibrary\CalculatorLibrary.csproj", "{0EBDD43F-69B6-4E94-8F29-BC41F0783CB2}"
EndProject
Global
	GlobalSection(SolutionConfigurationPlatforms) = preSolution
		Debug|Any CPU = Debug|Any CPU
		Release|Any CPU = Release|Any CPU
	EndGlobalSection
	GlobalSection(ProjectConfigurationPlatforms) = postSolution
		{C2A0AFEE-9AB6-4443-95F6-9E1DD0F1359E}.Debug|Any CPU.ActiveCfg = Debug|Any CPU
		{C2A0AFEE-9AB6-4443-95F6-9E1DD0F1359E}.Debug|Any CPU.Build.0 = Debug|Any CPU
		{C2A0AFEE-9AB6-4443-95F6-9E1DD0F1359E}.Release|Any CPU.ActiveCfg = Release|Any CPU
		{C2A0AFEE-9AB6-4443-95F6-9E1DD0F1359E}.Release|Any CPU.Build.0 = Release|Any CPU
		{0EBDD43F-69B6-4E94-8F29-BC41F0783CB2}.Debug|Any CPU.ActiveCfg = Debug|Any CPU
		{0EBDD43F-69B6-4E94-8F29-BC41F0783CB2}.Debug|Any CPU.Build.0 = Debug|Any CPU
		{0EBDD43F-69B6-4E94-8F29-BC41F0783CB2}.Release|Any CPU.ActiveCfg = Release|Any CPU
		{0EBDD43F-69B6-4E94-8F29-BC41F0783CB2}.Release|Any CPU.Build.0 = Release|Any CPU
	EndGlobalSection
	GlobalSection(SolutionProperties) = preSolution
		HideSolutionNode = FALSE
	EndGlobalSection
	GlobalSection(ExtensibilityGlobals) = postSolution
		SolutionGuid = {4B1BE204-4C84-448A-A89D-AF82E5AD68F5}
	EndGlobalSection
EndGlobal
