
Microsoft Visual Studio Solution File, Format Version 12.00
# Visual Studio Version 17
VisualStudioVersion = 17.3.32825.248
MinimumVisualStudioVersion = 10.0.40219.1
Project("{FAE04EC0-301F-11D3-BF4B-00C04F79EFBC}") = "consoleCalculator", "consoleCalculator\consoleCalculator.csproj", "{01851772-2E95-44DF-8205-63DAFA7F993F}"
EndProject
Project("{FAE04EC0-301F-11D3-BF4B-00C04F79EFBC}") = "CalculatorLibrary", "CalculatorLibrary\CalculatorLibrary.csproj", "{688A4CB4-C6D3-4BC0-AAA4-0B2479F5EE67}"
EndProject
Global
	GlobalSection(SolutionConfigurationPlatforms) = preSolution
		Debug|Any CPU = Debug|Any CPU
		Release|Any CPU = Release|Any CPU
	EndGlobalSection
	GlobalSection(ProjectConfigurationPlatforms) = postSolution
		{01851772-2E95-44DF-8205-63DAFA7F993F}.Debug|Any CPU.ActiveCfg = Debug|Any CPU
		{01851772-2E95-44DF-8205-63DAFA7F993F}.Debug|Any CPU.Build.0 = Debug|Any CPU
		{01851772-2E95-44DF-8205-63DAFA7F993F}.Release|Any CPU.ActiveCfg = Release|Any CPU
		{01851772-2E95-44DF-8205-63DAFA7F993F}.Release|Any CPU.Build.0 = Release|Any CPU
		{688A4CB4-C6D3-4BC0-AAA4-0B2479F5EE67}.Debug|Any CPU.ActiveCfg = Debug|Any CPU
		{688A4CB4-C6D3-4BC0-AAA4-0B2479F5EE67}.Debug|Any CPU.Build.0 = Debug|Any CPU
		{688A4CB4-C6D3-4BC0-AAA4-0B2479F5EE67}.Release|Any CPU.ActiveCfg = Release|Any CPU
		{688A4CB4-C6D3-4BC0-AAA4-0B2479F5EE67}.Release|Any CPU.Build.0 = Release|Any CPU
	EndGlobalSection
	GlobalSection(SolutionProperties) = preSolution
		HideSolutionNode = FALSE
	EndGlobalSection
	GlobalSection(ExtensibilityGlobals) = postSolution
		SolutionGuid = {1FA8C733-8118-4C0D-9717-61D6C94D9E18}
	EndGlobalSection
EndGlobal
