
Microsoft Visual Studio Solution File, Format Version 12.00
# Visual Studio Version 17
VisualStudioVersion = 17.13.35828.75 d17.13
MinimumVisualStudioVersion = 10.0.40219.1
Project("{FAE04EC0-301F-11D3-BF4B-00C04F79EFBC}") = "CalculatorProgram", "Calculator\CalculatorProgram.csproj", "{42589C28-9F87-4BB2-9B66-5705186E4F76}"
EndProject
Project("{FAE04EC0-301F-11D3-BF4B-00C04F79EFBC}") = "CalculatorLibrary", "CalculatorLibrary\CalculatorLibrary.csproj", "{6377BDFB-D9BE-4760-823F-BB2C82714B5A}"
EndProject
Global
	GlobalSection(SolutionConfigurationPlatforms) = preSolution
		Debug|Any CPU = Debug|Any CPU
		Release|Any CPU = Release|Any CPU
	EndGlobalSection
	GlobalSection(ProjectConfigurationPlatforms) = postSolution
		{42589C28-9F87-4BB2-9B66-5705186E4F76}.Debug|Any CPU.ActiveCfg = Debug|Any CPU
		{42589C28-9F87-4BB2-9B66-5705186E4F76}.Debug|Any CPU.Build.0 = Debug|Any CPU
		{42589C28-9F87-4BB2-9B66-5705186E4F76}.Release|Any CPU.ActiveCfg = Release|Any CPU
		{42589C28-9F87-4BB2-9B66-5705186E4F76}.Release|Any CPU.Build.0 = Release|Any CPU
		{6377BDFB-D9BE-4760-823F-BB2C82714B5A}.Debug|Any CPU.ActiveCfg = Debug|Any CPU
		{6377BDFB-D9BE-4760-823F-BB2C82714B5A}.Debug|Any CPU.Build.0 = Debug|Any CPU
		{6377BDFB-D9BE-4760-823F-BB2C82714B5A}.Release|Any CPU.ActiveCfg = Release|Any CPU
		{6377BDFB-D9BE-4760-823F-BB2C82714B5A}.Release|Any CPU.Build.0 = Release|Any CPU
	EndGlobalSection
	GlobalSection(SolutionProperties) = preSolution
		HideSolutionNode = FALSE
	EndGlobalSection
	GlobalSection(ExtensibilityGlobals) = postSolution
		SolutionGuid = {99FFB502-07F3-4510-BD0A-5EBFE0C2A45A}
	EndGlobalSection
EndGlobal
