
Microsoft Visual Studio Solution File, Format Version 12.00
# Visual Studio Version 17
VisualStudioVersion = 17.5.33516.290
MinimumVisualStudioVersion = 10.0.40219.1
Project("{FAE04EC0-301F-11D3-BF4B-00C04F79EFBC}") = "Calculator", "Calculator\Calculator.csproj", "{78832B79-0821-4CDB-AE5F-2A233852C70C}"
EndProject
Project("{FAE04EC0-301F-11D3-BF4B-00C04F79EFBC}") = "CalculatorLibrary", "CalculatorLibrary\CalculatorLibrary.csproj", "{64A1818F-52CC-41C1-919A-62EEA7A4CE53}"
EndProject
Global
	GlobalSection(SolutionConfigurationPlatforms) = preSolution
		Debug|Any CPU = Debug|Any CPU
		Release|Any CPU = Release|Any CPU
	EndGlobalSection
	GlobalSection(ProjectConfigurationPlatforms) = postSolution
		{78832B79-0821-4CDB-AE5F-2A233852C70C}.Debug|Any CPU.ActiveCfg = Debug|Any CPU
		{78832B79-0821-4CDB-AE5F-2A233852C70C}.Debug|Any CPU.Build.0 = Debug|Any CPU
		{78832B79-0821-4CDB-AE5F-2A233852C70C}.Release|Any CPU.ActiveCfg = Release|Any CPU
		{78832B79-0821-4CDB-AE5F-2A233852C70C}.Release|Any CPU.Build.0 = Release|Any CPU
		{64A1818F-52CC-41C1-919A-62EEA7A4CE53}.Debug|Any CPU.ActiveCfg = Debug|Any CPU
		{64A1818F-52CC-41C1-919A-62EEA7A4CE53}.Debug|Any CPU.Build.0 = Debug|Any CPU
		{64A1818F-52CC-41C1-919A-62EEA7A4CE53}.Release|Any CPU.ActiveCfg = Release|Any CPU
		{64A1818F-52CC-41C1-919A-62EEA7A4CE53}.Release|Any CPU.Build.0 = Release|Any CPU
	EndGlobalSection
	GlobalSection(SolutionProperties) = preSolution
		HideSolutionNode = FALSE
	EndGlobalSection
	GlobalSection(ExtensibilityGlobals) = postSolution
		SolutionGuid = {C5892E73-5A37-4A76-860D-E1B095006C60}
	EndGlobalSection
EndGlobal
