
Microsoft Visual Studio Solution File, Format Version 12.00
# Visual Studio Version 17
VisualStudioVersion = 17.10.35122.118
MinimumVisualStudioVersion = 10.0.40219.1
Project("{FAE04EC0-301F-11D3-BF4B-00C04F79EFBC}") = "Calculator.empty-codes", "Calculator.empty-codes.csproj", "{F28427A3-81C7-4A60-B5E9-15516800F2A7}"
EndProject
Project("{FAE04EC0-301F-11D3-BF4B-00C04F79EFBC}") = "CalculatorLibrary", "..\CalculatorLibrary\CalculatorLibrary.csproj", "{0C5D5247-29B9-4582-8C76-A4F85CC38780}"
EndProject
Global
	GlobalSection(SolutionConfigurationPlatforms) = preSolution
		Debug|Any CPU = Debug|Any CPU
		Release|Any CPU = Release|Any CPU
	EndGlobalSection
	GlobalSection(ProjectConfigurationPlatforms) = postSolution
		{F28427A3-81C7-4A60-B5E9-15516800F2A7}.Debug|Any CPU.ActiveCfg = Debug|Any CPU
		{F28427A3-81C7-4A60-B5E9-15516800F2A7}.Debug|Any CPU.Build.0 = Debug|Any CPU
		{F28427A3-81C7-4A60-B5E9-15516800F2A7}.Release|Any CPU.ActiveCfg = Release|Any CPU
		{F28427A3-81C7-4A60-B5E9-15516800F2A7}.Release|Any CPU.Build.0 = Release|Any CPU
		{0C5D5247-29B9-4582-8C76-A4F85CC38780}.Debug|Any CPU.ActiveCfg = Debug|Any CPU
		{0C5D5247-29B9-4582-8C76-A4F85CC38780}.Debug|Any CPU.Build.0 = Debug|Any CPU
		{0C5D5247-29B9-4582-8C76-A4F85CC38780}.Release|Any CPU.ActiveCfg = Release|Any CPU
		{0C5D5247-29B9-4582-8C76-A4F85CC38780}.Release|Any CPU.Build.0 = Release|Any CPU
	EndGlobalSection
	GlobalSection(SolutionProperties) = preSolution
		HideSolutionNode = FALSE
	EndGlobalSection
	GlobalSection(ExtensibilityGlobals) = postSolution
		SolutionGuid = {91DC3F1F-71B8-4E9B-B375-05A3A04E6D99}
	EndGlobalSection
EndGlobal
