
Microsoft Visual Studio Solution File, Format Version 12.00
# Visual Studio Version 17
VisualStudioVersion = 17.0.31903.59
MinimumVisualStudioVersion = 10.0.40219.1
Project("{FAE04EC0-301F-11D3-BF4B-00C04F79EFBC}") = "ConsoleCalculator.swlivesay", "ConsoleCalculator.swlivesay\ConsoleCalculator.swlivesay.csproj", "{F86CD216-37B4-478C-AF6F-A3F73C72AA44}"
EndProject
Project("{FAE04EC0-301F-11D3-BF4B-00C04F79EFBC}") = "CalculatorLibrary", "CalculatorLibrary\CalculatorLibrary.csproj", "{DEC42B7F-3B65-4F56-8E28-56DD58094EF8}"
EndProject
Global
	GlobalSection(SolutionConfigurationPlatforms) = preSolution
		Debug|Any CPU = Debug|Any CPU
		Release|Any CPU = Release|Any CPU
	EndGlobalSection
	GlobalSection(SolutionProperties) = preSolution
		HideSolutionNode = FALSE
	EndGlobalSection
	GlobalSection(ProjectConfigurationPlatforms) = postSolution
		{F86CD216-37B4-478C-AF6F-A3F73C72AA44}.Debug|Any CPU.ActiveCfg = Debug|Any CPU
		{F86CD216-37B4-478C-AF6F-A3F73C72AA44}.Debug|Any CPU.Build.0 = Debug|Any CPU
		{F86CD216-37B4-478C-AF6F-A3F73C72AA44}.Release|Any CPU.ActiveCfg = Release|Any CPU
		{F86CD216-37B4-478C-AF6F-A3F73C72AA44}.Release|Any CPU.Build.0 = Release|Any CPU
		{DEC42B7F-3B65-4F56-8E28-56DD58094EF8}.Debug|Any CPU.ActiveCfg = Debug|Any CPU
		{DEC42B7F-3B65-4F56-8E28-56DD58094EF8}.Debug|Any CPU.Build.0 = Debug|Any CPU
		{DEC42B7F-3B65-4F56-8E28-56DD58094EF8}.Release|Any CPU.ActiveCfg = Release|Any CPU
		{DEC42B7F-3B65-4F56-8E28-56DD58094EF8}.Release|Any CPU.Build.0 = Release|Any CPU
	EndGlobalSection
EndGlobal
