
Microsoft Visual Studio Solution File, Format Version 12.00
# Visual Studio Version 17
VisualStudioVersion = 17.8.34525.116
MinimumVisualStudioVersion = 10.0.40219.1
Project("{FAE04EC0-301F-11D3-BF4B-00C04F79EFBC}") = "Calculatorr", "Calculatorr\Calculatorr.csproj", "{BFBC24E8-2E53-4A54-938B-ADE946F94E72}"
EndProject
Project("{FAE04EC0-301F-11D3-BF4B-00C04F79EFBC}") = "CalculatorLibrary", "CalculatorLibrary\CalculatorLibrary.csproj", "{772A834D-961A-4512-8F6F-85F8FD75BAA4}"
EndProject
Global
	GlobalSection(SolutionConfigurationPlatforms) = preSolution
		Debug|Any CPU = Debug|Any CPU
		Release|Any CPU = Release|Any CPU
	EndGlobalSection
	GlobalSection(ProjectConfigurationPlatforms) = postSolution
		{BFBC24E8-2E53-4A54-938B-ADE946F94E72}.Debug|Any CPU.ActiveCfg = Debug|Any CPU
		{BFBC24E8-2E53-4A54-938B-ADE946F94E72}.Debug|Any CPU.Build.0 = Debug|Any CPU
		{BFBC24E8-2E53-4A54-938B-ADE946F94E72}.Release|Any CPU.ActiveCfg = Release|Any CPU
		{BFBC24E8-2E53-4A54-938B-ADE946F94E72}.Release|Any CPU.Build.0 = Release|Any CPU
		{772A834D-961A-4512-8F6F-85F8FD75BAA4}.Debug|Any CPU.ActiveCfg = Debug|Any CPU
		{772A834D-961A-4512-8F6F-85F8FD75BAA4}.Debug|Any CPU.Build.0 = Debug|Any CPU
		{772A834D-961A-4512-8F6F-85F8FD75BAA4}.Release|Any CPU.ActiveCfg = Release|Any CPU
		{772A834D-961A-4512-8F6F-85F8FD75BAA4}.Release|Any CPU.Build.0 = Release|Any CPU
	EndGlobalSection
	GlobalSection(SolutionProperties) = preSolution
		HideSolutionNode = FALSE
	EndGlobalSection
	GlobalSection(ExtensibilityGlobals) = postSolution
		SolutionGuid = {8FBE03FD-1CFF-40C9-A7F4-10B6C7904393}
	EndGlobalSection
EndGlobal
