
Microsoft Visual Studio Solution File, Format Version 12.00
# Visual Studio Version 17
VisualStudioVersion = 17.10.35013.160
MinimumVisualStudioVersion = 10.0.40219.1
Project("{FAE04EC0-301F-11D3-BF4B-00C04F79EFBC}") = "Calculator", "Calculator\Calculator.csproj", "{2C295DFD-9E7D-4B45-BE07-06C6E2922A30}"
EndProject
Global
	GlobalSection(SolutionConfigurationPlatforms) = preSolution
		Debug|Any CPU = Debug|Any CPU
		Release|Any CPU = Release|Any CPU
	EndGlobalSection
	GlobalSection(ProjectConfigurationPlatforms) = postSolution
		{2C295DFD-9E7D-4B45-BE07-06C6E2922A30}.Debug|Any CPU.ActiveCfg = Debug|Any CPU
		{2C295DFD-9E7D-4B45-BE07-06C6E2922A30}.Debug|Any CPU.Build.0 = Debug|Any CPU
		{2C295DFD-9E7D-4B45-BE07-06C6E2922A30}.Release|Any CPU.ActiveCfg = Release|Any CPU
		{2C295DFD-9E7D-4B45-BE07-06C6E2922A30}.Release|Any CPU.Build.0 = Release|Any CPU
	EndGlobalSection
	GlobalSection(SolutionProperties) = preSolution
		HideSolutionNode = FALSE
	EndGlobalSection
	GlobalSection(ExtensibilityGlobals) = postSolution
		SolutionGuid = {0566E37F-762D-48F9-BBF0-8B109C706E13}
	EndGlobalSection
EndGlobal
