
Microsoft Visual Studio Solution File, Format Version 12.00
# Visual Studio Version 17
VisualStudioVersion = 17.5.002.0
MinimumVisualStudioVersion = 10.0.40219.1
Project("{9A19103F-16F7-4668-BE54-9A1E7A4F7556}") = "Calculator", "Calculator.csproj", "{D61A7ADA-2899-4E54-A78F-D76892C746CF}"
EndProject
Project("{FAE04EC0-301F-11D3-BF4B-00C04F79EFBC}") = "CalculatorLibrary", "CalculatorLibrary\CalculatorLibrary.csproj", "{7F50EC62-DE63-465B-B7C4-7D1D1CA1AE77}"
EndProject
Global
	GlobalSection(SolutionConfigurationPlatforms) = preSolution
		Debug|Any CPU = Debug|Any CPU
		Release|Any CPU = Release|Any CPU
	EndGlobalSection
	GlobalSection(ProjectConfigurationPlatforms) = postSolution
		{D61A7ADA-2899-4E54-A78F-D76892C746CF}.Debug|Any CPU.ActiveCfg = Debug|Any CPU
		{D61A7ADA-2899-4E54-A78F-D76892C746CF}.Debug|Any CPU.Build.0 = Debug|Any CPU
		{D61A7ADA-2899-4E54-A78F-D76892C746CF}.Release|Any CPU.ActiveCfg = Release|Any CPU
		{D61A7ADA-2899-4E54-A78F-D76892C746CF}.Release|Any CPU.Build.0 = Release|Any CPU
		{7F50EC62-DE63-465B-B7C4-7D1D1CA1AE77}.Debug|Any CPU.ActiveCfg = Debug|Any CPU
		{7F50EC62-DE63-465B-B7C4-7D1D1CA1AE77}.Debug|Any CPU.Build.0 = Debug|Any CPU
		{7F50EC62-DE63-465B-B7C4-7D1D1CA1AE77}.Release|Any CPU.ActiveCfg = Release|Any CPU
		{7F50EC62-DE63-465B-B7C4-7D1D1CA1AE77}.Release|Any CPU.Build.0 = Release|Any CPU
	EndGlobalSection
	GlobalSection(SolutionProperties) = preSolution
		HideSolutionNode = FALSE
	EndGlobalSection
	GlobalSection(ExtensibilityGlobals) = postSolution
		SolutionGuid = {E58CF974-50D9-4419-B6A7-7E5F22879E8E}
	EndGlobalSection
EndGlobal
