
Microsoft Visual Studio Solution File, Format Version 12.00
# Visual Studio Version 17
VisualStudioVersion = 17.8.34309.116
MinimumVisualStudioVersion = 10.0.40219.1
Project("{9A19103F-16F7-4668-BE54-9A1E7A4F7556}") = "Calculator", "Calculator\Calculator.csproj", "{FC56DDBF-F41E-45CF-8BE0-DA44BF2C5D21}"
EndProject
Project("{FAE04EC0-301F-11D3-BF4B-00C04F79EFBC}") = "CalculatorLibrary", "CalculatorLibrary\CalculatorLibrary.csproj", "{D8679F0C-D6BE-4F47-9CCB-14EF956EB904}"
EndProject
Global
	GlobalSection(SolutionConfigurationPlatforms) = preSolution
		Debug|Any CPU = Debug|Any CPU
		Release|Any CPU = Release|Any CPU
	EndGlobalSection
	GlobalSection(ProjectConfigurationPlatforms) = postSolution
		{FC56DDBF-F41E-45CF-8BE0-DA44BF2C5D21}.Debug|Any CPU.ActiveCfg = Debug|Any CPU
		{FC56DDBF-F41E-45CF-8BE0-DA44BF2C5D21}.Debug|Any CPU.Build.0 = Debug|Any CPU
		{FC56DDBF-F41E-45CF-8BE0-DA44BF2C5D21}.Release|Any CPU.ActiveCfg = Release|Any CPU
		{FC56DDBF-F41E-45CF-8BE0-DA44BF2C5D21}.Release|Any CPU.Build.0 = Release|Any CPU
		{D8679F0C-D6BE-4F47-9CCB-14EF956EB904}.Debug|Any CPU.ActiveCfg = Debug|Any CPU
		{D8679F0C-D6BE-4F47-9CCB-14EF956EB904}.Debug|Any CPU.Build.0 = Debug|Any CPU
		{D8679F0C-D6BE-4F47-9CCB-14EF956EB904}.Release|Any CPU.ActiveCfg = Release|Any CPU
		{D8679F0C-D6BE-4F47-9CCB-14EF956EB904}.Release|Any CPU.Build.0 = Release|Any CPU
	EndGlobalSection
	GlobalSection(SolutionProperties) = preSolution
		HideSolutionNode = FALSE
	EndGlobalSection
	GlobalSection(ExtensibilityGlobals) = postSolution
		SolutionGuid = {7D0AECC8-458C-435B-B8F6-CC7438F3001D}
	EndGlobalSection
EndGlobal
