
Microsoft Visual Studio Solution File, Format Version 12.00
# Visual Studio Version 17
VisualStudioVersion = 17.10.35013.160
MinimumVisualStudioVersion = 10.0.40219.1
Project("{FAE04EC0-301F-11D3-BF4B-00C04F79EFBC}") = "CalculatorProgram", "Calculator\CalculatorProgram.csproj", "{9C5DD208-E87C-4CE0-AB1E-597585CE1A61}"
EndProject
Project("{FAE04EC0-301F-11D3-BF4B-00C04F79EFBC}") = "CalculatorLibrary", "CalculatorLibrary\CalculatorLibrary.csproj", "{3C3F06DB-2E68-444E-85D9-24606241D113}"
EndProject
Global
	GlobalSection(SolutionConfigurationPlatforms) = preSolution
		Debug|Any CPU = Debug|Any CPU
		Release|Any CPU = Release|Any CPU
	EndGlobalSection
	GlobalSection(ProjectConfigurationPlatforms) = postSolution
		{9C5DD208-E87C-4CE0-AB1E-597585CE1A61}.Debug|Any CPU.ActiveCfg = Debug|Any CPU
		{9C5DD208-E87C-4CE0-AB1E-597585CE1A61}.Debug|Any CPU.Build.0 = Debug|Any CPU
		{9C5DD208-E87C-4CE0-AB1E-597585CE1A61}.Release|Any CPU.ActiveCfg = Release|Any CPU
		{9C5DD208-E87C-4CE0-AB1E-597585CE1A61}.Release|Any CPU.Build.0 = Release|Any CPU
		{3C3F06DB-2E68-444E-85D9-24606241D113}.Debug|Any CPU.ActiveCfg = Debug|Any CPU
		{3C3F06DB-2E68-444E-85D9-24606241D113}.Debug|Any CPU.Build.0 = Debug|Any CPU
		{3C3F06DB-2E68-444E-85D9-24606241D113}.Release|Any CPU.ActiveCfg = Release|Any CPU
		{3C3F06DB-2E68-444E-85D9-24606241D113}.Release|Any CPU.Build.0 = Release|Any CPU
	EndGlobalSection
	GlobalSection(SolutionProperties) = preSolution
		HideSolutionNode = FALSE
	EndGlobalSection
	GlobalSection(ExtensibilityGlobals) = postSolution
		SolutionGuid = {5CC77787-3AED-4D4F-AA48-753319C3B1EC}
	EndGlobalSection
EndGlobal
