
Microsoft Visual Studio Solution File, Format Version 12.00
# Visual Studio Version 17
VisualStudioVersion = 17.4.33213.308
MinimumVisualStudioVersion = 10.0.40219.1
Project("{9A19103F-16F7-4668-BE54-9A1E7A4F7556}") = "Calculator", "Calculator\Calculator.csproj", "{74467A92-C08F-4C41-8DCC-7C2AF297FB99}"
EndProject
Project("{FAE04EC0-301F-11D3-BF4B-00C04F79EFBC}") = "CalculatorLibrary", "CalculatorLibrary\CalculatorLibrary.csproj", "{5869669F-F0F5-4714-880B-0E084DBCE4B3}"
EndProject
Global
	GlobalSection(SolutionConfigurationPlatforms) = preSolution
		Debug|Any CPU = Debug|Any CPU
		Release|Any CPU = Release|Any CPU
	EndGlobalSection
	GlobalSection(ProjectConfigurationPlatforms) = postSolution
		{74467A92-C08F-4C41-8DCC-7C2AF297FB99}.Debug|Any CPU.ActiveCfg = Debug|Any CPU
		{74467A92-C08F-4C41-8DCC-7C2AF297FB99}.Debug|Any CPU.Build.0 = Debug|Any CPU
		{74467A92-C08F-4C41-8DCC-7C2AF297FB99}.Release|Any CPU.ActiveCfg = Release|Any CPU
		{74467A92-C08F-4C41-8DCC-7C2AF297FB99}.Release|Any CPU.Build.0 = Release|Any CPU
		{5869669F-F0F5-4714-880B-0E084DBCE4B3}.Debug|Any CPU.ActiveCfg = Debug|Any CPU
		{5869669F-F0F5-4714-880B-0E084DBCE4B3}.Debug|Any CPU.Build.0 = Debug|Any CPU
		{5869669F-F0F5-4714-880B-0E084DBCE4B3}.Release|Any CPU.ActiveCfg = Release|Any CPU
		{5869669F-F0F5-4714-880B-0E084DBCE4B3}.Release|Any CPU.Build.0 = Release|Any CPU
	EndGlobalSection
	GlobalSection(SolutionProperties) = preSolution
		HideSolutionNode = FALSE
	EndGlobalSection
	GlobalSection(ExtensibilityGlobals) = postSolution
		SolutionGuid = {B8A0DE1B-631E-4A11-A61A-7EA71649CAC9}
	EndGlobalSection
EndGlobal
