
Microsoft Visual Studio Solution File, Format Version 12.00
# Visual Studio Version 17
VisualStudioVersion = 17.7.34031.279
MinimumVisualStudioVersion = 10.0.40219.1
Project("{9A19103F-16F7-4668-BE54-9A1E7A4F7556}") = "calculator.czerviik", "calculator.czerviik\calculator.czerviik.csproj", "{C0946834-3E70-4CA5-8713-BE3CAF1EDEAF}"
EndProject
Project("{FAE04EC0-301F-11D3-BF4B-00C04F79EFBC}") = "CalculatorLibrary", "CalculatorLibrary\CalculatorLibrary.csproj", "{9DDE2DB6-5F79-49A4-AA19-32101FDE806F}"
EndProject
Global
	GlobalSection(SolutionConfigurationPlatforms) = preSolution
		Debug|Any CPU = Debug|Any CPU
		Release|Any CPU = Release|Any CPU
	EndGlobalSection
	GlobalSection(ProjectConfigurationPlatforms) = postSolution
		{C0946834-3E70-4CA5-8713-BE3CAF1EDEAF}.Debug|Any CPU.ActiveCfg = Debug|Any CPU
		{C0946834-3E70-4CA5-8713-BE3CAF1EDEAF}.Debug|Any CPU.Build.0 = Debug|Any CPU
		{C0946834-3E70-4CA5-8713-BE3CAF1EDEAF}.Release|Any CPU.ActiveCfg = Release|Any CPU
		{C0946834-3E70-4CA5-8713-BE3CAF1EDEAF}.Release|Any CPU.Build.0 = Release|Any CPU
		{9DDE2DB6-5F79-49A4-AA19-32101FDE806F}.Debug|Any CPU.ActiveCfg = Debug|Any CPU
		{9DDE2DB6-5F79-49A4-AA19-32101FDE806F}.Debug|Any CPU.Build.0 = Debug|Any CPU
		{9DDE2DB6-5F79-49A4-AA19-32101FDE806F}.Release|Any CPU.ActiveCfg = Release|Any CPU
		{9DDE2DB6-5F79-49A4-AA19-32101FDE806F}.Release|Any CPU.Build.0 = Release|Any CPU
	EndGlobalSection
	GlobalSection(SolutionProperties) = preSolution
		HideSolutionNode = FALSE
	EndGlobalSection
	GlobalSection(ExtensibilityGlobals) = postSolution
		SolutionGuid = {4E845B49-89C1-4AA4-A143-8A5AF1F09527}
	EndGlobalSection
EndGlobal
