
Microsoft Visual Studio Solution File, Format Version 12.00
# Visual Studio Version 17
VisualStudioVersion = 17.10.34928.147
MinimumVisualStudioVersion = 10.0.40219.1
Project("{9A19103F-16F7-4668-BE54-9A1E7A4F7556}") = "CodeReview.Console.Calculator.kjanos89", "CodeReview.Console.Calculator.kjanos89\CodeReview.Console.Calculator.kjanos89.csproj", "{7BF90E02-A259-4A58-ADCE-953D40D6168B}"
EndProject
Project("{FAE04EC0-301F-11D3-BF4B-00C04F79EFBC}") = "CalculatorLibrary", "CalculatorLibrary\CalculatorLibrary.csproj", "{0DE8A824-3E3F-4E1E-90C2-ADEAB04E3C93}"
EndProject
Global
	GlobalSection(SolutionConfigurationPlatforms) = preSolution
		Debug|Any CPU = Debug|Any CPU
		Release|Any CPU = Release|Any CPU
	EndGlobalSection
	GlobalSection(ProjectConfigurationPlatforms) = postSolution
		{7BF90E02-A259-4A58-ADCE-953D40D6168B}.Debug|Any CPU.ActiveCfg = Debug|Any CPU
		{7BF90E02-A259-4A58-ADCE-953D40D6168B}.Debug|Any CPU.Build.0 = Debug|Any CPU
		{7BF90E02-A259-4A58-ADCE-953D40D6168B}.Release|Any CPU.ActiveCfg = Release|Any CPU
		{7BF90E02-A259-4A58-ADCE-953D40D6168B}.Release|Any CPU.Build.0 = Release|Any CPU
		{0DE8A824-3E3F-4E1E-90C2-ADEAB04E3C93}.Debug|Any CPU.ActiveCfg = Debug|Any CPU
		{0DE8A824-3E3F-4E1E-90C2-ADEAB04E3C93}.Debug|Any CPU.Build.0 = Debug|Any CPU
		{0DE8A824-3E3F-4E1E-90C2-ADEAB04E3C93}.Release|Any CPU.ActiveCfg = Release|Any CPU
		{0DE8A824-3E3F-4E1E-90C2-ADEAB04E3C93}.Release|Any CPU.Build.0 = Release|Any CPU
	EndGlobalSection
	GlobalSection(SolutionProperties) = preSolution
		HideSolutionNode = FALSE
	EndGlobalSection
	GlobalSection(ExtensibilityGlobals) = postSolution
		SolutionGuid = {2DCD0E62-AAD5-4CBA-A1F5-1751BFC0FE50}
	EndGlobalSection
EndGlobal
