
Microsoft Visual Studio Solution File, Format Version 12.00
Project("{FAE04EC0-301F-11D3-BF4B-00C04F79EFBC}") = "Calculator", "..\..\Calculator\Calculator\Calculator.csproj", "{427EB4D0-B10E-4B1D-A0F9-AC660EEC0A68}"
EndProject
Project("{FAE04EC0-301F-11D3-BF4B-00C04F79EFBC}") = "CalculatorLibrary", "..\..\Calculator\CalculatorLibrary\CalculatorLibrary.csproj", "{038A5D99-50CB-4B03-8F19-00F27485A3C6}"
EndProject
Global
	GlobalSection(SolutionConfigurationPlatforms) = preSolution
		Debug|Any CPU = Debug|Any CPU
		Release|Any CPU = Release|Any CPU
	EndGlobalSection
	GlobalSection(ProjectConfigurationPlatforms) = postSolution
		{427EB4D0-B10E-4B1D-A0F9-AC660EEC0A68}.Debug|Any CPU.ActiveCfg = Debug|Any CPU
		{427EB4D0-B10E-4B1D-A0F9-AC660EEC0A68}.Debug|Any CPU.Build.0 = Debug|Any CPU
		{427EB4D0-B10E-4B1D-A0F9-AC660EEC0A68}.Release|Any CPU.ActiveCfg = Release|Any CPU
		{427EB4D0-B10E-4B1D-A0F9-AC660EEC0A68}.Release|Any CPU.Build.0 = Release|Any CPU
		{038A5D99-50CB-4B03-8F19-00F27485A3C6}.Debug|Any CPU.ActiveCfg = Debug|Any CPU
		{038A5D99-50CB-4B03-8F19-00F27485A3C6}.Debug|Any CPU.Build.0 = Debug|Any CPU
		{038A5D99-50CB-4B03-8F19-00F27485A3C6}.Release|Any CPU.ActiveCfg = Release|Any CPU
		{038A5D99-50CB-4B03-8F19-00F27485A3C6}.Release|Any CPU.Build.0 = Release|Any CPU
	EndGlobalSection
EndGlobal
