
Microsoft Visual Studio Solution File, Format Version 12.00
Project("{FAE04EC0-301F-11D3-BF4B-00C04F79EFBC}") = "Calculator.TildaDares", "Calculator.TildaDares\Calculator.TildaDares.csproj", "{748E3199-D9C7-4549-84CD-8A3A1AAD1ADE}"
EndProject
Project("{FAE04EC0-301F-11D3-BF4B-00C04F79EFBC}") = "CalculatorLibrary", "CalculatorLibrary\CalculatorLibrary.csproj", "{175870E0-C8A5-43B3-ABE6-9E7380FD981F}"
EndProject
Global
	GlobalSection(SolutionConfigurationPlatforms) = preSolution
		Debug|Any CPU = Debug|Any CPU
		Release|Any CPU = Release|Any CPU
	EndGlobalSection
	GlobalSection(ProjectConfigurationPlatforms) = postSolution
		{748E3199-D9C7-4549-84CD-8A3A1AAD1ADE}.Debug|Any CPU.ActiveCfg = Debug|Any CPU
		{748E3199-D9C7-4549-84CD-8A3A1AAD1ADE}.Debug|Any CPU.Build.0 = Debug|Any CPU
		{748E3199-D9C7-4549-84CD-8A3A1AAD1ADE}.Release|Any CPU.ActiveCfg = Release|Any CPU
		{748E3199-D9C7-4549-84CD-8A3A1AAD1ADE}.Release|Any CPU.Build.0 = Release|Any CPU
		{175870E0-C8A5-43B3-ABE6-9E7380FD981F}.Debug|Any CPU.ActiveCfg = Debug|Any CPU
		{175870E0-C8A5-43B3-ABE6-9E7380FD981F}.Debug|Any CPU.Build.0 = Debug|Any CPU
		{175870E0-C8A5-43B3-ABE6-9E7380FD981F}.Release|Any CPU.ActiveCfg = Release|Any CPU
		{175870E0-C8A5-43B3-ABE6-9E7380FD981F}.Release|Any CPU.Build.0 = Release|Any CPU
	EndGlobalSection
EndGlobal
