
Microsoft Visual Studio Solution File, Format Version 12.00
# Visual Studio Version 17
VisualStudioVersion = 17.6.33801.468
MinimumVisualStudioVersion = 10.0.40219.1
Project("{FAE04EC0-301F-11D3-BF4B-00C04F79EFBC}") = "Calculator.frockett", "Calculator.frockett\Calculator.frockett.csproj", "{BA6B5787-679F-45E1-B718-58DA17D201DE}"
EndProject
Global
	GlobalSection(SolutionConfigurationPlatforms) = preSolution
		Debug|Any CPU = Debug|Any CPU
		Release|Any CPU = Release|Any CPU
	EndGlobalSection
	GlobalSection(ProjectConfigurationPlatforms) = postSolution
		{BA6B5787-679F-45E1-B718-58DA17D201DE}.Debug|Any CPU.ActiveCfg = Debug|Any CPU
		{BA6B5787-679F-45E1-B718-58DA17D201DE}.Debug|Any CPU.Build.0 = Debug|Any CPU
		{BA6B5787-679F-45E1-B718-58DA17D201DE}.Release|Any CPU.ActiveCfg = Release|Any CPU
		{BA6B5787-679F-45E1-B718-58DA17D201DE}.Release|Any CPU.Build.0 = Release|Any CPU
	EndGlobalSection
	GlobalSection(SolutionProperties) = preSolution
		HideSolutionNode = FALSE
	EndGlobalSection
	GlobalSection(ExtensibilityGlobals) = postSolution
		SolutionGuid = {753327BB-2DEA-493C-AC26-D8D22F73C45E}
	EndGlobalSection
EndGlobal
