
Microsoft Visual Studio Solution File, Format Version 12.00
# Visual Studio Version 17
VisualStudioVersion = 17.8.34525.116
MinimumVisualStudioVersion = 10.0.40219.1
Project("{FAE04EC0-301F-11D3-BF4B-00C04F79EFBC}") = "Calculator", "Calculator\Calculator.csproj", "{7BDF87B6-613E-4FDC-BF42-E4C84DEDBF01}"
EndProject
Project("{FAE04EC0-301F-11D3-BF4B-00C04F79EFBC}") = "CalculatorLibrary", "CalculatorLibrary\CalculatorLibrary.csproj", "{93587195-B1A9-455A-9BAE-E3D7A58D8A38}"
EndProject
Global
	GlobalSection(SolutionConfigurationPlatforms) = preSolution
		Debug|Any CPU = Debug|Any CPU
		Release|Any CPU = Release|Any CPU
	EndGlobalSection
	GlobalSection(ProjectConfigurationPlatforms) = postSolution
		{7BDF87B6-613E-4FDC-BF42-E4C84DEDBF01}.Debug|Any CPU.ActiveCfg = Debug|Any CPU
		{7BDF87B6-613E-4FDC-BF42-E4C84DEDBF01}.Debug|Any CPU.Build.0 = Debug|Any CPU
		{7BDF87B6-613E-4FDC-BF42-E4C84DEDBF01}.Release|Any CPU.ActiveCfg = Release|Any CPU
		{7BDF87B6-613E-4FDC-BF42-E4C84DEDBF01}.Release|Any CPU.Build.0 = Release|Any CPU
		{93587195-B1A9-455A-9BAE-E3D7A58D8A38}.Debug|Any CPU.ActiveCfg = Debug|Any CPU
		{93587195-B1A9-455A-9BAE-E3D7A58D8A38}.Debug|Any CPU.Build.0 = Debug|Any CPU
		{93587195-B1A9-455A-9BAE-E3D7A58D8A38}.Release|Any CPU.ActiveCfg = Release|Any CPU
		{93587195-B1A9-455A-9BAE-E3D7A58D8A38}.Release|Any CPU.Build.0 = Release|Any CPU
	EndGlobalSection
	GlobalSection(SolutionProperties) = preSolution
		HideSolutionNode = FALSE
	EndGlobalSection
	GlobalSection(ExtensibilityGlobals) = postSolution
		SolutionGuid = {DE5DE70E-EED1-4733-A3AC-350AE5625862}
	EndGlobalSection
EndGlobal
