
Microsoft Visual Studio Solution File, Format Version 12.00
# Visual Studio Version 17
VisualStudioVersion = 17.9.34728.123
MinimumVisualStudioVersion = 10.0.40219.1
Project("{9A19103F-16F7-4668-BE54-9A1E7A4F7556}") = "Calculatorİdris", "Calculatorİdris\Calculatorİdris.csproj", "{C23DD256-5D3A-42E4-9063-0A6EEC0B7D89}"
EndProject
Project("{FAE04EC0-301F-11D3-BF4B-00C04F79EFBC}") = "CalculatorLibrary", "CalculatorLibrary\CalculatorLibrary.csproj", "{6B3FCD53-63BD-4744-9D62-249013529E48}"
EndProject
Global
	GlobalSection(SolutionConfigurationPlatforms) = preSolution
		Debug|Any CPU = Debug|Any CPU
		Release|Any CPU = Release|Any CPU
	EndGlobalSection
	GlobalSection(ProjectConfigurationPlatforms) = postSolution
		{C23DD256-5D3A-42E4-9063-0A6EEC0B7D89}.Debug|Any CPU.ActiveCfg = Debug|Any CPU
		{C23DD256-5D3A-42E4-9063-0A6EEC0B7D89}.Debug|Any CPU.Build.0 = Debug|Any CPU
		{C23DD256-5D3A-42E4-9063-0A6EEC0B7D89}.Release|Any CPU.ActiveCfg = Release|Any CPU
		{C23DD256-5D3A-42E4-9063-0A6EEC0B7D89}.Release|Any CPU.Build.0 = Release|Any CPU
		{6B3FCD53-63BD-4744-9D62-249013529E48}.Debug|Any CPU.ActiveCfg = Debug|Any CPU
		{6B3FCD53-63BD-4744-9D62-249013529E48}.Debug|Any CPU.Build.0 = Debug|Any CPU
		{6B3FCD53-63BD-4744-9D62-249013529E48}.Release|Any CPU.ActiveCfg = Release|Any CPU
		{6B3FCD53-63BD-4744-9D62-249013529E48}.Release|Any CPU.Build.0 = Release|Any CPU
	EndGlobalSection
	GlobalSection(SolutionProperties) = preSolution
		HideSolutionNode = FALSE
	EndGlobalSection
	GlobalSection(ExtensibilityGlobals) = postSolution
		SolutionGuid = {354CF4CE-119D-44E4-B2D2-A96A80C55E28}
	EndGlobalSection
EndGlobal
