
Microsoft Visual Studio Solution File, Format Version 12.00
# Visual Studio Version 17
VisualStudioVersion = 17.10.35122.118
MinimumVisualStudioVersion = 10.0.40219.1
Project("{FAE04EC0-301F-11D3-BF4B-00C04F79EFBC}") = "Calculator", "Calculator\Calculator.csproj", "{0ED0F79F-C415-4162-A64A-891EFB83E80A}"
EndProject
Project("{FAE04EC0-301F-11D3-BF4B-00C04F79EFBC}") = "CalculatorLibrary", "CalculatorLibrary\CalculatorLibrary.csproj", "{45E00316-4AF5-445E-92EB-9E60EE6CDB27}"
EndProject
Global
	GlobalSection(SolutionConfigurationPlatforms) = preSolution
		Debug|Any CPU = Debug|Any CPU
		Release|Any CPU = Release|Any CPU
	EndGlobalSection
	GlobalSection(ProjectConfigurationPlatforms) = postSolution
		{0ED0F79F-C415-4162-A64A-891EFB83E80A}.Debug|Any CPU.ActiveCfg = Debug|Any CPU
		{0ED0F79F-C415-4162-A64A-891EFB83E80A}.Debug|Any CPU.Build.0 = Debug|Any CPU
		{0ED0F79F-C415-4162-A64A-891EFB83E80A}.Release|Any CPU.ActiveCfg = Release|Any CPU
		{0ED0F79F-C415-4162-A64A-891EFB83E80A}.Release|Any CPU.Build.0 = Release|Any CPU
		{45E00316-4AF5-445E-92EB-9E60EE6CDB27}.Debug|Any CPU.ActiveCfg = Debug|Any CPU
		{45E00316-4AF5-445E-92EB-9E60EE6CDB27}.Debug|Any CPU.Build.0 = Debug|Any CPU
		{45E00316-4AF5-445E-92EB-9E60EE6CDB27}.Release|Any CPU.ActiveCfg = Release|Any CPU
		{45E00316-4AF5-445E-92EB-9E60EE6CDB27}.Release|Any CPU.Build.0 = Release|Any CPU
	EndGlobalSection
	GlobalSection(SolutionProperties) = preSolution
		HideSolutionNode = FALSE
	EndGlobalSection
	GlobalSection(ExtensibilityGlobals) = postSolution
		SolutionGuid = {A4DC18D3-3EB2-4094-9734-7BB7E575C6E2}
	EndGlobalSection
EndGlobal
