
Microsoft Visual Studio Solution File, Format Version 12.00
# Visual Studio Version 17
VisualStudioVersion = 17.10.34928.147
MinimumVisualStudioVersion = 10.0.40219.1
Project("{FAE04EC0-301F-11D3-BF4B-00C04F79EFBC}") = "Calculator", "Calculator.csproj", "{4829EBF5-61FB-4366-956B-72760A40D4DA}"
EndProject
Project("{FAE04EC0-301F-11D3-BF4B-00C04F79EFBC}") = "CalculatorLibrary", "..\CalculatorLibrary\CalculatorLibrary.csproj", "{F35D58B5-FF0F-4656-BD58-E1C8BE91FA8B}"
EndProject
Global
	GlobalSection(SolutionConfigurationPlatforms) = preSolution
		Debug|Any CPU = Debug|Any CPU
		Release|Any CPU = Release|Any CPU
	EndGlobalSection
	GlobalSection(ProjectConfigurationPlatforms) = postSolution
		{4829EBF5-61FB-4366-956B-72760A40D4DA}.Debug|Any CPU.ActiveCfg = Debug|Any CPU
		{4829EBF5-61FB-4366-956B-72760A40D4DA}.Debug|Any CPU.Build.0 = Debug|Any CPU
		{4829EBF5-61FB-4366-956B-72760A40D4DA}.Release|Any CPU.ActiveCfg = Release|Any CPU
		{4829EBF5-61FB-4366-956B-72760A40D4DA}.Release|Any CPU.Build.0 = Release|Any CPU
		{F35D58B5-FF0F-4656-BD58-E1C8BE91FA8B}.Debug|Any CPU.ActiveCfg = Debug|Any CPU
		{F35D58B5-FF0F-4656-BD58-E1C8BE91FA8B}.Debug|Any CPU.Build.0 = Debug|Any CPU
		{F35D58B5-FF0F-4656-BD58-E1C8BE91FA8B}.Release|Any CPU.ActiveCfg = Release|Any CPU
		{F35D58B5-FF0F-4656-BD58-E1C8BE91FA8B}.Release|Any CPU.Build.0 = Release|Any CPU
	EndGlobalSection
	GlobalSection(SolutionProperties) = preSolution
		HideSolutionNode = FALSE
	EndGlobalSection
	GlobalSection(ExtensibilityGlobals) = postSolution
		SolutionGuid = {5B88704D-0FC2-45D2-AFD7-92EC8B33BE0E}
	EndGlobalSection
EndGlobal
