
Microsoft Visual Studio Solution File, Format Version 12.00
# Visual Studio Version 17
VisualStudioVersion = 17.10.35013.160
MinimumVisualStudioVersion = 10.0.40219.1
Project("{FAE04EC0-301F-11D3-BF4B-00C04F79EFBC}") = "Console.Calculator.ukpagrace", "Console.Calculator.ukpagrace\Console.Calculator.ukpagrace.csproj", "{92BE83B5-0DCC-4358-AB29-F9474A29A049}"
EndProject
Project("{FAE04EC0-301F-11D3-BF4B-00C04F79EFBC}") = "CalculatorLibrary", "CalculatorLibrary\CalculatorLibrary.csproj", "{900BBE78-4A53-4D75-84BA-5975AB66D928}"
EndProject
Global
	GlobalSection(SolutionConfigurationPlatforms) = preSolution
		Debug|Any CPU = Debug|Any CPU
		Release|Any CPU = Release|Any CPU
	EndGlobalSection
	GlobalSection(ProjectConfigurationPlatforms) = postSolution
		{92BE83B5-0DCC-4358-AB29-F9474A29A049}.Debug|Any CPU.ActiveCfg = Debug|Any CPU
		{92BE83B5-0DCC-4358-AB29-F9474A29A049}.Debug|Any CPU.Build.0 = Debug|Any CPU
		{92BE83B5-0DCC-4358-AB29-F9474A29A049}.Release|Any CPU.ActiveCfg = Release|Any CPU
		{92BE83B5-0DCC-4358-AB29-F9474A29A049}.Release|Any CPU.Build.0 = Release|Any CPU
		{900BBE78-4A53-4D75-84BA-5975AB66D928}.Debug|Any CPU.ActiveCfg = Debug|Any CPU
		{900BBE78-4A53-4D75-84BA-5975AB66D928}.Debug|Any CPU.Build.0 = Debug|Any CPU
		{900BBE78-4A53-4D75-84BA-5975AB66D928}.Release|Any CPU.ActiveCfg = Release|Any CPU
		{900BBE78-4A53-4D75-84BA-5975AB66D928}.Release|Any CPU.Build.0 = Release|Any CPU
	EndGlobalSection
	GlobalSection(SolutionProperties) = preSolution
		HideSolutionNode = FALSE
	EndGlobalSection
	GlobalSection(ExtensibilityGlobals) = postSolution
		SolutionGuid = {4122553E-6FDF-49B7-B642-0F41A6546C93}
	EndGlobalSection
EndGlobal
