
Microsoft Visual Studio Solution File, Format Version 12.00
# Visual Studio Version 17
VisualStudioVersion = 17.7.34003.232
MinimumVisualStudioVersion = 10.0.40219.1
Project("{FAE04EC0-301F-11D3-BF4B-00C04F79EFBC}") = "Calculator.NIk00NN", "Calculator.NIk00NN.csproj", "{8552CF28-D96A-41C1-B67A-99632EC3534F}"
EndProject
Project("{FAE04EC0-301F-11D3-BF4B-00C04F79EFBC}") = "CalculatorLibrary", "CalculatorLibrary\CalculatorLibrary.csproj", "{9124AC79-5CCD-47E7-9059-7B6FC03D4B47}"
EndProject
Global
	GlobalSection(SolutionConfigurationPlatforms) = preSolution
		Debug|Any CPU = Debug|Any CPU
		Release|Any CPU = Release|Any CPU
	EndGlobalSection
	GlobalSection(ProjectConfigurationPlatforms) = postSolution
		{8552CF28-D96A-41C1-B67A-99632EC3534F}.Debug|Any CPU.ActiveCfg = Debug|Any CPU
		{8552CF28-D96A-41C1-B67A-99632EC3534F}.Debug|Any CPU.Build.0 = Debug|Any CPU
		{8552CF28-D96A-41C1-B67A-99632EC3534F}.Release|Any CPU.ActiveCfg = Release|Any CPU
		{8552CF28-D96A-41C1-B67A-99632EC3534F}.Release|Any CPU.Build.0 = Release|Any CPU
		{9124AC79-5CCD-47E7-9059-7B6FC03D4B47}.Debug|Any CPU.ActiveCfg = Debug|Any CPU
		{9124AC79-5CCD-47E7-9059-7B6FC03D4B47}.Debug|Any CPU.Build.0 = Debug|Any CPU
		{9124AC79-5CCD-47E7-9059-7B6FC03D4B47}.Release|Any CPU.ActiveCfg = Release|Any CPU
		{9124AC79-5CCD-47E7-9059-7B6FC03D4B47}.Release|Any CPU.Build.0 = Release|Any CPU
	EndGlobalSection
	GlobalSection(SolutionProperties) = preSolution
		HideSolutionNode = FALSE
	EndGlobalSection
	GlobalSection(ExtensibilityGlobals) = postSolution
		SolutionGuid = {60773D35-7C87-4AAA-A23D-E89791F3A1D1}
	EndGlobalSection
EndGlobal
