
Microsoft Visual Studio Solution File, Format Version 12.00
# Visual Studio Version 17
VisualStudioVersion = 17.13.35931.197 d17.13
MinimumVisualStudioVersion = 10.0.40219.1
Project("{FAE04EC0-301F-11D3-BF4B-00C04F79EFBC}") = "Calculator.KacperZys", "Calculator.KacperZys\Calculator.KacperZys.csproj", "{F4B309FE-DE4B-42E2-91BD-140ECC22404D}"
EndProject
Project("{FAE04EC0-301F-11D3-BF4B-00C04F79EFBC}") = "CalculatorLibrary", "CalculatorLibrary\CalculatorLibrary.csproj", "{4229FDA6-DDD4-4B1D-B36A-FD27A0AE8894}"
EndProject
Global
	GlobalSection(SolutionConfigurationPlatforms) = preSolution
		Debug|Any CPU = Debug|Any CPU
		Release|Any CPU = Release|Any CPU
	EndGlobalSection
	GlobalSection(ProjectConfigurationPlatforms) = postSolution
		{F4B309FE-DE4B-42E2-91BD-140ECC22404D}.Debug|Any CPU.ActiveCfg = Debug|Any CPU
		{F4B309FE-DE4B-42E2-91BD-140ECC22404D}.Debug|Any CPU.Build.0 = Debug|Any CPU
		{F4B309FE-DE4B-42E2-91BD-140ECC22404D}.Release|Any CPU.ActiveCfg = Release|Any CPU
		{F4B309FE-DE4B-42E2-91BD-140ECC22404D}.Release|Any CPU.Build.0 = Release|Any CPU
		{4229FDA6-DDD4-4B1D-B36A-FD27A0AE8894}.Debug|Any CPU.ActiveCfg = Debug|Any CPU
		{4229FDA6-DDD4-4B1D-B36A-FD27A0AE8894}.Debug|Any CPU.Build.0 = Debug|Any CPU
		{4229FDA6-DDD4-4B1D-B36A-FD27A0AE8894}.Release|Any CPU.ActiveCfg = Release|Any CPU
		{4229FDA6-DDD4-4B1D-B36A-FD27A0AE8894}.Release|Any CPU.Build.0 = Release|Any CPU
	EndGlobalSection
	GlobalSection(SolutionProperties) = preSolution
		HideSolutionNode = FALSE
	EndGlobalSection
	GlobalSection(ExtensibilityGlobals) = postSolution
		SolutionGuid = {4677DEAF-B43B-435D-82D7-373E93E904EB}
	EndGlobalSection
EndGlobal
