
Microsoft Visual Studio Solution File, Format Version 12.00
# Visual Studio Version 17
VisualStudioVersion = 17.12.35527.113 d17.12
MinimumVisualStudioVersion = 10.0.40219.1
Project("{FAE04EC0-301F-11D3-BF4B-00C04F79EFBC}") = "Calculator.soboroach", "Calculator.soboroach\Calculator.soboroach.csproj", "{BB71290A-592F-4C76-9041-EBFD536647B5}"
EndProject
Project("{FAE04EC0-301F-11D3-BF4B-00C04F79EFBC}") = "CalculatorLibrary", "CalculatorLibrary\CalculatorLibrary.csproj", "{04A1B547-86E9-4424-B951-E04C4A25BBDC}"
EndProject
Global
	GlobalSection(SolutionConfigurationPlatforms) = preSolution
		Debug|Any CPU = Debug|Any CPU
		Release|Any CPU = Release|Any CPU
	EndGlobalSection
	GlobalSection(ProjectConfigurationPlatforms) = postSolution
		{BB71290A-592F-4C76-9041-EBFD536647B5}.Debug|Any CPU.ActiveCfg = Debug|Any CPU
		{BB71290A-592F-4C76-9041-EBFD536647B5}.Debug|Any CPU.Build.0 = Debug|Any CPU
		{BB71290A-592F-4C76-9041-EBFD536647B5}.Release|Any CPU.ActiveCfg = Release|Any CPU
		{BB71290A-592F-4C76-9041-EBFD536647B5}.Release|Any CPU.Build.0 = Release|Any CPU
		{04A1B547-86E9-4424-B951-E04C4A25BBDC}.Debug|Any CPU.ActiveCfg = Debug|Any CPU
		{04A1B547-86E9-4424-B951-E04C4A25BBDC}.Debug|Any CPU.Build.0 = Debug|Any CPU
		{04A1B547-86E9-4424-B951-E04C4A25BBDC}.Release|Any CPU.ActiveCfg = Release|Any CPU
		{04A1B547-86E9-4424-B951-E04C4A25BBDC}.Release|Any CPU.Build.0 = Release|Any CPU
	EndGlobalSection
	GlobalSection(SolutionProperties) = preSolution
		HideSolutionNode = FALSE
	EndGlobalSection
EndGlobal
