
Microsoft Visual Studio Solution File, Format Version 12.00
# Visual Studio Version 17
VisualStudioVersion = 17.4.33205.214
MinimumVisualStudioVersion = 10.0.40219.1
Project("{9A19103F-16F7-4668-BE54-9A1E7A4F7556}") = "Calculator", "Calculator.csproj", "{ECBD17BE-E37C-4240-B327-C900213969D1}"
EndProject
Project("{FAE04EC0-301F-11D3-BF4B-00C04F79EFBC}") = "CalculatorLibrary", "..\CalculatorLibrary\CalculatorLibrary.csproj", "{67057AF3-107C-4019-9983-FC733FD7B351}"
EndProject
Global
	GlobalSection(SolutionConfigurationPlatforms) = preSolution
		Debug|Any CPU = Debug|Any CPU
		Release|Any CPU = Release|Any CPU
	EndGlobalSection
	GlobalSection(ProjectConfigurationPlatforms) = postSolution
		{ECBD17BE-E37C-4240-B327-C900213969D1}.Debug|Any CPU.ActiveCfg = Debug|Any CPU
		{ECBD17BE-E37C-4240-B327-C900213969D1}.Debug|Any CPU.Build.0 = Debug|Any CPU
		{ECBD17BE-E37C-4240-B327-C900213969D1}.Release|Any CPU.ActiveCfg = Release|Any CPU
		{ECBD17BE-E37C-4240-B327-C900213969D1}.Release|Any CPU.Build.0 = Release|Any CPU
		{67057AF3-107C-4019-9983-FC733FD7B351}.Debug|Any CPU.ActiveCfg = Debug|Any CPU
		{67057AF3-107C-4019-9983-FC733FD7B351}.Debug|Any CPU.Build.0 = Debug|Any CPU
		{67057AF3-107C-4019-9983-FC733FD7B351}.Release|Any CPU.ActiveCfg = Release|Any CPU
		{67057AF3-107C-4019-9983-FC733FD7B351}.Release|Any CPU.Build.0 = Release|Any CPU
	EndGlobalSection
	GlobalSection(SolutionProperties) = preSolution
		HideSolutionNode = FALSE
	EndGlobalSection
	GlobalSection(ExtensibilityGlobals) = postSolution
		SolutionGuid = {E746B5C0-FBF8-44C0-8F3F-0DF42153E04B}
	EndGlobalSection
EndGlobal
