
Microsoft Visual Studio Solution File, Format Version 12.00
# Visual Studio Version 17
VisualStudioVersion = 17.7.34031.279
MinimumVisualStudioVersion = 10.0.40219.1
Project("{9A19103F-16F7-4668-BE54-9A1E7A4F7556}") = "Calculator", "Calculator\Calculator.csproj", "{B0ADF5F3-2FDB-44BB-9E4D-5C365B12C717}"
EndProject
Project("{9A19103F-16F7-4668-BE54-9A1E7A4F7556}") = "CalculatorLibrary", "CalculatorLibrary\CalculatorLibrary.csproj", "{304445D9-1F9E-4263-BF26-F2BF50FBE7DE}"
EndProject
Global
	GlobalSection(SolutionConfigurationPlatforms) = preSolution
		Debug|Any CPU = Debug|Any CPU
		Release|Any CPU = Release|Any CPU
	EndGlobalSection
	GlobalSection(ProjectConfigurationPlatforms) = postSolution
		{B0ADF5F3-2FDB-44BB-9E4D-5C365B12C717}.Debug|Any CPU.ActiveCfg = Debug|Any CPU
		{B0ADF5F3-2FDB-44BB-9E4D-5C365B12C717}.Debug|Any CPU.Build.0 = Debug|Any CPU
		{B0ADF5F3-2FDB-44BB-9E4D-5C365B12C717}.Release|Any CPU.ActiveCfg = Release|Any CPU
		{B0ADF5F3-2FDB-44BB-9E4D-5C365B12C717}.Release|Any CPU.Build.0 = Release|Any CPU
		{304445D9-1F9E-4263-BF26-F2BF50FBE7DE}.Debug|Any CPU.ActiveCfg = Debug|Any CPU
		{304445D9-1F9E-4263-BF26-F2BF50FBE7DE}.Debug|Any CPU.Build.0 = Debug|Any CPU
		{304445D9-1F9E-4263-BF26-F2BF50FBE7DE}.Release|Any CPU.ActiveCfg = Release|Any CPU
		{304445D9-1F9E-4263-BF26-F2BF50FBE7DE}.Release|Any CPU.Build.0 = Release|Any CPU
	EndGlobalSection
	GlobalSection(SolutionProperties) = preSolution
		HideSolutionNode = FALSE
	EndGlobalSection
	GlobalSection(ExtensibilityGlobals) = postSolution
		SolutionGuid = {A359C460-4B96-42E8-9D6C-52C9F272BA19}
	EndGlobalSection
EndGlobal
