
Microsoft Visual Studio Solution File, Format Version 12.00
# Visual Studio Version 17
VisualStudioVersion = 17.6.33829.357
MinimumVisualStudioVersion = 10.0.40219.1
Project("{9A19103F-16F7-4668-BE54-9A1E7A4F7556}") = "Calculator.TomDonegan", "Calculator.TomDonegan.csproj", "{C75281A7-F577-41B3-8124-9CFE7DB82B48}"
EndProject
Project("{9A19103F-16F7-4668-BE54-9A1E7A4F7556}") = "CalculatorLibrary", "..\CalculatorLibrary\CalculatorLibrary.csproj", "{0D6F7943-C46E-4743-ABA2-58A96F21DCCF}"
EndProject
Global
	GlobalSection(SolutionConfigurationPlatforms) = preSolution
		Debug|Any CPU = Debug|Any CPU
		Release|Any CPU = Release|Any CPU
	EndGlobalSection
	GlobalSection(ProjectConfigurationPlatforms) = postSolution
		{C75281A7-F577-41B3-8124-9CFE7DB82B48}.Debug|Any CPU.ActiveCfg = Debug|Any CPU
		{C75281A7-F577-41B3-8124-9CFE7DB82B48}.Debug|Any CPU.Build.0 = Debug|Any CPU
		{C75281A7-F577-41B3-8124-9CFE7DB82B48}.Release|Any CPU.ActiveCfg = Release|Any CPU
		{C75281A7-F577-41B3-8124-9CFE7DB82B48}.Release|Any CPU.Build.0 = Release|Any CPU
		{0D6F7943-C46E-4743-ABA2-58A96F21DCCF}.Debug|Any CPU.ActiveCfg = Debug|Any CPU
		{0D6F7943-C46E-4743-ABA2-58A96F21DCCF}.Debug|Any CPU.Build.0 = Debug|Any CPU
		{0D6F7943-C46E-4743-ABA2-58A96F21DCCF}.Release|Any CPU.ActiveCfg = Release|Any CPU
		{0D6F7943-C46E-4743-ABA2-58A96F21DCCF}.Release|Any CPU.Build.0 = Release|Any CPU
	EndGlobalSection
	GlobalSection(SolutionProperties) = preSolution
		HideSolutionNode = FALSE
	EndGlobalSection
	GlobalSection(ExtensibilityGlobals) = postSolution
		SolutionGuid = {942C1815-4275-4264-AFA6-2E10516C0D1C}
	EndGlobalSection
EndGlobal
