
Microsoft Visual Studio Solution File, Format Version 12.00
# Visual Studio Version 17
VisualStudioVersion = 17.12.35527.113
MinimumVisualStudioVersion = 10.0.40219.1
Project("{FAE04EC0-301F-11D3-BF4B-00C04F79EFBC}") = "calculator-console", "calculator-console\calculator-console.csproj", "{89AB4723-6588-49FC-9B9D-A0D55788FB62}"
EndProject
Project("{FAE04EC0-301F-11D3-BF4B-00C04F79EFBC}") = "CalculatorLibrary", "CalculatorLibrary\CalculatorLibrary.csproj", "{4946001D-6F9C-4037-9979-22508FEEAED0}"
EndProject
Project("{FAE04EC0-301F-11D3-BF4B-00C04F79EFBC}") = "CalculatorHistory", "CalculatorHistory\CalculatorHistory.csproj", "{799FA787-DF73-470C-8F8B-F2E9ED7CFAA0}"
EndProject
Global
	GlobalSection(SolutionConfigurationPlatforms) = preSolution
		Debug|Any CPU = Debug|Any CPU
		Release|Any CPU = Release|Any CPU
	EndGlobalSection
	GlobalSection(ProjectConfigurationPlatforms) = postSolution
		{89AB4723-6588-49FC-9B9D-A0D55788FB62}.Debug|Any CPU.ActiveCfg = Debug|Any CPU
		{89AB4723-6588-49FC-9B9D-A0D55788FB62}.Debug|Any CPU.Build.0 = Debug|Any CPU
		{89AB4723-6588-49FC-9B9D-A0D55788FB62}.Release|Any CPU.ActiveCfg = Release|Any CPU
		{89AB4723-6588-49FC-9B9D-A0D55788FB62}.Release|Any CPU.Build.0 = Release|Any CPU
		{4946001D-6F9C-4037-9979-22508FEEAED0}.Debug|Any CPU.ActiveCfg = Debug|Any CPU
		{4946001D-6F9C-4037-9979-22508FEEAED0}.Debug|Any CPU.Build.0 = Debug|Any CPU
		{4946001D-6F9C-4037-9979-22508FEEAED0}.Release|Any CPU.ActiveCfg = Release|Any CPU
		{4946001D-6F9C-4037-9979-22508FEEAED0}.Release|Any CPU.Build.0 = Release|Any CPU
		{799FA787-DF73-470C-8F8B-F2E9ED7CFAA0}.Debug|Any CPU.ActiveCfg = Debug|Any CPU
		{799FA787-DF73-470C-8F8B-F2E9ED7CFAA0}.Debug|Any CPU.Build.0 = Debug|Any CPU
		{799FA787-DF73-470C-8F8B-F2E9ED7CFAA0}.Release|Any CPU.ActiveCfg = Release|Any CPU
		{799FA787-DF73-470C-8F8B-F2E9ED7CFAA0}.Release|Any CPU.Build.0 = Release|Any CPU
	EndGlobalSection
	GlobalSection(SolutionProperties) = preSolution
		HideSolutionNode = FALSE
	EndGlobalSection
EndGlobal
