
Microsoft Visual Studio Solution File, Format Version 12.00
# Visual Studio Version 17
VisualStudioVersion = 17.5.33516.290
MinimumVisualStudioVersion = 10.0.40219.1
Project("{FAE04EC0-301F-11D3-BF4B-00C04F79EFBC}") = "Calculator.Wolffles", "Calculator.Wolffles.csproj", "{B0E89592-78A3-4A2E-8AD0-BF5C5A7A14EC}"
EndProject
Global
	GlobalSection(SolutionConfigurationPlatforms) = preSolution
		Debug|Any CPU = Debug|Any CPU
		Release|Any CPU = Release|Any CPU
	EndGlobalSection
	GlobalSection(ProjectConfigurationPlatforms) = postSolution
		{B0E89592-78A3-4A2E-8AD0-BF5C5A7A14EC}.Debug|Any CPU.ActiveCfg = Debug|Any CPU
		{B0E89592-78A3-4A2E-8AD0-BF5C5A7A14EC}.Debug|Any CPU.Build.0 = Debug|Any CPU
		{B0E89592-78A3-4A2E-8AD0-BF5C5A7A14EC}.Release|Any CPU.ActiveCfg = Release|Any CPU
		{B0E89592-78A3-4A2E-8AD0-BF5C5A7A14EC}.Release|Any CPU.Build.0 = Release|Any CPU
	EndGlobalSection
	GlobalSection(SolutionProperties) = preSolution
		HideSolutionNode = FALSE
	EndGlobalSection
	GlobalSection(ExtensibilityGlobals) = postSolution
		SolutionGuid = {DF94DBEE-60B5-411B-AF16-E18D340D06C9}
	EndGlobalSection
EndGlobal
