
Microsoft Visual Studio Solution File, Format Version 12.00
# Visual Studio Version 17
VisualStudioVersion = 17.6.33801.468
MinimumVisualStudioVersion = 10.0.40219.1
Project("{FAE04EC0-301F-11D3-BF4B-00C04F79EFBC}") = "Calculator DEVHAWKZ", "Calculator DEVHAWKZ\Calculator DEVHAWKZ.csproj", "{AA4B9674-E02F-42B4-AF1C-A75FF8CD5103}"
EndProject
Project("{FAE04EC0-301F-11D3-BF4B-00C04F79EFBC}") = "Calculator lib", "Calculator lib\Calculator lib.csproj", "{ED20A557-D7C3-4639-AC09-1BD97E7CE8A6}"
EndProject
Global
	GlobalSection(SolutionConfigurationPlatforms) = preSolution
		Debug|Any CPU = Debug|Any CPU
		Release|Any CPU = Release|Any CPU
	EndGlobalSection
	GlobalSection(ProjectConfigurationPlatforms) = postSolution
		{AA4B9674-E02F-42B4-AF1C-A75FF8CD5103}.Debug|Any CPU.ActiveCfg = Debug|Any CPU
		{AA4B9674-E02F-42B4-AF1C-A75FF8CD5103}.Debug|Any CPU.Build.0 = Debug|Any CPU
		{AA4B9674-E02F-42B4-AF1C-A75FF8CD5103}.Release|Any CPU.ActiveCfg = Release|Any CPU
		{AA4B9674-E02F-42B4-AF1C-A75FF8CD5103}.Release|Any CPU.Build.0 = Release|Any CPU
		{ED20A557-D7C3-4639-AC09-1BD97E7CE8A6}.Debug|Any CPU.ActiveCfg = Debug|Any CPU
		{ED20A557-D7C3-4639-AC09-1BD97E7CE8A6}.Debug|Any CPU.Build.0 = Debug|Any CPU
		{ED20A557-D7C3-4639-AC09-1BD97E7CE8A6}.Release|Any CPU.ActiveCfg = Release|Any CPU
		{ED20A557-D7C3-4639-AC09-1BD97E7CE8A6}.Release|Any CPU.Build.0 = Release|Any CPU
	EndGlobalSection
	GlobalSection(SolutionProperties) = preSolution
		HideSolutionNode = FALSE
	EndGlobalSection
	GlobalSection(ExtensibilityGlobals) = postSolution
		SolutionGuid = {42359FAB-A16E-463D-B997-FCDCBE9A1084}
	EndGlobalSection
EndGlobal
