
Microsoft Visual Studio Solution File, Format Version 12.00
# Visual Studio Version 17
VisualStudioVersion = 17.12.35527.113 d17.12
MinimumVisualStudioVersion = 10.0.40219.1
Project("{FAE04EC0-301F-11D3-BF4B-00C04F79EFBC}") = "Calculator", "Calculator\Calculator.csproj", "{49EE1741-DCAD-45EF-9393-749BF6EB9483}"
EndProject
Global
	GlobalSection(SolutionConfigurationPlatforms) = preSolution
		Debug|Any CPU = Debug|Any CPU
		Release|Any CPU = Release|Any CPU
	EndGlobalSection
	GlobalSection(ProjectConfigurationPlatforms) = postSolution
		{49EE1741-DCAD-45EF-9393-749BF6EB9483}.Debug|Any CPU.ActiveCfg = Debug|Any CPU
		{49EE1741-DCAD-45EF-9393-749BF6EB9483}.Debug|Any CPU.Build.0 = Debug|Any CPU
		{49EE1741-DCAD-45EF-9393-749BF6EB9483}.Release|Any CPU.ActiveCfg = Release|Any CPU
		{49EE1741-DCAD-45EF-9393-749BF6EB9483}.Release|Any CPU.Build.0 = Release|Any CPU
	EndGlobalSection
	GlobalSection(SolutionProperties) = preSolution
		HideSolutionNode = FALSE
	EndGlobalSection
EndGlobal
