
Microsoft Visual Studio Solution File, Format Version 12.00
# Visual Studio Version 17
VisualStudioVersion = 17.5.002.0
MinimumVisualStudioVersion = 10.0.40219.1
Project("{9A19103F-16F7-4668-BE54-9A1E7A4F7556}") = "CalculatorLibrary", "CalculatorLibrary.csproj", "{ED3C80BF-6A27-4F71-A1D6-F5FAC2464DED}"
EndProject
Global
	GlobalSection(SolutionConfigurationPlatforms) = preSolution
		Debug|Any CPU = Debug|Any CPU
		Release|Any CPU = Release|Any CPU
	EndGlobalSection
	GlobalSection(ProjectConfigurationPlatforms) = postSolution
		{ED3C80BF-6A27-4F71-A1D6-F5FAC2464DED}.Debug|Any CPU.ActiveCfg = Debug|Any CPU
		{ED3C80BF-6A27-4F71-A1D6-F5FAC2464DED}.Debug|Any CPU.Build.0 = Debug|Any CPU
		{ED3C80BF-6A27-4F71-A1D6-F5FAC2464DED}.Release|Any CPU.ActiveCfg = Release|Any CPU
		{ED3C80BF-6A27-4F71-A1D6-F5FAC2464DED}.Release|Any CPU.Build.0 = Release|Any CPU
	EndGlobalSection
	GlobalSection(SolutionProperties) = preSolution
		HideSolutionNode = FALSE
	EndGlobalSection
	GlobalSection(ExtensibilityGlobals) = postSolution
		SolutionGuid = {47C43041-49B8-4A27-BF97-B98AC60BF443}
	EndGlobalSection
EndGlobal
