
Microsoft Visual Studio Solution File, Format Version 12.00
# Visual Studio Version 17
VisualStudioVersion = 17.6.33723.286
MinimumVisualStudioVersion = 10.0.40219.1
Project("{FAE04EC0-301F-11D3-BF4B-00C04F79EFBC}") = "Calculator", "Calculator\Calculator.csproj", "{A523DDE8-9408-4B84-A312-846C78282489}"
EndProject
Project("{FAE04EC0-301F-11D3-BF4B-00C04F79EFBC}") = "CalculatorLibrary", "CalculatorLibrary\CalculatorLibrary.csproj", "{3E5F6EC1-B34B-436A-AB42-E545F977B98B}"
EndProject
Global
	GlobalSection(SolutionConfigurationPlatforms) = preSolution
		Debug|Any CPU = Debug|Any CPU
		Release|Any CPU = Release|Any CPU
	EndGlobalSection
	GlobalSection(ProjectConfigurationPlatforms) = postSolution
		{A523DDE8-9408-4B84-A312-846C78282489}.Debug|Any CPU.ActiveCfg = Debug|Any CPU
		{A523DDE8-9408-4B84-A312-846C78282489}.Debug|Any CPU.Build.0 = Debug|Any CPU
		{A523DDE8-9408-4B84-A312-846C78282489}.Release|Any CPU.ActiveCfg = Release|Any CPU
		{A523DDE8-9408-4B84-A312-846C78282489}.Release|Any CPU.Build.0 = Release|Any CPU
		{3E5F6EC1-B34B-436A-AB42-E545F977B98B}.Debug|Any CPU.ActiveCfg = Debug|Any CPU
		{3E5F6EC1-B34B-436A-AB42-E545F977B98B}.Debug|Any CPU.Build.0 = Debug|Any CPU
		{3E5F6EC1-B34B-436A-AB42-E545F977B98B}.Release|Any CPU.ActiveCfg = Release|Any CPU
		{3E5F6EC1-B34B-436A-AB42-E545F977B98B}.Release|Any CPU.Build.0 = Release|Any CPU
	EndGlobalSection
	GlobalSection(SolutionProperties) = preSolution
		HideSolutionNode = FALSE
	EndGlobalSection
	GlobalSection(ExtensibilityGlobals) = postSolution
		SolutionGuid = {580A7858-B287-4A18-8027-5F0E488D1373}
	EndGlobalSection
EndGlobal
