
Microsoft Visual Studio Solution File, Format Version 12.00
# Visual Studio Version 17
VisualStudioVersion = 17.13.35919.96 d17.13
MinimumVisualStudioVersion = 10.0.40219.1
Project("{FAE04EC0-301F-11D3-BF4B-00C04F79EFBC}") = "Calculator.Jasmine330", "Calculator.Jasmine330\Calculator.Jasmine330.csproj", "{B9F5AAD6-642B-4B36-9B31-0A0F2EB53DB2}"
EndProject
Project("{FAE04EC0-301F-11D3-BF4B-00C04F79EFBC}") = "CalculatorLibrary", "CalculatorLibrary\CalculatorLibrary.csproj", "{9FAE428A-3BE5-40E2-B04D-B9AB23C287A9}"
EndProject
Global
	GlobalSection(SolutionConfigurationPlatforms) = preSolution
		Debug|Any CPU = Debug|Any CPU
		Release|Any CPU = Release|Any CPU
	EndGlobalSection
	GlobalSection(ProjectConfigurationPlatforms) = postSolution
		{B9F5AAD6-642B-4B36-9B31-0A0F2EB53DB2}.Debug|Any CPU.ActiveCfg = Debug|Any CPU
		{B9F5AAD6-642B-4B36-9B31-0A0F2EB53DB2}.Debug|Any CPU.Build.0 = Debug|Any CPU
		{B9F5AAD6-642B-4B36-9B31-0A0F2EB53DB2}.Release|Any CPU.ActiveCfg = Release|Any CPU
		{B9F5AAD6-642B-4B36-9B31-0A0F2EB53DB2}.Release|Any CPU.Build.0 = Release|Any CPU
		{9FAE428A-3BE5-40E2-B04D-B9AB23C287A9}.Debug|Any CPU.ActiveCfg = Debug|Any CPU
		{9FAE428A-3BE5-40E2-B04D-B9AB23C287A9}.Debug|Any CPU.Build.0 = Debug|Any CPU
		{9FAE428A-3BE5-40E2-B04D-B9AB23C287A9}.Release|Any CPU.ActiveCfg = Release|Any CPU
		{9FAE428A-3BE5-40E2-B04D-B9AB23C287A9}.Release|Any CPU.Build.0 = Release|Any CPU
	EndGlobalSection
	GlobalSection(SolutionProperties) = preSolution
		HideSolutionNode = FALSE
	EndGlobalSection
	GlobalSection(ExtensibilityGlobals) = postSolution
		SolutionGuid = {861022BE-3FDC-4914-91A9-F1CA72526937}
	EndGlobalSection
EndGlobal
