
Microsoft Visual Studio Solution File, Format Version 12.00
# Visual Studio Version 17
VisualStudioVersion = 17.6.33829.357
MinimumVisualStudioVersion = 10.0.40219.1
Project("{9A19103F-16F7-4668-BE54-9A1E7A4F7556}") = "Calculator.StevieTV", "Calculator.StevieTV\Calculator.StevieTV.csproj", "{5EBE25C1-81F8-465C-9DA3-91B5396681B6}"
EndProject
Project("{FAE04EC0-301F-11D3-BF4B-00C04F79EFBC}") = "CalculatorLibrary", "CalculatorLibrary\CalculatorLibrary.csproj", "{28115E04-529B-4498-A61B-DA158999C379}"
EndProject
Global
	GlobalSection(SolutionConfigurationPlatforms) = preSolution
		Debug|Any CPU = Debug|Any CPU
		Release|Any CPU = Release|Any CPU
	EndGlobalSection
	GlobalSection(ProjectConfigurationPlatforms) = postSolution
		{5EBE25C1-81F8-465C-9DA3-91B5396681B6}.Debug|Any CPU.ActiveCfg = Debug|Any CPU
		{5EBE25C1-81F8-465C-9DA3-91B5396681B6}.Debug|Any CPU.Build.0 = Debug|Any CPU
		{5EBE25C1-81F8-465C-9DA3-91B5396681B6}.Release|Any CPU.ActiveCfg = Release|Any CPU
		{5EBE25C1-81F8-465C-9DA3-91B5396681B6}.Release|Any CPU.Build.0 = Release|Any CPU
		{28115E04-529B-4498-A61B-DA158999C379}.Debug|Any CPU.ActiveCfg = Debug|Any CPU
		{28115E04-529B-4498-A61B-DA158999C379}.Debug|Any CPU.Build.0 = Debug|Any CPU
		{28115E04-529B-4498-A61B-DA158999C379}.Release|Any CPU.ActiveCfg = Release|Any CPU
		{28115E04-529B-4498-A61B-DA158999C379}.Release|Any CPU.Build.0 = Release|Any CPU
	EndGlobalSection
	GlobalSection(SolutionProperties) = preSolution
		HideSolutionNode = FALSE
	EndGlobalSection
	GlobalSection(ExtensibilityGlobals) = postSolution
		SolutionGuid = {9138C966-F9B3-4BDE-861E-124106CA2A80}
	EndGlobalSection
EndGlobal
