
Microsoft Visual Studio Solution File, Format Version 12.00
# Visual Studio Version 17
VisualStudioVersion = 17.5.33516.290
MinimumVisualStudioVersion = 10.0.40219.1
Project("{FAE04EC0-301F-11D3-BF4B-00C04F79EFBC}") = "CalculatorConsole", "CalculatorConsole\CalculatorConsole.csproj", "{DB44F211-6A6B-4474-9E9E-5B721DF30CC9}"
EndProject
Project("{FAE04EC0-301F-11D3-BF4B-00C04F79EFBC}") = "CalculatorLibrary", "CalculatorLibrary\CalculatorLibrary.csproj", "{7ED93CDB-7D04-4EF5-930D-51C5BC6E737D}"
EndProject
Global
	GlobalSection(SolutionConfigurationPlatforms) = preSolution
		Debug|Any CPU = Debug|Any CPU
		Release|Any CPU = Release|Any CPU
	EndGlobalSection
	GlobalSection(ProjectConfigurationPlatforms) = postSolution
		{DB44F211-6A6B-4474-9E9E-5B721DF30CC9}.Debug|Any CPU.ActiveCfg = Debug|Any CPU
		{DB44F211-6A6B-4474-9E9E-5B721DF30CC9}.Debug|Any CPU.Build.0 = Debug|Any CPU
		{DB44F211-6A6B-4474-9E9E-5B721DF30CC9}.Release|Any CPU.ActiveCfg = Release|Any CPU
		{DB44F211-6A6B-4474-9E9E-5B721DF30CC9}.Release|Any CPU.Build.0 = Release|Any CPU
		{7ED93CDB-7D04-4EF5-930D-51C5BC6E737D}.Debug|Any CPU.ActiveCfg = Debug|Any CPU
		{7ED93CDB-7D04-4EF5-930D-51C5BC6E737D}.Debug|Any CPU.Build.0 = Debug|Any CPU
		{7ED93CDB-7D04-4EF5-930D-51C5BC6E737D}.Release|Any CPU.ActiveCfg = Release|Any CPU
		{7ED93CDB-7D04-4EF5-930D-51C5BC6E737D}.Release|Any CPU.Build.0 = Release|Any CPU
	EndGlobalSection
	GlobalSection(SolutionProperties) = preSolution
		HideSolutionNode = FALSE
	EndGlobalSection
	GlobalSection(ExtensibilityGlobals) = postSolution
		SolutionGuid = {EF568AF6-B10C-4010-8F6C-8655A2C87777}
	EndGlobalSection
EndGlobal
