
Microsoft Visual Studio Solution File, Format Version 12.00
# Visual Studio Version 17
VisualStudioVersion = 17.9.34728.123
MinimumVisualStudioVersion = 10.0.40219.1
Project("{FAE04EC0-301F-11D3-BF4B-00C04F79EFBC}") = "Calculator", "Calculator\Calculator.csproj", "{BE136D3F-005C-4B6C-B42A-8C4653C96445}"
EndProject
Project("{FAE04EC0-301F-11D3-BF4B-00C04F79EFBC}") = "CalculatorLibrary", "CalculatorLibrary\CalculatorLibrary.csproj", "{7211F7E9-0395-49F5-BB64-41900341A505}"
EndProject
Global
	GlobalSection(SolutionConfigurationPlatforms) = preSolution
		Debug|Any CPU = Debug|Any CPU
		Release|Any CPU = Release|Any CPU
	EndGlobalSection
	GlobalSection(ProjectConfigurationPlatforms) = postSolution
		{BE136D3F-005C-4B6C-B42A-8C4653C96445}.Debug|Any CPU.ActiveCfg = Debug|Any CPU
		{BE136D3F-005C-4B6C-B42A-8C4653C96445}.Debug|Any CPU.Build.0 = Debug|Any CPU
		{BE136D3F-005C-4B6C-B42A-8C4653C96445}.Release|Any CPU.ActiveCfg = Release|Any CPU
		{BE136D3F-005C-4B6C-B42A-8C4653C96445}.Release|Any CPU.Build.0 = Release|Any CPU
		{7211F7E9-0395-49F5-BB64-41900341A505}.Debug|Any CPU.ActiveCfg = Debug|Any CPU
		{7211F7E9-0395-49F5-BB64-41900341A505}.Debug|Any CPU.Build.0 = Debug|Any CPU
		{7211F7E9-0395-49F5-BB64-41900341A505}.Release|Any CPU.ActiveCfg = Release|Any CPU
		{7211F7E9-0395-49F5-BB64-41900341A505}.Release|Any CPU.Build.0 = Release|Any CPU
	EndGlobalSection
	GlobalSection(SolutionProperties) = preSolution
		HideSolutionNode = FALSE
	EndGlobalSection
	GlobalSection(ExtensibilityGlobals) = postSolution
		SolutionGuid = {EC7CCC9B-56F6-49A5-8972-672D9C1F6CB8}
	EndGlobalSection
EndGlobal
