
Microsoft Visual Studio Solution File, Format Version 12.00
# Visual Studio Version 17
VisualStudioVersion = 17.4.33213.308
MinimumVisualStudioVersion = 10.0.40219.1
Project("{FAE04EC0-301F-11D3-BF4B-00C04F79EFBC}") = "Calculator.famo7", "Calculator.famo7\Calculator.famo7.csproj", "{AE187E63-227C-4A1A-BB1D-83589ABD4C10}"
EndProject
Global
	GlobalSection(SolutionConfigurationPlatforms) = preSolution
		Debug|Any CPU = Debug|Any CPU
		Release|Any CPU = Release|Any CPU
	EndGlobalSection
	GlobalSection(ProjectConfigurationPlatforms) = postSolution
		{AE187E63-227C-4A1A-BB1D-83589ABD4C10}.Debug|Any CPU.ActiveCfg = Debug|Any CPU
		{AE187E63-227C-4A1A-BB1D-83589ABD4C10}.Debug|Any CPU.Build.0 = Debug|Any CPU
		{AE187E63-227C-4A1A-BB1D-83589ABD4C10}.Release|Any CPU.ActiveCfg = Release|Any CPU
		{AE187E63-227C-4A1A-BB1D-83589ABD4C10}.Release|Any CPU.Build.0 = Release|Any CPU
	EndGlobalSection
	GlobalSection(SolutionProperties) = preSolution
		HideSolutionNode = FALSE
	EndGlobalSection
	GlobalSection(ExtensibilityGlobals) = postSolution
		SolutionGuid = {0078A243-4EF6-45DE-9478-81849DD94F0C}
	EndGlobalSection
EndGlobal
