
Microsoft Visual Studio Solution File, Format Version 12.00
# Visual Studio Version 17
VisualStudioVersion = 17.8.34330.188
MinimumVisualStudioVersion = 10.0.40219.1
Project("{9A19103F-16F7-4668-BE54-9A1E7A4F7556}") = "Calculator", "Calculator\Calculator.csproj", "{78C315CE-509C-4F01-9CA8-ABE5C9A08567}"
EndProject
Project("{FAE04EC0-301F-11D3-BF4B-00C04F79EFBC}") = "CalculatorLibrary", "CalculatorLibrary\CalculatorLibrary.csproj", "{BBBB025F-7985-4E25-935F-813E67507104}"
EndProject
Global
	GlobalSection(SolutionConfigurationPlatforms) = preSolution
		Debug|Any CPU = Debug|Any CPU
		Release|Any CPU = Release|Any CPU
	EndGlobalSection
	GlobalSection(ProjectConfigurationPlatforms) = postSolution
		{78C315CE-509C-4F01-9CA8-ABE5C9A08567}.Debug|Any CPU.ActiveCfg = Debug|Any CPU
		{78C315CE-509C-4F01-9CA8-ABE5C9A08567}.Debug|Any CPU.Build.0 = Debug|Any CPU
		{78C315CE-509C-4F01-9CA8-ABE5C9A08567}.Release|Any CPU.ActiveCfg = Release|Any CPU
		{78C315CE-509C-4F01-9CA8-ABE5C9A08567}.Release|Any CPU.Build.0 = Release|Any CPU
		{BBBB025F-7985-4E25-935F-813E67507104}.Debug|Any CPU.ActiveCfg = Debug|Any CPU
		{BBBB025F-7985-4E25-935F-813E67507104}.Debug|Any CPU.Build.0 = Debug|Any CPU
		{BBBB025F-7985-4E25-935F-813E67507104}.Release|Any CPU.ActiveCfg = Release|Any CPU
		{BBBB025F-7985-4E25-935F-813E67507104}.Release|Any CPU.Build.0 = Release|Any CPU
	EndGlobalSection
	GlobalSection(SolutionProperties) = preSolution
		HideSolutionNode = FALSE
	EndGlobalSection
	GlobalSection(ExtensibilityGlobals) = postSolution
		SolutionGuid = {CA449BC4-D9AC-4F7E-A00D-1E45445477C5}
	EndGlobalSection
EndGlobal
