
Microsoft Visual Studio Solution File, Format Version 12.00
# Visual Studio Version 17
VisualStudioVersion = 17.5.002.0
MinimumVisualStudioVersion = 10.0.40219.1
Project("{9A19103F-16F7-4668-BE54-9A1E7A4F7556}") = "Calculator.dinara54", "Calculator.dinara54\Calculator.dinara54.csproj", "{E1D68BE1-82A8-4730-B181-646E302E44F9}"
EndProject
Project("{FAE04EC0-301F-11D3-BF4B-00C04F79EFBC}") = "CalculatorLibrary", "CalculatorLibrary\CalculatorLibrary.csproj", "{B01ADD8D-077E-446C-9E00-A7C6A7B17202}"
EndProject
Global
	GlobalSection(SolutionConfigurationPlatforms) = preSolution
		Debug|Any CPU = Debug|Any CPU
		Release|Any CPU = Release|Any CPU
	EndGlobalSection
	GlobalSection(ProjectConfigurationPlatforms) = postSolution
		{E1D68BE1-82A8-4730-B181-646E302E44F9}.Debug|Any CPU.ActiveCfg = Debug|Any CPU
		{E1D68BE1-82A8-4730-B181-646E302E44F9}.Debug|Any CPU.Build.0 = Debug|Any CPU
		{E1D68BE1-82A8-4730-B181-646E302E44F9}.Release|Any CPU.ActiveCfg = Release|Any CPU
		{E1D68BE1-82A8-4730-B181-646E302E44F9}.Release|Any CPU.Build.0 = Release|Any CPU
		{B01ADD8D-077E-446C-9E00-A7C6A7B17202}.Debug|Any CPU.ActiveCfg = Debug|Any CPU
		{B01ADD8D-077E-446C-9E00-A7C6A7B17202}.Debug|Any CPU.Build.0 = Debug|Any CPU
		{B01ADD8D-077E-446C-9E00-A7C6A7B17202}.Release|Any CPU.ActiveCfg = Release|Any CPU
		{B01ADD8D-077E-446C-9E00-A7C6A7B17202}.Release|Any CPU.Build.0 = Release|Any CPU
	EndGlobalSection
	GlobalSection(SolutionProperties) = preSolution
		HideSolutionNode = FALSE
	EndGlobalSection
	GlobalSection(ExtensibilityGlobals) = postSolution
		SolutionGuid = {1B97928B-96CE-4D04-BEFE-E6A31928553C}
	EndGlobalSection
EndGlobal
