
Microsoft Visual Studio Solution File, Format Version 12.00
# Visual Studio Version 17
VisualStudioVersion = 17.4.33213.308
MinimumVisualStudioVersion = 10.0.40219.1
Project("{FAE04EC0-301F-11D3-BF4B-00C04F79EFBC}") = "Calculator.rthring", "Calculator.rthring\Calculator.rthring.csproj", "{FC9C2119-2176-4F83-B583-B39A35877A79}"
EndProject
Global
	GlobalSection(SolutionConfigurationPlatforms) = preSolution
		Debug|Any CPU = Debug|Any CPU
		Release|Any CPU = Release|Any CPU
	EndGlobalSection
	GlobalSection(ProjectConfigurationPlatforms) = postSolution
		{FC9C2119-2176-4F83-B583-B39A35877A79}.Debug|Any CPU.ActiveCfg = Debug|Any CPU
		{FC9C2119-2176-4F83-B583-B39A35877A79}.Debug|Any CPU.Build.0 = Debug|Any CPU
		{FC9C2119-2176-4F83-B583-B39A35877A79}.Release|Any CPU.ActiveCfg = Release|Any CPU
		{FC9C2119-2176-4F83-B583-B39A35877A79}.Release|Any CPU.Build.0 = Release|Any CPU
	EndGlobalSection
	GlobalSection(SolutionProperties) = preSolution
		HideSolutionNode = FALSE
	EndGlobalSection
	GlobalSection(ExtensibilityGlobals) = postSolution
		SolutionGuid = {BA8E6867-3087-4AA3-875F-BC15766BCFAF}
	EndGlobalSection
EndGlobal
