
Microsoft Visual Studio Solution File, Format Version 12.00
# Visual Studio Version 17
VisualStudioVersion = 17.5.33530.505
MinimumVisualStudioVersion = 10.0.40219.1
Project("{9A19103F-16F7-4668-BE54-9A1E7A4F7556}") = "Calculator.barakisbrown", "Calculator.barakisbrown\Calculator.barakisbrown.csproj", "{D8B0E46C-9F56-436B-ADF4-9405FBC3DC4B}"
EndProject
Project("{FAE04EC0-301F-11D3-BF4B-00C04F79EFBC}") = "CalculatorLibrary", "CalculatorLibrary\CalculatorLibrary.csproj", "{30D84373-DA31-4E6D-A7EB-BB7F65CE5DBF}"
EndProject
Global
	GlobalSection(SolutionConfigurationPlatforms) = preSolution
		Debug|Any CPU = Debug|Any CPU
		Release|Any CPU = Release|Any CPU
	EndGlobalSection
	GlobalSection(ProjectConfigurationPlatforms) = postSolution
		{D8B0E46C-9F56-436B-ADF4-9405FBC3DC4B}.Debug|Any CPU.ActiveCfg = Debug|Any CPU
		{D8B0E46C-9F56-436B-ADF4-9405FBC3DC4B}.Debug|Any CPU.Build.0 = Debug|Any CPU
		{D8B0E46C-9F56-436B-ADF4-9405FBC3DC4B}.Release|Any CPU.ActiveCfg = Release|Any CPU
		{D8B0E46C-9F56-436B-ADF4-9405FBC3DC4B}.Release|Any CPU.Build.0 = Release|Any CPU
		{30D84373-DA31-4E6D-A7EB-BB7F65CE5DBF}.Debug|Any CPU.ActiveCfg = Debug|Any CPU
		{30D84373-DA31-4E6D-A7EB-BB7F65CE5DBF}.Debug|Any CPU.Build.0 = Debug|Any CPU
		{30D84373-DA31-4E6D-A7EB-BB7F65CE5DBF}.Release|Any CPU.ActiveCfg = Release|Any CPU
		{30D84373-DA31-4E6D-A7EB-BB7F65CE5DBF}.Release|Any CPU.Build.0 = Release|Any CPU
	EndGlobalSection
	GlobalSection(SolutionProperties) = preSolution
		HideSolutionNode = FALSE
	EndGlobalSection
	GlobalSection(ExtensibilityGlobals) = postSolution
		SolutionGuid = {00220C00-146F-45DC-A386-A71A89A33D09}
	EndGlobalSection
EndGlobal
