
Microsoft Visual Studio Solution File, Format Version 12.00
# Visual Studio Version 17
VisualStudioVersion = 17.10.34607.79
MinimumVisualStudioVersion = 10.0.40219.1
Project("{FAE04EC0-301F-11D3-BF4B-00C04F79EFBC}") = "Calculator_App", "Calculator_App.csproj", "{55FE9082-C3A2-44A5-AD93-A8D456FE5D9B}"
EndProject
Project("{FAE04EC0-301F-11D3-BF4B-00C04F79EFBC}") = "CalculatorLibrary", "..\CalculatorLibrary\CalculatorLibrary.csproj", "{0665E848-09C9-469E-9889-784996A0F9E5}"
EndProject
Global
	GlobalSection(SolutionConfigurationPlatforms) = preSolution
		Debug|Any CPU = Debug|Any CPU
		Release|Any CPU = Release|Any CPU
	EndGlobalSection
	GlobalSection(ProjectConfigurationPlatforms) = postSolution
		{55FE9082-C3A2-44A5-AD93-A8D456FE5D9B}.Debug|Any CPU.ActiveCfg = Debug|Any CPU
		{55FE9082-C3A2-44A5-AD93-A8D456FE5D9B}.Debug|Any CPU.Build.0 = Debug|Any CPU
		{55FE9082-C3A2-44A5-AD93-A8D456FE5D9B}.Release|Any CPU.ActiveCfg = Release|Any CPU
		{55FE9082-C3A2-44A5-AD93-A8D456FE5D9B}.Release|Any CPU.Build.0 = Release|Any CPU
		{0665E848-09C9-469E-9889-784996A0F9E5}.Debug|Any CPU.ActiveCfg = Debug|Any CPU
		{0665E848-09C9-469E-9889-784996A0F9E5}.Debug|Any CPU.Build.0 = Debug|Any CPU
		{0665E848-09C9-469E-9889-784996A0F9E5}.Release|Any CPU.ActiveCfg = Release|Any CPU
		{0665E848-09C9-469E-9889-784996A0F9E5}.Release|Any CPU.Build.0 = Release|Any CPU
	EndGlobalSection
	GlobalSection(SolutionProperties) = preSolution
		HideSolutionNode = FALSE
	EndGlobalSection
	GlobalSection(ExtensibilityGlobals) = postSolution
		SolutionGuid = {72D6C872-E7A5-4844-BDAC-C3EBBA37FBDB}
	EndGlobalSection
EndGlobal
