
Microsoft Visual Studio Solution File, Format Version 12.00
# Visual Studio Version 17
VisualStudioVersion = 17.11.35327.3
MinimumVisualStudioVersion = 10.0.40219.1
Project("{9A19103F-16F7-4668-BE54-9A1E7A4F7556}") = "lmatiz.Calculator", "lmatiz.Calculator\lmatiz.Calculator.csproj", "{47C4AB32-3438-4F68-8AC4-33F83FA0BF5D}"
EndProject
Project("{FAE04EC0-301F-11D3-BF4B-00C04F79EFBC}") = "CalculatorLibrary", "CalculatorLibrary\CalculatorLibrary.csproj", "{38831CA4-2E21-475E-8E4C-597E13F11E49}"
EndProject
Global
	GlobalSection(SolutionConfigurationPlatforms) = preSolution
		Debug|Any CPU = Debug|Any CPU
		Release|Any CPU = Release|Any CPU
	EndGlobalSection
	GlobalSection(ProjectConfigurationPlatforms) = postSolution
		{47C4AB32-3438-4F68-8AC4-33F83FA0BF5D}.Debug|Any CPU.ActiveCfg = Debug|Any CPU
		{47C4AB32-3438-4F68-8AC4-33F83FA0BF5D}.Debug|Any CPU.Build.0 = Debug|Any CPU
		{47C4AB32-3438-4F68-8AC4-33F83FA0BF5D}.Release|Any CPU.ActiveCfg = Release|Any CPU
		{47C4AB32-3438-4F68-8AC4-33F83FA0BF5D}.Release|Any CPU.Build.0 = Release|Any CPU
		{38831CA4-2E21-475E-8E4C-597E13F11E49}.Debug|Any CPU.ActiveCfg = Debug|Any CPU
		{38831CA4-2E21-475E-8E4C-597E13F11E49}.Debug|Any CPU.Build.0 = Debug|Any CPU
		{38831CA4-2E21-475E-8E4C-597E13F11E49}.Release|Any CPU.ActiveCfg = Release|Any CPU
		{38831CA4-2E21-475E-8E4C-597E13F11E49}.Release|Any CPU.Build.0 = Release|Any CPU
	EndGlobalSection
	GlobalSection(SolutionProperties) = preSolution
		HideSolutionNode = FALSE
	EndGlobalSection
	GlobalSection(ExtensibilityGlobals) = postSolution
		SolutionGuid = {14CC5067-0A54-4B1A-A91F-71C528C7FF09}
	EndGlobalSection
EndGlobal
