
Microsoft Visual Studio Solution File, Format Version 12.00
# Visual Studio Version 17
VisualStudioVersion = 17.5.33516.290
MinimumVisualStudioVersion = 10.0.40219.1
Project("{FAE04EC0-301F-11D3-BF4B-00C04F79EFBC}") = "Calculator.msimmons1313", "Calculator.msimmons1313.csproj", "{80017E39-6DDD-4D17-8DF1-A0D64F968661}"
EndProject
Project("{FAE04EC0-301F-11D3-BF4B-00C04F79EFBC}") = "CalculatorLibrary", "..\CalculatorLibrary\CalculatorLibrary.csproj", "{3C568589-3178-4150-AA06-BD6478DB1070}"
EndProject
Global
	GlobalSection(SolutionConfigurationPlatforms) = preSolution
		Debug|Any CPU = Debug|Any CPU
		Release|Any CPU = Release|Any CPU
	EndGlobalSection
	GlobalSection(ProjectConfigurationPlatforms) = postSolution
		{80017E39-6DDD-4D17-8DF1-A0D64F968661}.Debug|Any CPU.ActiveCfg = Debug|Any CPU
		{80017E39-6DDD-4D17-8DF1-A0D64F968661}.Debug|Any CPU.Build.0 = Debug|Any CPU
		{80017E39-6DDD-4D17-8DF1-A0D64F968661}.Release|Any CPU.ActiveCfg = Release|Any CPU
		{80017E39-6DDD-4D17-8DF1-A0D64F968661}.Release|Any CPU.Build.0 = Release|Any CPU
		{3C568589-3178-4150-AA06-BD6478DB1070}.Debug|Any CPU.ActiveCfg = Debug|Any CPU
		{3C568589-3178-4150-AA06-BD6478DB1070}.Debug|Any CPU.Build.0 = Debug|Any CPU
		{3C568589-3178-4150-AA06-BD6478DB1070}.Release|Any CPU.ActiveCfg = Release|Any CPU
		{3C568589-3178-4150-AA06-BD6478DB1070}.Release|Any CPU.Build.0 = Release|Any CPU
	EndGlobalSection
	GlobalSection(SolutionProperties) = preSolution
		HideSolutionNode = FALSE
	EndGlobalSection
	GlobalSection(ExtensibilityGlobals) = postSolution
		SolutionGuid = {438F261C-223C-4D65-B431-DFA790403B89}
	EndGlobalSection
EndGlobal
