
Microsoft Visual Studio Solution File, Format Version 12.00
# Visual Studio Version 17
VisualStudioVersion = 17.5.33516.290
MinimumVisualStudioVersion = 10.0.40219.1
Project("{FAE04EC0-301F-11D3-BF4B-00C04F79EFBC}") = "MiroiuDev.Calculator", "MiroiuDev.Calculator.csproj", "{4645F258-5D6E-4BF9-A37C-3165628F02C9}"
EndProject
Project("{FAE04EC0-301F-11D3-BF4B-00C04F79EFBC}") = "CalculatorLibrary", "..\CalculatorLibrary\CalculatorLibrary.csproj", "{EC642EC8-A524-4564-BB64-8B89446487D6}"
EndProject
Global
	GlobalSection(SolutionConfigurationPlatforms) = preSolution
		Debug|Any CPU = Debug|Any CPU
		Release|Any CPU = Release|Any CPU
	EndGlobalSection
	GlobalSection(ProjectConfigurationPlatforms) = postSolution
		{4645F258-5D6E-4BF9-A37C-3165628F02C9}.Debug|Any CPU.ActiveCfg = Debug|Any CPU
		{4645F258-5D6E-4BF9-A37C-3165628F02C9}.Debug|Any CPU.Build.0 = Debug|Any CPU
		{4645F258-5D6E-4BF9-A37C-3165628F02C9}.Release|Any CPU.ActiveCfg = Release|Any CPU
		{4645F258-5D6E-4BF9-A37C-3165628F02C9}.Release|Any CPU.Build.0 = Release|Any CPU
		{EC642EC8-A524-4564-BB64-8B89446487D6}.Debug|Any CPU.ActiveCfg = Debug|Any CPU
		{EC642EC8-A524-4564-BB64-8B89446487D6}.Debug|Any CPU.Build.0 = Debug|Any CPU
		{EC642EC8-A524-4564-BB64-8B89446487D6}.Release|Any CPU.ActiveCfg = Release|Any CPU
		{EC642EC8-A524-4564-BB64-8B89446487D6}.Release|Any CPU.Build.0 = Release|Any CPU
	EndGlobalSection
	GlobalSection(SolutionProperties) = preSolution
		HideSolutionNode = FALSE
	EndGlobalSection
	GlobalSection(ExtensibilityGlobals) = postSolution
		SolutionGuid = {F9EB927F-5226-4A79-8E7D-60891D8403AB}
	EndGlobalSection
EndGlobal
