
Microsoft Visual Studio Solution File, Format Version 12.00
# Visual Studio Version 17
VisualStudioVersion = 17.3.32819.101
MinimumVisualStudioVersion = 10.0.40219.1
Project("{9A19103F-16F7-4668-BE54-9A1E7A4F7556}") = "Calculator", "ConsoleCalculator\Calculator.csproj", "{B695E8B1-9D87-423F-9C9D-87F296021195}"
EndProject
Project("{FAE04EC0-301F-11D3-BF4B-00C04F79EFBC}") = "CalculatorLibrary", "CalculatorLibrary\CalculatorLibrary.csproj", "{EAAE645F-D189-4FD2-8BD8-E1B8C0C24D69}"
EndProject
Global
	GlobalSection(SolutionConfigurationPlatforms) = preSolution
		Debug|Any CPU = Debug|Any CPU
		Release|Any CPU = Release|Any CPU
	EndGlobalSection
	GlobalSection(ProjectConfigurationPlatforms) = postSolution
		{B695E8B1-9D87-423F-9C9D-87F296021195}.Debug|Any CPU.ActiveCfg = Debug|Any CPU
		{B695E8B1-9D87-423F-9C9D-87F296021195}.Debug|Any CPU.Build.0 = Debug|Any CPU
		{B695E8B1-9D87-423F-9C9D-87F296021195}.Release|Any CPU.ActiveCfg = Release|Any CPU
		{B695E8B1-9D87-423F-9C9D-87F296021195}.Release|Any CPU.Build.0 = Release|Any CPU
		{EAAE645F-D189-4FD2-8BD8-E1B8C0C24D69}.Debug|Any CPU.ActiveCfg = Debug|Any CPU
		{EAAE645F-D189-4FD2-8BD8-E1B8C0C24D69}.Debug|Any CPU.Build.0 = Debug|Any CPU
		{EAAE645F-D189-4FD2-8BD8-E1B8C0C24D69}.Release|Any CPU.ActiveCfg = Release|Any CPU
		{EAAE645F-D189-4FD2-8BD8-E1B8C0C24D69}.Release|Any CPU.Build.0 = Release|Any CPU
	EndGlobalSection
	GlobalSection(SolutionProperties) = preSolution
		HideSolutionNode = FALSE
	EndGlobalSection
	GlobalSection(ExtensibilityGlobals) = postSolution
		SolutionGuid = {27FB8744-7991-4463-A1FB-389EFA7F9799}
	EndGlobalSection
EndGlobal
