
Microsoft Visual Studio Solution File, Format Version 12.00
# Visual Studio Version 17
VisualStudioVersion = 17.0.31903.59
MinimumVisualStudioVersion = 10.0.40219.1
Project("{FAE04EC0-301F-11D3-BF4B-00C04F79EFBC}") = "calculator", "calculator\calculator.csproj", "{374768E8-3210-4121-AEB2-0BA2BACFD6A2}"
EndProject
Project("{FAE04EC0-301F-11D3-BF4B-00C04F79EFBC}") = "calculatorlibrary", "calculatorlibrary\calculatorlibrary.csproj", "{C2B24650-B18F-479B-A0B4-13D2741A1846}"
EndProject
Global
	GlobalSection(SolutionConfigurationPlatforms) = preSolution
		Debug|Any CPU = Debug|Any CPU
		Release|Any CPU = Release|Any CPU
	EndGlobalSection
	GlobalSection(SolutionProperties) = preSolution
		HideSolutionNode = FALSE
	EndGlobalSection
	GlobalSection(ProjectConfigurationPlatforms) = postSolution
		{374768E8-3210-4121-AEB2-0BA2BACFD6A2}.Debug|Any CPU.ActiveCfg = Debug|Any CPU
		{374768E8-3210-4121-AEB2-0BA2BACFD6A2}.Debug|Any CPU.Build.0 = Debug|Any CPU
		{374768E8-3210-4121-AEB2-0BA2BACFD6A2}.Release|Any CPU.ActiveCfg = Release|Any CPU
		{374768E8-3210-4121-AEB2-0BA2BACFD6A2}.Release|Any CPU.Build.0 = Release|Any CPU
		{C2B24650-B18F-479B-A0B4-13D2741A1846}.Debug|Any CPU.ActiveCfg = Debug|Any CPU
		{C2B24650-B18F-479B-A0B4-13D2741A1846}.Debug|Any CPU.Build.0 = Debug|Any CPU
		{C2B24650-B18F-479B-A0B4-13D2741A1846}.Release|Any CPU.ActiveCfg = Release|Any CPU
		{C2B24650-B18F-479B-A0B4-13D2741A1846}.Release|Any CPU.Build.0 = Release|Any CPU
	EndGlobalSection
EndGlobal
