
Microsoft Visual Studio Solution File, Format Version 12.00
# Visual Studio Version 17
VisualStudioVersion = 17.8.34525.116
MinimumVisualStudioVersion = 10.0.40219.1
Project("{FAE04EC0-301F-11D3-BF4B-00C04F79EFBC}") = "Pugnetta.Calculator", "Pugnetta.Calculator\Pugnetta.Calculator.csproj", "{C66904C9-F919-48CD-AB73-79955CD74A1B}"
EndProject
Global
	GlobalSection(SolutionConfigurationPlatforms) = preSolution
		Debug|Any CPU = Debug|Any CPU
		Release|Any CPU = Release|Any CPU
	EndGlobalSection
	GlobalSection(ProjectConfigurationPlatforms) = postSolution
		{C66904C9-F919-48CD-AB73-79955CD74A1B}.Debug|Any CPU.ActiveCfg = Debug|Any CPU
		{C66904C9-F919-48CD-AB73-79955CD74A1B}.Debug|Any CPU.Build.0 = Debug|Any CPU
		{C66904C9-F919-48CD-AB73-79955CD74A1B}.Release|Any CPU.ActiveCfg = Release|Any CPU
		{C66904C9-F919-48CD-AB73-79955CD74A1B}.Release|Any CPU.Build.0 = Release|Any CPU
	EndGlobalSection
	GlobalSection(SolutionProperties) = preSolution
		HideSolutionNode = FALSE
	EndGlobalSection
	GlobalSection(ExtensibilityGlobals) = postSolution
		SolutionGuid = {B96351F9-CD17-4B94-8384-69C997E55C05}
	EndGlobalSection
EndGlobal
